{
  "version": 4,
  "terraform_version": "1.14.1",
  "serial": 303,
  "lineage": "899f23e1-1c12-231f-e34b-0f29dabac098",
  "outputs": {
    "project_id": {
      "value": "ft-iac-deux-39878",
      "type": "string"
    },
    "public_ip": {
      "value": "34.54.254.140",
      "type": "string"
    },
    "public_ip_http": {
      "value": "34.54.254.140",
      "type": "string"
    }
  },
  "resources": [
    {
      "module": "module.autoscaling",
      "mode": "managed",
      "type": "google_compute_instance_template",
      "name": "app_template",
      "provider": "provider[\"registry.terraform.io/hashicorp/google\"]",
      "instances": [
        {
          "schema_version": 1,
          "attributes": {
            "advanced_machine_features": [],
            "can_ip_forward": false,
            "confidential_instance_config": [],
            "creation_timestamp": "2025-12-11T02:16:15.232-08:00",
            "description": "",
            "disk": [
              {
                "architecture": "",
                "auto_delete": true,
                "boot": true,
                "device_name": "persistent-disk-0",
                "disk_encryption_key": [],
                "disk_name": "",
                "disk_size_gb": 0,
                "disk_type": "pd-standard",
                "guest_os_features": [],
                "interface": "",
                "labels": {},
                "mode": "READ_WRITE",
                "provisioned_iops": 0,
                "provisioned_throughput": 0,
                "resource_manager_tags": {},
                "resource_policies": [],
                "source": "",
                "source_image": "projects/ubuntu-os-cloud/global/images/family/ubuntu-2204-lts",
                "source_image_encryption_key": [],
                "source_snapshot": "",
                "source_snapshot_encryption_key": [],
                "type": "PERSISTENT"
              }
            ],
            "effective_labels": {
              "goog-terraform-provisioned": "true"
            },
            "guest_accelerator": [],
            "id": "projects/ft-iac-deux-39878/global/instanceTemplates/ft-iac-deux-template-20251211101614448800000001",
            "instance_description": "",
            "key_revocation_action_type": "",
            "labels": {},
            "machine_type": "e2-small",
            "metadata": {},
            "metadata_fingerprint": "MLGrwVeutmg=",
            "metadata_startup_script": "#!/bin/bash\n\nwait_for_apt() {\n  TIMEOUT=120\n  START_TIME=$(date +%s)\n  while ! apt-get update \u003e/dev/null 2\u003e\u00261 \u0026\u0026 [ $(( $(date +%s) - $START_TIME )) -lt $TIMEOUT ]; do\n    echo \"Waiting for apt lock to clear...\"\n    sleep 5\n  done\n}\n\necho \"Starting user-data script execution...\" \u003e\u003e /var/log/cloud-init-output.log\n\nwait_for_apt\napt-get update -y\necho \"APT update finished.\" \u003e\u003e /var/log/cloud-init-output.log\n\napt-get install -y docker.io docker-compose -qqy \necho \"Docker installed.\" \u003e\u003e /var/log/cloud-init-output.log\n\nsystemctl start docker\nsystemctl enable docker\necho \"Docker service started and enabled.\" \u003e\u003e /var/log/cloud-init-output.log\n\nsleep 10 \n\necho \"Launching app...\" \u003e\u003e /var/log/cloud-init-output.log\n\ndocker run -d -p 80:3000 \\\n  -e MYSQL_HOST=10.79.0.3 \\\n  -e MYSQL_USER=ft-iac-deux-user \\\n  -e MYSQL_PASSWORD=UyOhnRlJBUtQApXtqAGJ \\\n  -e MYSQL_DATABASE=ft-iac-deux-db \\\n  -e MYSQL_PORT=3306 \\\n  -e DB_INIT_SYNC=true \\\n  --name my-app \\\n  iksm69/ft_iac_app:latest\n\necho \"Application launched.\" \u003e\u003e /var/log/cloud-init-output.log\n\necho \"User-data script finished successfully.\" \u003e\u003e /var/log/cloud-init-output.log",
            "min_cpu_platform": "",
            "name": "ft-iac-deux-template-20251211101614448800000001",
            "name_prefix": "ft-iac-deux-template-",
            "network_interface": [
              {
                "access_config": [],
                "alias_ip_range": [],
                "internal_ipv6_prefix_length": 0,
                "ipv6_access_config": [],
                "ipv6_access_type": "",
                "ipv6_address": "",
                "name": "nic0",
                "network": "https://www.googleapis.com/compute/v1/projects/ft-iac-deux-39878/global/networks/ft-iac-deux-vpc",
                "network_ip": "",
                "nic_type": "",
                "queue_count": 0,
                "stack_type": "",
                "subnetwork": "https://www.googleapis.com/compute/v1/projects/ft-iac-deux-39878/regions/us-central1/subnetworks/ft-iac-deux-subnet",
                "subnetwork_project": "ft-iac-deux-39878"
              }
            ],
            "network_performance_config": [],
            "numeric_id": "2967743617736058625",
            "project": "ft-iac-deux-39878",
            "region": "us-central1",
            "reservation_affinity": [],
            "resource_manager_tags": null,
            "resource_policies": null,
            "scheduling": [
              {
                "automatic_restart": true,
                "availability_domain": 0,
                "instance_termination_action": "",
                "local_ssd_recovery_timeout": [],
                "max_run_duration": [],
                "min_node_cpus": 0,
                "node_affinities": [],
                "on_host_maintenance": "MIGRATE",
                "on_instance_stop_action": [],
                "preemptible": false,
                "provisioning_model": "STANDARD",
                "termination_time": ""
              }
            ],
            "self_link": "https://www.googleapis.com/compute/v1/projects/ft-iac-deux-39878/global/instanceTemplates/ft-iac-deux-template-20251211101614448800000001",
            "self_link_unique": "https://www.googleapis.com/compute/v1/projects/ft-iac-deux-39878/global/instanceTemplates/ft-iac-deux-template-20251211101614448800000001?uniqueId=2967743617736058625",
            "service_account": [],
            "shielded_instance_config": [],
            "tags": [
              "web-server"
            ],
            "tags_fingerprint": "",
            "terraform_labels": {
              "goog-terraform-provisioned": "true"
            },
            "timeouts": null
          },
          "sensitive_attributes": [
            [
              {
                "type": "get_attr",
                "value": "metadata_startup_script"
              }
            ]
          ],
          "identity_schema_version": 0,
          "private": "eyJlMmJmYjczMC1lY2FhLTExZTYtOGY4OC0zNDM2M2JjN2M0YzAiOnsiY3JlYXRlIjoyNDAwMDAwMDAwMDAsImRlbGV0ZSI6MjQwMDAwMDAwMDAwfSwic2NoZW1hX3ZlcnNpb24iOiIxIn0=",
          "dependencies": [
            "module.database.google_sql_database.database",
            "module.database.google_sql_database_instance.instance",
            "module.database.google_sql_user.users",
            "module.database.random_password.password",
            "module.network.google_compute_firewall.allow_web",
            "module.network.google_compute_global_address.private_ip_address",
            "module.network.google_compute_network.vpc",
            "module.network.google_compute_router.router",
            "module.network.google_compute_router_nat.nat",
            "module.network.google_compute_subnetwork.subnet",
            "module.network.google_service_networking_connection.private_vpc_connection",
            "module.project.google_project.project",
            "module.project.google_project_service.cloudresourcemanager",
            "module.project.google_project_service.compute_api",
            "module.project.google_project_service.dns_api",
            "module.project.google_project_service.domains_api",
            "module.project.google_project_service.networks_api",
            "module.project.random_id.project_suffix"
          ],
          "create_before_destroy": true
        }
      ]
    },
    {
      "module": "module.autoscaling",
      "mode": "managed",
      "type": "google_compute_region_autoscaler",
      "name": "app_autoscaler",
      "provider": "provider[\"registry.terraform.io/hashicorp/google\"]",
      "instances": [
        {
          "schema_version": 0,
          "attributes": {
            "autoscaling_policy": [
              {
                "cooldown_period": 60,
                "cpu_utilization": [
                  {
                    "predictive_method": "NONE",
                    "target": 0.6
                  }
                ],
                "load_balancing_utilization": [],
                "max_replicas": 4,
                "metric": [],
                "min_replicas": 2,
                "mode": "ON",
                "scale_in_control": [],
                "scaling_schedules": []
              }
            ],
            "creation_timestamp": "2025-12-11T02:34:35.816-08:00",
            "description": "",
            "id": "projects/ft-iac-deux-39878/regions/us-central1/autoscalers/ft-iac-deux-autoscaler",
            "name": "ft-iac-deux-autoscaler",
            "project": "ft-iac-deux-39878",
            "region": "us-central1",
            "self_link": "https://www.googleapis.com/compute/v1/projects/ft-iac-deux-39878/regions/us-central1/autoscalers/ft-iac-deux-autoscaler",
            "target": "https://www.googleapis.com/compute/v1/projects/ft-iac-deux-39878/regions/us-central1/instanceGroupManagers/ft-iac-deux-mig",
            "timeouts": null
          },
          "sensitive_attributes": [],
          "identity_schema_version": 0,
          "private": "eyJlMmJmYjczMC1lY2FhLTExZTYtOGY4OC0zNDM2M2JjN2M0YzAiOnsiY3JlYXRlIjoxMjAwMDAwMDAwMDAwLCJkZWxldGUiOjEyMDAwMDAwMDAwMDAsInVwZGF0ZSI6MTIwMDAwMDAwMDAwMH19",
          "dependencies": [
            "module.autoscaling.google_compute_instance_template.app_template",
            "module.autoscaling.google_compute_region_instance_group_manager.app_mig",
            "module.database.google_sql_database.database",
            "module.database.google_sql_database_instance.instance",
            "module.database.google_sql_user.users",
            "module.database.random_password.password",
            "module.network.google_compute_firewall.allow_web",
            "module.network.google_compute_global_address.private_ip_address",
            "module.network.google_compute_network.vpc",
            "module.network.google_compute_router.router",
            "module.network.google_compute_router_nat.nat",
            "module.network.google_compute_subnetwork.subnet",
            "module.network.google_service_networking_connection.private_vpc_connection",
            "module.project.google_project.project",
            "module.project.google_project_service.cloudresourcemanager",
            "module.project.google_project_service.compute_api",
            "module.project.google_project_service.dns_api",
            "module.project.google_project_service.domains_api",
            "module.project.google_project_service.networks_api",
            "module.project.random_id.project_suffix"
          ]
        }
      ]
    },
    {
      "module": "module.autoscaling",
      "mode": "managed",
      "type": "google_compute_region_instance_group_manager",
      "name": "app_mig",
      "provider": "provider[\"registry.terraform.io/hashicorp/google\"]",
      "instances": [
        {
          "schema_version": 0,
          "attributes": {
            "all_instances_config": [],
            "auto_healing_policies": [],
            "base_instance_name": "ft-iac-deux-app",
            "creation_timestamp": "2025-12-11T02:16:16.826-08:00",
            "description": "",
            "distribution_policy_target_shape": "EVEN",
            "distribution_policy_zones": [
              "us-central1-b",
              "us-central1-c",
              "us-central1-f"
            ],
            "fingerprint": "F6H4fzi2lbA=",
            "id": "projects/ft-iac-deux-39878/regions/us-central1/instanceGroupManagers/ft-iac-deux-mig",
            "instance_flexibility_policy": [],
            "instance_group": "https://www.googleapis.com/compute/v1/projects/ft-iac-deux-39878/regions/us-central1/instanceGroups/ft-iac-deux-mig",
            "instance_group_manager_id": 5311504144427067167,
            "instance_lifecycle_policy": [
              {
                "default_action_on_failure": "REPAIR",
                "force_update_on_repair": "NO"
              }
            ],
            "list_managed_instances_results": "PAGELESS",
            "name": "ft-iac-deux-mig",
            "named_port": [
              {
                "name": "http",
                "port": 80
              }
            ],
            "project": "ft-iac-deux-39878",
            "region": "us-central1",
            "self_link": "https://www.googleapis.com/compute/v1/projects/ft-iac-deux-39878/regions/us-central1/instanceGroupManagers/ft-iac-deux-mig",
            "standby_policy": [
              {
                "initial_delay_sec": 0,
                "mode": "MANUAL"
              }
            ],
            "stateful_disk": [],
            "stateful_external_ip": [],
            "stateful_internal_ip": [],
            "status": [
              {
                "all_instances_config": [
                  {
                    "current_revision": "",
                    "effective": true
                  }
                ],
                "is_stable": true,
                "stateful": [
                  {
                    "has_stateful_config": false,
                    "per_instance_configs": [
                      {
                        "all_effective": true
                      }
                    ]
                  }
                ],
                "version_target": [
                  {
                    "is_reached": true
                  }
                ]
              }
            ],
            "target_pools": [],
            "target_size": 2,
            "target_stopped_size": 0,
            "target_suspended_size": 0,
            "timeouts": null,
            "update_policy": [
              {
                "instance_redistribution_type": "PROACTIVE",
                "max_surge_fixed": 3,
                "max_surge_percent": 0,
                "max_unavailable_fixed": 0,
                "max_unavailable_percent": 0,
                "minimal_action": "REPLACE",
                "most_disruptive_allowed_action": "",
                "replacement_method": "SUBSTITUTE",
                "type": "PROACTIVE"
              }
            ],
            "version": [
              {
                "instance_template": "https://www.googleapis.com/compute/v1/projects/ft-iac-deux-39878/global/instanceTemplates/ft-iac-deux-template-20251211101614448800000001",
                "name": "",
                "target_size": []
              }
            ],
            "wait_for_instances": false,
            "wait_for_instances_status": "STABLE"
          },
          "sensitive_attributes": [],
          "identity_schema_version": 0,
          "private": "eyJlMmJmYjczMC1lY2FhLTExZTYtOGY4OC0zNDM2M2JjN2M0YzAiOnsiY3JlYXRlIjo5MDAwMDAwMDAwMDAsImRlbGV0ZSI6OTAwMDAwMDAwMDAwLCJ1cGRhdGUiOjkwMDAwMDAwMDAwMH19",
          "dependencies": [
            "module.autoscaling.google_compute_instance_template.app_template",
            "module.database.google_sql_database.database",
            "module.database.google_sql_database_instance.instance",
            "module.database.google_sql_user.users",
            "module.database.random_password.password",
            "module.network.google_compute_firewall.allow_web",
            "module.network.google_compute_global_address.private_ip_address",
            "module.network.google_compute_network.vpc",
            "module.network.google_compute_router.router",
            "module.network.google_compute_router_nat.nat",
            "module.network.google_compute_subnetwork.subnet",
            "module.network.google_service_networking_connection.private_vpc_connection",
            "module.project.google_project.project",
            "module.project.google_project_service.cloudresourcemanager",
            "module.project.google_project_service.compute_api",
            "module.project.google_project_service.dns_api",
            "module.project.google_project_service.domains_api",
            "module.project.google_project_service.networks_api",
            "module.project.random_id.project_suffix"
          ]
        }
      ]
    },
    {
      "module": "module.database",
      "mode": "managed",
      "type": "google_sql_database",
      "name": "database",
      "provider": "provider[\"registry.terraform.io/hashicorp/google\"]",
      "instances": [
        {
          "schema_version": 0,
          "attributes": {
            "charset": "utf8mb4",
            "collation": "utf8mb4_0900_ai_ci",
            "deletion_policy": "DELETE",
            "id": "projects/ft-iac-deux-39878/instances/ft-iac-deux-db/databases/ft-iac-deux-db",
            "instance": "ft-iac-deux-db",
            "name": "ft-iac-deux-db",
            "project": "ft-iac-deux-39878",
            "self_link": "https://sqladmin.googleapis.com/sql/v1beta4/projects/ft-iac-deux-39878/instances/ft-iac-deux-db/databases/ft-iac-deux-db",
            "timeouts": null
          },
          "sensitive_attributes": [],
          "identity_schema_version": 0,
          "private": "eyJlMmJmYjczMC1lY2FhLTExZTYtOGY4OC0zNDM2M2JjN2M0YzAiOnsiY3JlYXRlIjoxMjAwMDAwMDAwMDAwLCJkZWxldGUiOjEyMDAwMDAwMDAwMDAsInVwZGF0ZSI6MTIwMDAwMDAwMDAwMH19",
          "dependencies": [
            "module.database.google_sql_database_instance.instance",
            "module.network.google_compute_firewall.allow_web",
            "module.network.google_compute_global_address.private_ip_address",
            "module.network.google_compute_network.vpc",
            "module.network.google_compute_router.router",
            "module.network.google_compute_router_nat.nat",
            "module.network.google_compute_subnetwork.subnet",
            "module.network.google_service_networking_connection.private_vpc_connection",
            "module.project.google_project.project",
            "module.project.google_project_service.cloudresourcemanager",
            "module.project.google_project_service.compute_api",
            "module.project.google_project_service.dns_api",
            "module.project.google_project_service.domains_api",
            "module.project.google_project_service.networks_api",
            "module.project.random_id.project_suffix"
          ],
          "create_before_destroy": true
        }
      ]
    },
    {
      "module": "module.database",
      "mode": "managed",
      "type": "google_sql_database_instance",
      "name": "instance",
      "provider": "provider[\"registry.terraform.io/hashicorp/google\"]",
      "instances": [
        {
          "schema_version": 0,
          "attributes": {
            "available_maintenance_versions": [
              "MYSQL_8_0_41.R20251004.01_24"
            ],
            "backupdr_backup": null,
            "clone": [],
            "connection_name": "ft-iac-deux-39878:us-central1:ft-iac-deux-db",
            "database_version": "MYSQL_8_0",
            "deletion_protection": false,
            "dns_name": "",
            "dns_names": [],
            "encryption_key_name": null,
            "final_backup_description": null,
            "first_ip_address": "10.79.0.3",
            "id": "ft-iac-deux-db",
            "instance_type": "CLOUD_SQL_INSTANCE",
            "ip_address": [
              {
                "ip_address": "10.79.0.3",
                "time_to_retire": "",
                "type": "PRIVATE"
              }
            ],
            "maintenance_version": "MYSQL_8_0_41.R20251004.01_14",
            "master_instance_name": "",
            "name": "ft-iac-deux-db",
            "node_count": 0,
            "point_in_time_restore_context": [],
            "private_ip_address": "10.79.0.3",
            "project": "ft-iac-deux-39878",
            "psc_service_attachment_link": "",
            "public_ip_address": "",
            "region": "us-central1",
            "replica_configuration": [],
            "replica_names": [],
            "replication_cluster": [
              {
                "dr_replica": false,
                "failover_dr_replica_name": "",
                "psa_write_endpoint": ""
              }
            ],
            "restore_backup_context": [],
            "root_password": null,
            "self_link": "https://sqladmin.googleapis.com/sql/v1beta4/projects/ft-iac-deux-39878/instances/ft-iac-deux-db",
            "server_ca_cert": [
              {
                "cert": "-----BEGIN CERTIFICATE-----\nMIIDfzCCAmegAwIBAgIBADANBgkqhkiG9w0BAQsFADB3MS0wKwYDVQQuEyQyY2Rk\nZmFjMy0zYWJjLTQ1NGMtOWU0Yi1lZDAxMjg2ZGY3OTQxIzAhBgNVBAMTGkdvb2ds\nZSBDbG91ZCBTUUwgU2VydmVyIENBMRQwEgYDVQQKEwtHb29nbGUsIEluYzELMAkG\nA1UEBhMCVVMwHhcNMjUxMjExMTAwMDMwWhcNMzUxMjA5MTAwMTMwWjB3MS0wKwYD\nVQQuEyQyY2RkZmFjMy0zYWJjLTQ1NGMtOWU0Yi1lZDAxMjg2ZGY3OTQxIzAhBgNV\nBAMTGkdvb2dsZSBDbG91ZCBTUUwgU2VydmVyIENBMRQwEgYDVQQKEwtHb29nbGUs\nIEluYzELMAkGA1UEBhMCVVMwggEiMA0GCSqGSIb3DQEBAQUAA4IBDwAwggEKAoIB\nAQCtt3nARAgkYS/nUDw2y2Tdof42xb05t8p8vzeaMyqrlllG/+e/2CpmGsBlNB80\n0QuhiMLB2Y5PX9c+WINWKvkvADhGitkFF5dhjzek+kOKsva5stSOCOBZZlnT/Qlx\n/a599MzMmdtRSrjKUpOeQQdcsSujHzKSyMGXlCDmGt9y0M7g3o+xp/ctEFWmADmm\n9o3GxrVqFruFjlYP0OI67Fi7m082WR/EOjr9UWBADaXoCb2jGGLz+1yF8zIaYSDZ\nMoE4pGGP+anoxbQwWO3zLvlohwQ3cZ+JKGzoSUTiq/YPzM/i4Lc9DDefCNL0WFwi\n1KqDfHNWa7D9XtHEMXk6+AxzAgMBAAGjFjAUMBIGA1UdEwEB/wQIMAYBAf8CAQAw\nDQYJKoZIhvcNAQELBQADggEBABszfewMMX13VbTAJ9Jfb+yGqGxvGBMs+PfbcZ9K\nnlATU7988XmJhdOVlwuTzWbmOOVTfFECQ033rLrcmWqGtci7F96vBgk2I5wwVACU\nsUX/q7TskPvvky+YGxhZZer52VlE6vIlq3SfCewRImfNMozcxsvq4ixu5PPnJ94f\nrY1ga+fXTIexehy5QoosNVhGBOKFWmeqeAa7ZMQus/lWa93Uzi4wsI/BNkJZoZXC\n++baHa+kewMov7TT1FgSdmOCF0HRN25U7bTV96FqiLjmRtwQHTqnJnejjE74q5hZ\nv0jy6Nis8jBX3U613c/oxuKxFJkZWRyA2cPX8VUmhfla2MQ=\n-----END CERTIFICATE-----",
                "common_name": "C=US,O=Google\\, Inc,CN=Google Cloud SQL Server CA,dnQualifier=2cddfac3-3abc-454c-9e4b-ed01286df794",
                "create_time": "2025-12-11T10:00:30.569Z",
                "expiration_time": "2035-12-09T10:01:30.569Z",
                "sha1_fingerprint": "7bb310466c74b38aadddf8b4d0bc9da294ec3bf4"
              }
            ],
            "service_account_email_address": "p72959575218-kls2ao@gcp-sa-cloud-sql.iam.gserviceaccount.com",
            "settings": [
              {
                "activation_policy": "ALWAYS",
                "active_directory_config": [],
                "advanced_machine_features": [],
                "availability_type": "ZONAL",
                "backup_configuration": [
                  {
                    "backup_retention_settings": [
                      {
                        "retained_backups": 15,
                        "retention_unit": "COUNT"
                      }
                    ],
                    "binary_log_enabled": false,
                    "enabled": true,
                    "location": "",
                    "point_in_time_recovery_enabled": false,
                    "start_time": "01:00",
                    "transaction_log_retention_days": 7
                  }
                ],
                "collation": "",
                "connection_pool_config": [],
                "connector_enforcement": "NOT_REQUIRED",
                "data_cache_config": [
                  {
                    "data_cache_enabled": false
                  }
                ],
                "database_flags": [],
                "deletion_protection_enabled": false,
                "deny_maintenance_period": [],
                "disk_autoresize": true,
                "disk_autoresize_limit": 0,
                "disk_size": 10,
                "disk_type": "PD_SSD",
                "edition": "ENTERPRISE",
                "effective_availability_type": "ZONAL",
                "enable_dataplex_integration": false,
                "enable_google_ml_integration": false,
                "final_backup_config": [],
                "insights_config": [],
                "ip_configuration": [
                  {
                    "allocated_ip_range": "",
                    "authorized_networks": [],
                    "custom_subject_alternative_names": [],
                    "enable_private_path_for_google_cloud_services": false,
                    "ipv4_enabled": false,
                    "private_network": "projects/ft-iac-deux-39878/global/networks/ft-iac-deux-vpc",
                    "psc_config": [],
                    "server_ca_mode": "GOOGLE_MANAGED_INTERNAL_CA",
                    "server_ca_pool": "",
                    "ssl_mode": "ALLOW_UNENCRYPTED_AND_ENCRYPTED"
                  }
                ],
                "location_preference": [
                  {
                    "follow_gae_application": "",
                    "secondary_zone": "",
                    "zone": "us-central1-c"
                  }
                ],
                "maintenance_window": [],
                "password_validation_policy": [],
                "pricing_plan": "PER_USE",
                "read_pool_auto_scale_config": [
                  {
                    "disable_scale_in": false,
                    "enabled": false,
                    "max_node_count": 0,
                    "min_node_count": 0,
                    "scale_in_cooldown_seconds": 0,
                    "scale_out_cooldown_seconds": 0,
                    "target_metrics": []
                  }
                ],
                "retain_backups_on_delete": false,
                "sql_server_audit_config": [],
                "tier": "db-f1-micro",
                "time_zone": "",
                "user_labels": {},
                "version": 2
              }
            ],
            "timeouts": null
          },
          "sensitive_attributes": [
            [
              {
                "type": "get_attr",
                "value": "root_password"
              }
            ],
            [
              {
                "type": "get_attr",
                "value": "server_ca_cert"
              }
            ]
          ],
          "identity_schema_version": 0,
          "private": "eyJlMmJmYjczMC1lY2FhLTExZTYtOGY4OC0zNDM2M2JjN2M0YzAiOnsiY3JlYXRlIjo1NDAwMDAwMDAwMDAwLCJkZWxldGUiOjU0MDAwMDAwMDAwMDAsInVwZGF0ZSI6NTQwMDAwMDAwMDAwMH19",
          "dependencies": [
            "module.network.google_compute_firewall.allow_web",
            "module.network.google_compute_global_address.private_ip_address",
            "module.network.google_compute_network.vpc",
            "module.network.google_compute_router.router",
            "module.network.google_compute_router_nat.nat",
            "module.network.google_compute_subnetwork.subnet",
            "module.network.google_service_networking_connection.private_vpc_connection",
            "module.project.google_project.project",
            "module.project.google_project_service.cloudresourcemanager",
            "module.project.google_project_service.compute_api",
            "module.project.google_project_service.dns_api",
            "module.project.google_project_service.domains_api",
            "module.project.google_project_service.networks_api",
            "module.project.random_id.project_suffix"
          ],
          "create_before_destroy": true
        }
      ]
    },
    {
      "module": "module.database",
      "mode": "managed",
      "type": "google_sql_user",
      "name": "users",
      "provider": "provider[\"registry.terraform.io/hashicorp/google\"]",
      "instances": [
        {
          "schema_version": 1,
          "attributes": {
            "deletion_policy": null,
            "host": "",
            "id": "ft-iac-deux-user//ft-iac-deux-db",
            "instance": "ft-iac-deux-db",
            "name": "ft-iac-deux-user",
            "password": "UyOhnRlJBUtQApXtqAGJ",
            "password_policy": [],
            "password_wo": null,
            "password_wo_version": null,
            "project": "ft-iac-deux-39878",
            "sql_server_user_details": [],
            "timeouts": null,
            "type": ""
          },
          "sensitive_attributes": [
            [
              {
                "type": "get_attr",
                "value": "password"
              }
            ]
          ],
          "identity_schema_version": 0,
          "private": "eyJlMmJmYjczMC1lY2FhLTExZTYtOGY4OC0zNDM2M2JjN2M0YzAiOnsiY3JlYXRlIjo2MDAwMDAwMDAwMDAsImRlbGV0ZSI6NjAwMDAwMDAwMDAwLCJ1cGRhdGUiOjYwMDAwMDAwMDAwMH0sInNjaGVtYV92ZXJzaW9uIjoiMSJ9",
          "dependencies": [
            "module.database.google_sql_database_instance.instance",
            "module.database.random_password.password",
            "module.network.google_compute_firewall.allow_web",
            "module.network.google_compute_global_address.private_ip_address",
            "module.network.google_compute_network.vpc",
            "module.network.google_compute_router.router",
            "module.network.google_compute_router_nat.nat",
            "module.network.google_compute_subnetwork.subnet",
            "module.network.google_service_networking_connection.private_vpc_connection",
            "module.project.google_project.project",
            "module.project.google_project_service.cloudresourcemanager",
            "module.project.google_project_service.compute_api",
            "module.project.google_project_service.dns_api",
            "module.project.google_project_service.domains_api",
            "module.project.google_project_service.networks_api",
            "module.project.random_id.project_suffix"
          ],
          "create_before_destroy": true
        }
      ]
    },
    {
      "module": "module.database",
      "mode": "managed",
      "type": "random_password",
      "name": "password",
      "provider": "provider[\"registry.terraform.io/hashicorp/random\"]",
      "instances": [
        {
          "schema_version": 3,
          "attributes": {
            "bcrypt_hash": "$2a$10$awnWU4o5IlGl0GHP2UFovuavjvIxM48plnmvJF6hYTdpjiKxEHDgy",
            "id": "none",
            "keepers": null,
            "length": 20,
            "lower": true,
            "min_lower": 0,
            "min_numeric": 0,
            "min_special": 0,
            "min_upper": 0,
            "number": true,
            "numeric": true,
            "override_special": null,
            "result": "UyOhnRlJBUtQApXtqAGJ",
            "special": false,
            "upper": true
          },
          "sensitive_attributes": [
            [
              {
                "type": "get_attr",
                "value": "bcrypt_hash"
              }
            ],
            [
              {
                "type": "get_attr",
                "value": "result"
              }
            ]
          ],
          "identity_schema_version": 0,
          "dependencies": [
            "module.network.google_compute_firewall.allow_web",
            "module.network.google_compute_global_address.private_ip_address",
            "module.network.google_compute_network.vpc",
            "module.network.google_compute_router.router",
            "module.network.google_compute_router_nat.nat",
            "module.network.google_compute_subnetwork.subnet",
            "module.network.google_service_networking_connection.private_vpc_connection",
            "module.project.google_project.project",
            "module.project.google_project_service.cloudresourcemanager",
            "module.project.google_project_service.compute_api",
            "module.project.google_project_service.dns_api",
            "module.project.google_project_service.domains_api",
            "module.project.google_project_service.networks_api",
            "module.project.random_id.project_suffix"
          ],
          "create_before_destroy": true
        }
      ]
    },
    {
      "module": "module.loadbalancer",
      "mode": "managed",
      "type": "google_compute_backend_service",
      "name": "backend",
      "provider": "provider[\"registry.terraform.io/hashicorp/google\"]",
      "instances": [
        {
          "schema_version": 1,
          "attributes": {
            "affinity_cookie_ttl_sec": 0,
            "backend": [
              {
                "balancing_mode": "UTILIZATION",
                "capacity_scaler": 1,
                "custom_metrics": [],
                "description": "",
                "group": "https://www.googleapis.com/compute/v1/projects/ft-iac-deux-39878/regions/us-central1/instanceGroups/ft-iac-deux-mig",
                "max_connections": 0,
                "max_connections_per_endpoint": 0,
                "max_connections_per_instance": 0,
                "max_rate": 0,
                "max_rate_per_endpoint": 0,
                "max_rate_per_instance": 0,
                "max_utilization": 0.8,
                "preference": ""
              }
            ],
            "cdn_policy": [],
            "circuit_breakers": [],
            "compression_mode": "",
            "connection_draining_timeout_sec": 300,
            "consistent_hash": [],
            "creation_timestamp": "2025-12-11T02:16:40.662-08:00",
            "custom_metrics": [],
            "custom_request_headers": [],
            "custom_response_headers": [],
            "description": "",
            "edge_security_policy": "",
            "enable_cdn": false,
            "external_managed_migration_state": "",
            "external_managed_migration_testing_percentage": 0,
            "fingerprint": "K7vFDAHUGXo=",
            "generated_id": 3745966733716301031,
            "health_checks": [
              "https://www.googleapis.com/compute/v1/projects/ft-iac-deux-39878/global/healthChecks/ft-iac-deux-hc-global"
            ],
            "iap": [],
            "id": "projects/ft-iac-deux-39878/global/backendServices/ft-iac-deux-backend-global",
            "ip_address_selection_policy": "",
            "load_balancing_scheme": "EXTERNAL",
            "locality_lb_policies": [],
            "locality_lb_policy": "",
            "log_config": [
              {
                "enable": true,
                "optional_fields": [],
                "optional_mode": "EXCLUDE_ALL_OPTIONAL",
                "sample_rate": 1
              }
            ],
            "max_stream_duration": [],
            "name": "ft-iac-deux-backend-global",
            "outlier_detection": [],
            "params": [],
            "port_name": "http",
            "project": "ft-iac-deux-39878",
            "protocol": "HTTP",
            "security_policy": "",
            "security_settings": [],
            "self_link": "https://www.googleapis.com/compute/v1/projects/ft-iac-deux-39878/global/backendServices/ft-iac-deux-backend-global",
            "service_lb_policy": "",
            "session_affinity": "GENERATED_COOKIE",
            "strong_session_affinity_cookie": [],
            "timeout_sec": 10,
            "timeouts": null,
            "tls_settings": []
          },
          "sensitive_attributes": [],
          "identity_schema_version": 0,
          "private": "eyJlMmJmYjczMC1lY2FhLTExZTYtOGY4OC0zNDM2M2JjN2M0YzAiOnsiY3JlYXRlIjoxMjAwMDAwMDAwMDAwLCJkZWxldGUiOjEyMDAwMDAwMDAwMDAsInVwZGF0ZSI6MTIwMDAwMDAwMDAwMH0sInNjaGVtYV92ZXJzaW9uIjoiMSJ9",
          "dependencies": [
            "module.autoscaling.google_compute_instance_template.app_template",
            "module.autoscaling.google_compute_region_instance_group_manager.app_mig",
            "module.database.google_sql_database.database",
            "module.database.google_sql_database_instance.instance",
            "module.database.google_sql_user.users",
            "module.database.random_password.password",
            "module.loadbalancer.google_compute_health_check.hc",
            "module.network.google_compute_firewall.allow_web",
            "module.network.google_compute_global_address.private_ip_address",
            "module.network.google_compute_network.vpc",
            "module.network.google_compute_router.router",
            "module.network.google_compute_router_nat.nat",
            "module.network.google_compute_subnetwork.subnet",
            "module.network.google_service_networking_connection.private_vpc_connection",
            "module.project.google_project.project",
            "module.project.google_project_service.cloudresourcemanager",
            "module.project.google_project_service.compute_api",
            "module.project.google_project_service.dns_api",
            "module.project.google_project_service.domains_api",
            "module.project.google_project_service.networks_api",
            "module.project.random_id.project_suffix"
          ]
        }
      ]
    },
    {
      "module": "module.loadbalancer",
      "mode": "managed",
      "type": "google_compute_global_address",
      "name": "default",
      "provider": "provider[\"registry.terraform.io/hashicorp/google\"]",
      "instances": [
        {
          "schema_version": 0,
          "attributes": {
            "address": "34.54.254.140",
            "address_type": "EXTERNAL",
            "creation_timestamp": "2025-12-11T03:00:37.812-08:00",
            "description": "",
            "effective_labels": {
              "goog-terraform-provisioned": "true"
            },
            "id": "projects/ft-iac-deux-39878/global/addresses/ft-iac-deux-ip",
            "ip_version": "",
            "label_fingerprint": "vezUS-42LLM=",
            "labels": {},
            "name": "ft-iac-deux-ip",
            "network": "",
            "prefix_length": 0,
            "project": "ft-iac-deux-39878",
            "purpose": "",
            "self_link": "https://www.googleapis.com/compute/v1/projects/ft-iac-deux-39878/global/addresses/ft-iac-deux-ip",
            "terraform_labels": {
              "goog-terraform-provisioned": "true"
            },
            "timeouts": null
          },
          "sensitive_attributes": [],
          "identity_schema_version": 0,
          "private": "eyJlMmJmYjczMC1lY2FhLTExZTYtOGY4OC0zNDM2M2JjN2M0YzAiOnsiY3JlYXRlIjoxMjAwMDAwMDAwMDAwLCJkZWxldGUiOjEyMDAwMDAwMDAwMDAsInVwZGF0ZSI6MTIwMDAwMDAwMDAwMH19",
          "dependencies": [
            "module.project.google_project.project",
            "module.project.google_project_service.cloudresourcemanager",
            "module.project.google_project_service.compute_api",
            "module.project.google_project_service.dns_api",
            "module.project.google_project_service.domains_api",
            "module.project.google_project_service.networks_api",
            "module.project.random_id.project_suffix"
          ]
        }
      ]
    },
    {
      "module": "module.loadbalancer",
      "mode": "managed",
      "type": "google_compute_global_forwarding_rule",
      "name": "http",
      "provider": "provider[\"registry.terraform.io/hashicorp/google\"]",
      "instances": [
        {
          "schema_version": 0,
          "attributes": {
            "base_forwarding_rule": "",
            "description": "",
            "effective_labels": {},
            "external_managed_backend_bucket_migration_state": "",
            "external_managed_backend_bucket_migration_testing_percentage": 0,
            "forwarding_rule_id": 5446986065985869852,
            "id": "projects/ft-iac-deux-39878/global/forwardingRules/ft-iac-deux-frontend-global",
            "ip_address": "34.54.254.140",
            "ip_protocol": "TCP",
            "ip_version": "",
            "label_fingerprint": "42WmSpB8rSM=",
            "labels": {},
            "load_balancing_scheme": "EXTERNAL",
            "metadata_filters": [],
            "name": "ft-iac-deux-frontend-global",
            "network": "",
            "network_tier": "PREMIUM",
            "no_automate_dns_zone": null,
            "port_range": "80-80",
            "project": "ft-iac-deux-39878",
            "psc_connection_id": "",
            "psc_connection_status": "",
            "self_link": "https://www.googleapis.com/compute/v1/projects/ft-iac-deux-39878/global/forwardingRules/ft-iac-deux-frontend-global",
            "service_directory_registrations": [],
            "source_ip_ranges": [],
            "subnetwork": "",
            "target": "https://www.googleapis.com/compute/v1/projects/ft-iac-deux-39878/global/targetHttpProxies/ft-iac-deux-proxy-global",
            "terraform_labels": {},
            "timeouts": null
          },
          "sensitive_attributes": [],
          "identity_schema_version": 0,
          "private": "eyJlMmJmYjczMC1lY2FhLTExZTYtOGY4OC0zNDM2M2JjN2M0YzAiOnsiY3JlYXRlIjoxMjAwMDAwMDAwMDAwLCJkZWxldGUiOjEyMDAwMDAwMDAwMDAsInVwZGF0ZSI6MTIwMDAwMDAwMDAwMH19",
          "dependencies": [
            "module.loadbalancer.google_compute_global_address.default",
            "module.loadbalancer.google_compute_target_http_proxy.proxy",
            "module.loadbalancer.google_compute_url_map.https_redirect",
            "module.project.google_project.project",
            "module.project.google_project_service.cloudresourcemanager",
            "module.project.google_project_service.compute_api",
            "module.project.google_project_service.dns_api",
            "module.project.google_project_service.domains_api",
            "module.project.google_project_service.networks_api",
            "module.project.random_id.project_suffix"
          ]
        }
      ]
    },
    {
      "module": "module.loadbalancer",
      "mode": "managed",
      "type": "google_compute_global_forwarding_rule",
      "name": "https",
      "provider": "provider[\"registry.terraform.io/hashicorp/google\"]",
      "instances": [
        {
          "schema_version": 0,
          "attributes": {
            "base_forwarding_rule": "",
            "description": "",
            "effective_labels": {},
            "external_managed_backend_bucket_migration_state": "",
            "external_managed_backend_bucket_migration_testing_percentage": 0,
            "forwarding_rule_id": 8908637850096311058,
            "id": "projects/ft-iac-deux-39878/global/forwardingRules/ft-iac-deux-https-frontend",
            "ip_address": "34.54.254.140",
            "ip_protocol": "TCP",
            "ip_version": "",
            "label_fingerprint": "42WmSpB8rSM=",
            "labels": {},
            "load_balancing_scheme": "EXTERNAL",
            "metadata_filters": [],
            "name": "ft-iac-deux-https-frontend",
            "network": "",
            "network_tier": "PREMIUM",
            "no_automate_dns_zone": null,
            "port_range": "443-443",
            "project": "ft-iac-deux-39878",
            "psc_connection_id": "",
            "psc_connection_status": "",
            "self_link": "https://www.googleapis.com/compute/v1/projects/ft-iac-deux-39878/global/forwardingRules/ft-iac-deux-https-frontend",
            "service_directory_registrations": [],
            "source_ip_ranges": [],
            "subnetwork": "",
            "target": "https://www.googleapis.com/compute/v1/projects/ft-iac-deux-39878/global/targetHttpsProxies/ft-iac-deux-https-proxy",
            "terraform_labels": {},
            "timeouts": null
          },
          "sensitive_attributes": [],
          "identity_schema_version": 0,
          "private": "eyJlMmJmYjczMC1lY2FhLTExZTYtOGY4OC0zNDM2M2JjN2M0YzAiOnsiY3JlYXRlIjoxMjAwMDAwMDAwMDAwLCJkZWxldGUiOjEyMDAwMDAwMDAwMDAsInVwZGF0ZSI6MTIwMDAwMDAwMDAwMH19",
          "dependencies": [
            "module.autoscaling.google_compute_instance_template.app_template",
            "module.autoscaling.google_compute_region_instance_group_manager.app_mig",
            "module.database.google_sql_database.database",
            "module.database.google_sql_database_instance.instance",
            "module.database.google_sql_user.users",
            "module.database.random_password.password",
            "module.loadbalancer.google_compute_backend_service.backend",
            "module.loadbalancer.google_compute_global_address.default",
            "module.loadbalancer.google_compute_health_check.hc",
            "module.loadbalancer.google_compute_managed_ssl_certificate.default",
            "module.loadbalancer.google_compute_target_https_proxy.proxy",
            "module.loadbalancer.google_compute_url_map.lb",
            "module.network.google_compute_firewall.allow_web",
            "module.network.google_compute_global_address.private_ip_address",
            "module.network.google_compute_network.vpc",
            "module.network.google_compute_router.router",
            "module.network.google_compute_router_nat.nat",
            "module.network.google_compute_subnetwork.subnet",
            "module.network.google_service_networking_connection.private_vpc_connection",
            "module.project.google_project.project",
            "module.project.google_project_service.cloudresourcemanager",
            "module.project.google_project_service.compute_api",
            "module.project.google_project_service.dns_api",
            "module.project.google_project_service.domains_api",
            "module.project.google_project_service.networks_api",
            "module.project.random_id.project_suffix"
          ]
        }
      ]
    },
    {
      "module": "module.loadbalancer",
      "mode": "managed",
      "type": "google_compute_health_check",
      "name": "hc",
      "provider": "provider[\"registry.terraform.io/hashicorp/google\"]",
      "instances": [
        {
          "schema_version": 0,
          "attributes": {
            "check_interval_sec": 5,
            "creation_timestamp": "2025-12-11T01:57:40.750-08:00",
            "description": "",
            "grpc_health_check": [],
            "grpc_tls_health_check": [],
            "healthy_threshold": 2,
            "http2_health_check": [],
            "http_health_check": [
              {
                "host": "",
                "port": 80,
                "port_name": "",
                "port_specification": "",
                "proxy_header": "NONE",
                "request_path": "/health/liveness",
                "response": ""
              }
            ],
            "https_health_check": [],
            "id": "projects/ft-iac-deux-39878/global/healthChecks/ft-iac-deux-hc-global",
            "log_config": [
              {
                "enable": false
              }
            ],
            "name": "ft-iac-deux-hc-global",
            "project": "ft-iac-deux-39878",
            "self_link": "https://www.googleapis.com/compute/v1/projects/ft-iac-deux-39878/global/healthChecks/ft-iac-deux-hc-global",
            "source_regions": [],
            "ssl_health_check": [],
            "tcp_health_check": [],
            "timeout_sec": 5,
            "timeouts": null,
            "type": "HTTP",
            "unhealthy_threshold": 2
          },
          "sensitive_attributes": [],
          "identity_schema_version": 0,
          "private": "eyJlMmJmYjczMC1lY2FhLTExZTYtOGY4OC0zNDM2M2JjN2M0YzAiOnsiY3JlYXRlIjoxMjAwMDAwMDAwMDAwLCJkZWxldGUiOjEyMDAwMDAwMDAwMDAsInVwZGF0ZSI6MTIwMDAwMDAwMDAwMH19",
          "dependencies": [
            "module.project.google_project.project",
            "module.project.google_project_service.cloudresourcemanager",
            "module.project.google_project_service.compute_api",
            "module.project.google_project_service.dns_api",
            "module.project.google_project_service.domains_api",
            "module.project.google_project_service.networks_api",
            "module.project.random_id.project_suffix"
          ]
        }
      ]
    },
    {
      "module": "module.loadbalancer",
      "mode": "managed",
      "type": "google_compute_managed_ssl_certificate",
      "name": "default",
      "provider": "provider[\"registry.terraform.io/hashicorp/google\"]",
      "instances": [
        {
          "schema_version": 0,
          "attributes": {
            "certificate_id": 6819302050624905619,
            "creation_timestamp": "2025-12-11T02:39:56.272-08:00",
            "description": "",
            "expire_time": "2026-03-11T04:18:39.000-07:00",
            "id": "projects/ft-iac-deux-39878/global/sslCertificates/ft-iac-deux-cert",
            "managed": [
              {
                "domains": [
                  "sanitraq.fr"
                ]
              }
            ],
            "name": "ft-iac-deux-cert",
            "project": "ft-iac-deux-39878",
            "self_link": "https://www.googleapis.com/compute/v1/projects/ft-iac-deux-39878/global/sslCertificates/ft-iac-deux-cert",
            "subject_alternative_names": [
              "sanitraq.fr"
            ],
            "timeouts": null,
            "type": "MANAGED"
          },
          "sensitive_attributes": [],
          "identity_schema_version": 0,
          "private": "eyJlMmJmYjczMC1lY2FhLTExZTYtOGY4OC0zNDM2M2JjN2M0YzAiOnsiY3JlYXRlIjoxODAwMDAwMDAwMDAwLCJkZWxldGUiOjE4MDAwMDAwMDAwMDB9fQ==",
          "dependencies": [
            "module.project.google_project.project",
            "module.project.google_project_service.cloudresourcemanager",
            "module.project.google_project_service.compute_api",
            "module.project.google_project_service.dns_api",
            "module.project.google_project_service.domains_api",
            "module.project.google_project_service.networks_api",
            "module.project.random_id.project_suffix"
          ]
        }
      ]
    },
    {
      "module": "module.loadbalancer",
      "mode": "managed",
      "type": "google_compute_target_http_proxy",
      "name": "proxy",
      "provider": "provider[\"registry.terraform.io/hashicorp/google\"]",
      "instances": [
        {
          "schema_version": 0,
          "attributes": {
            "creation_timestamp": "2025-12-11T03:11:36.046-08:00",
            "description": "",
            "fingerprint": "6ogkuxs36_4=",
            "http_keep_alive_timeout_sec": 0,
            "id": "projects/ft-iac-deux-39878/global/targetHttpProxies/ft-iac-deux-proxy-global",
            "name": "ft-iac-deux-proxy-global",
            "project": "ft-iac-deux-39878",
            "proxy_bind": false,
            "proxy_id": 1892618483554261000,
            "self_link": "https://www.googleapis.com/compute/v1/projects/ft-iac-deux-39878/global/targetHttpProxies/ft-iac-deux-proxy-global",
            "timeouts": null,
            "url_map": "https://www.googleapis.com/compute/v1/projects/ft-iac-deux-39878/global/urlMaps/ft-iac-deux-https-redirect"
          },
          "sensitive_attributes": [],
          "identity_schema_version": 0,
          "private": "eyJlMmJmYjczMC1lY2FhLTExZTYtOGY4OC0zNDM2M2JjN2M0YzAiOnsiY3JlYXRlIjoxMjAwMDAwMDAwMDAwLCJkZWxldGUiOjEyMDAwMDAwMDAwMDAsInVwZGF0ZSI6MTIwMDAwMDAwMDAwMH19",
          "dependencies": [
            "module.loadbalancer.google_compute_url_map.https_redirect",
            "module.project.google_project.project",
            "module.project.google_project_service.cloudresourcemanager",
            "module.project.google_project_service.compute_api",
            "module.project.google_project_service.dns_api",
            "module.project.google_project_service.domains_api",
            "module.project.google_project_service.networks_api",
            "module.project.random_id.project_suffix"
          ]
        }
      ]
    },
    {
      "module": "module.loadbalancer",
      "mode": "managed",
      "type": "google_compute_target_https_proxy",
      "name": "proxy",
      "provider": "provider[\"registry.terraform.io/hashicorp/google\"]",
      "instances": [
        {
          "schema_version": 0,
          "attributes": {
            "certificate_manager_certificates": [],
            "certificate_map": "",
            "creation_timestamp": "2025-12-11T02:40:07.755-08:00",
            "description": "",
            "fingerprint": "e4AhBQ6Baw0=",
            "http_keep_alive_timeout_sec": 0,
            "id": "projects/ft-iac-deux-39878/global/targetHttpsProxies/ft-iac-deux-https-proxy",
            "name": "ft-iac-deux-https-proxy",
            "project": "ft-iac-deux-39878",
            "proxy_bind": false,
            "proxy_id": 2411772522314277224,
            "quic_override": "NONE",
            "self_link": "https://www.googleapis.com/compute/v1/projects/ft-iac-deux-39878/global/targetHttpsProxies/ft-iac-deux-https-proxy",
            "server_tls_policy": "",
            "ssl_certificates": [
              "https://www.googleapis.com/compute/v1/projects/ft-iac-deux-39878/global/sslCertificates/ft-iac-deux-cert"
            ],
            "ssl_policy": "",
            "timeouts": null,
            "tls_early_data": "DISABLED",
            "url_map": "https://www.googleapis.com/compute/v1/projects/ft-iac-deux-39878/global/urlMaps/ft-iac-deux-lb-global"
          },
          "sensitive_attributes": [],
          "identity_schema_version": 0,
          "private": "eyJlMmJmYjczMC1lY2FhLTExZTYtOGY4OC0zNDM2M2JjN2M0YzAiOnsiY3JlYXRlIjoxMjAwMDAwMDAwMDAwLCJkZWxldGUiOjEyMDAwMDAwMDAwMDAsInVwZGF0ZSI6MTIwMDAwMDAwMDAwMH19",
          "dependencies": [
            "module.autoscaling.google_compute_instance_template.app_template",
            "module.autoscaling.google_compute_region_instance_group_manager.app_mig",
            "module.database.google_sql_database.database",
            "module.database.google_sql_database_instance.instance",
            "module.database.google_sql_user.users",
            "module.database.random_password.password",
            "module.loadbalancer.google_compute_backend_service.backend",
            "module.loadbalancer.google_compute_health_check.hc",
            "module.loadbalancer.google_compute_managed_ssl_certificate.default",
            "module.loadbalancer.google_compute_url_map.lb",
            "module.network.google_compute_firewall.allow_web",
            "module.network.google_compute_global_address.private_ip_address",
            "module.network.google_compute_network.vpc",
            "module.network.google_compute_router.router",
            "module.network.google_compute_router_nat.nat",
            "module.network.google_compute_subnetwork.subnet",
            "module.network.google_service_networking_connection.private_vpc_connection",
            "module.project.google_project.project",
            "module.project.google_project_service.cloudresourcemanager",
            "module.project.google_project_service.compute_api",
            "module.project.google_project_service.dns_api",
            "module.project.google_project_service.domains_api",
            "module.project.google_project_service.networks_api",
            "module.project.random_id.project_suffix"
          ]
        }
      ]
    },
    {
      "module": "module.loadbalancer",
      "mode": "managed",
      "type": "google_compute_url_map",
      "name": "https_redirect",
      "provider": "provider[\"registry.terraform.io/hashicorp/google\"]",
      "instances": [
        {
          "schema_version": 0,
          "attributes": {
            "creation_timestamp": "2025-12-11T04:00:16.537-08:00",
            "default_custom_error_response_policy": [],
            "default_route_action": [],
            "default_service": "",
            "default_url_redirect": [
              {
                "host_redirect": "",
                "https_redirect": true,
                "path_redirect": "",
                "prefix_redirect": "",
                "redirect_response_code": "MOVED_PERMANENTLY_DEFAULT",
                "strip_query": false
              }
            ],
            "description": "",
            "fingerprint": "HQoF8-WQn0E=",
            "header_action": [],
            "host_rule": [],
            "id": "projects/ft-iac-deux-39878/global/urlMaps/ft-iac-deux-https-redirect",
            "map_id": 7897351932981218495,
            "name": "ft-iac-deux-https-redirect",
            "path_matcher": [],
            "project": "ft-iac-deux-39878",
            "self_link": "https://www.googleapis.com/compute/v1/projects/ft-iac-deux-39878/global/urlMaps/ft-iac-deux-https-redirect",
            "test": [],
            "timeouts": null
          },
          "sensitive_attributes": [],
          "identity_schema_version": 0,
          "private": "eyJlMmJmYjczMC1lY2FhLTExZTYtOGY4OC0zNDM2M2JjN2M0YzAiOnsiY3JlYXRlIjoxMjAwMDAwMDAwMDAwLCJkZWxldGUiOjEyMDAwMDAwMDAwMDAsInVwZGF0ZSI6MTIwMDAwMDAwMDAwMH19",
          "dependencies": [
            "module.project.google_project.project",
            "module.project.google_project_service.cloudresourcemanager",
            "module.project.google_project_service.compute_api",
            "module.project.google_project_service.dns_api",
            "module.project.google_project_service.domains_api",
            "module.project.google_project_service.networks_api",
            "module.project.random_id.project_suffix"
          ]
        }
      ]
    },
    {
      "module": "module.loadbalancer",
      "mode": "managed",
      "type": "google_compute_url_map",
      "name": "lb",
      "provider": "provider[\"registry.terraform.io/hashicorp/google\"]",
      "instances": [
        {
          "schema_version": 0,
          "attributes": {
            "creation_timestamp": "2025-12-11T02:17:23.287-08:00",
            "default_custom_error_response_policy": [],
            "default_route_action": [],
            "default_service": "https://www.googleapis.com/compute/v1/projects/ft-iac-deux-39878/global/backendServices/ft-iac-deux-backend-global",
            "default_url_redirect": [],
            "description": "",
            "fingerprint": "nW82tWQBrG0=",
            "header_action": [],
            "host_rule": [],
            "id": "projects/ft-iac-deux-39878/global/urlMaps/ft-iac-deux-lb-global",
            "map_id": 2273456785628538076,
            "name": "ft-iac-deux-lb-global",
            "path_matcher": [],
            "project": "ft-iac-deux-39878",
            "self_link": "https://www.googleapis.com/compute/v1/projects/ft-iac-deux-39878/global/urlMaps/ft-iac-deux-lb-global",
            "test": [],
            "timeouts": null
          },
          "sensitive_attributes": [],
          "identity_schema_version": 0,
          "private": "eyJlMmJmYjczMC1lY2FhLTExZTYtOGY4OC0zNDM2M2JjN2M0YzAiOnsiY3JlYXRlIjoxMjAwMDAwMDAwMDAwLCJkZWxldGUiOjEyMDAwMDAwMDAwMDAsInVwZGF0ZSI6MTIwMDAwMDAwMDAwMH19",
          "dependencies": [
            "module.autoscaling.google_compute_instance_template.app_template",
            "module.autoscaling.google_compute_region_instance_group_manager.app_mig",
            "module.database.google_sql_database.database",
            "module.database.google_sql_database_instance.instance",
            "module.database.google_sql_user.users",
            "module.database.random_password.password",
            "module.loadbalancer.google_compute_backend_service.backend",
            "module.loadbalancer.google_compute_health_check.hc",
            "module.network.google_compute_firewall.allow_web",
            "module.network.google_compute_global_address.private_ip_address",
            "module.network.google_compute_network.vpc",
            "module.network.google_compute_router.router",
            "module.network.google_compute_router_nat.nat",
            "module.network.google_compute_subnetwork.subnet",
            "module.network.google_service_networking_connection.private_vpc_connection",
            "module.project.google_project.project",
            "module.project.google_project_service.cloudresourcemanager",
            "module.project.google_project_service.compute_api",
            "module.project.google_project_service.dns_api",
            "module.project.google_project_service.domains_api",
            "module.project.google_project_service.networks_api",
            "module.project.random_id.project_suffix"
          ]
        }
      ]
    },
    {
      "module": "module.monitoring",
      "mode": "managed",
      "type": "google_monitoring_alert_policy",
      "name": "high_cpu",
      "provider": "provider[\"registry.terraform.io/hashicorp/google\"]",
      "instances": [
        {
          "schema_version": 0,
          "attributes": {
            "alert_strategy": [],
            "combiner": "OR",
            "conditions": [
              {
                "condition_absent": [],
                "condition_matched_log": [],
                "condition_monitoring_query_language": [],
                "condition_prometheus_query_language": [],
                "condition_sql": [],
                "condition_threshold": [
                  {
                    "aggregations": [
                      {
                        "alignment_period": "60s",
                        "cross_series_reducer": "",
                        "group_by_fields": [],
                        "per_series_aligner": "ALIGN_MEAN"
                      }
                    ],
                    "comparison": "COMPARISON_GT",
                    "denominator_aggregations": [],
                    "denominator_filter": "",
                    "duration": "60s",
                    "evaluation_missing_data": "",
                    "filter": "resource.type = \"gce_instance\" AND metric.type = \"compute.googleapis.com/instance/cpu/utilization\"",
                    "forecast_options": [],
                    "threshold_value": 0.8,
                    "trigger": []
                  }
                ],
                "display_name": "VM Instance - High CPU",
                "name": "projects/ft-iac-deux-39878/alertPolicies/1710109409026825456/conditions/1710109409026822617"
              }
            ],
            "creation_record": [
              {
                "mutate_time": "2025-12-11T10:34:37.128796635Z",
                "mutated_by": "kaismounislem@gmail.com"
              }
            ],
            "display_name": "High CPU Utilization",
            "documentation": [],
            "enabled": true,
            "id": "projects/ft-iac-deux-39878/alertPolicies/1710109409026825456",
            "name": "projects/ft-iac-deux-39878/alertPolicies/1710109409026825456",
            "notification_channels": [
              "projects/ft-iac-deux-39878/notificationChannels/15232350266896182132"
            ],
            "project": "ft-iac-deux-39878",
            "severity": "",
            "timeouts": null,
            "user_labels": {}
          },
          "sensitive_attributes": [],
          "identity_schema_version": 0,
          "private": "eyJlMmJmYjczMC1lY2FhLTExZTYtOGY4OC0zNDM2M2JjN2M0YzAiOnsiY3JlYXRlIjoxMjAwMDAwMDAwMDAwLCJkZWxldGUiOjEyMDAwMDAwMDAwMDAsInVwZGF0ZSI6MTIwMDAwMDAwMDAwMH19",
          "dependencies": [
            "module.monitoring.google_monitoring_notification_channel.email",
            "module.project.google_project.project",
            "module.project.google_project_service.cloudresourcemanager",
            "module.project.google_project_service.compute_api",
            "module.project.google_project_service.dns_api",
            "module.project.google_project_service.domains_api",
            "module.project.google_project_service.networks_api",
            "module.project.random_id.project_suffix"
          ]
        }
      ]
    },
    {
      "module": "module.monitoring",
      "mode": "managed",
      "type": "google_monitoring_alert_policy",
      "name": "lb_errors",
      "provider": "provider[\"registry.terraform.io/hashicorp/google\"]",
      "instances": [
        {
          "schema_version": 0,
          "attributes": {
            "alert_strategy": [],
            "combiner": "OR",
            "conditions": [
              {
                "condition_absent": [],
                "condition_matched_log": [],
                "condition_monitoring_query_language": [],
                "condition_prometheus_query_language": [],
                "condition_sql": [],
                "condition_threshold": [
                  {
                    "aggregations": [
                      {
                        "alignment_period": "60s",
                        "cross_series_reducer": "",
                        "group_by_fields": [],
                        "per_series_aligner": "ALIGN_RATE"
                      }
                    ],
                    "comparison": "COMPARISON_GT",
                    "denominator_aggregations": [],
                    "denominator_filter": "",
                    "duration": "60s",
                    "evaluation_missing_data": "",
                    "filter": "resource.type = \"https_lb_rule\" AND metric.type = \"loadbalancing.googleapis.com/https/request_count\" AND metric.label.response_code_class = \"500\"",
                    "forecast_options": [],
                    "threshold_value": 0.05,
                    "trigger": []
                  }
                ],
                "display_name": "LB - High 5XX Error Rate",
                "name": "projects/ft-iac-deux-39878/alertPolicies/7803824922734861655/conditions/7803824922734861280"
              }
            ],
            "creation_record": [
              {
                "mutate_time": "2025-12-11T15:16:01.905272952Z",
                "mutated_by": "kaismounislem@gmail.com"
              }
            ],
            "display_name": "Load Balancer 5XX Errors",
            "documentation": [],
            "enabled": true,
            "id": "projects/ft-iac-deux-39878/alertPolicies/7803824922734861655",
            "name": "projects/ft-iac-deux-39878/alertPolicies/7803824922734861655",
            "notification_channels": [
              "projects/ft-iac-deux-39878/notificationChannels/15232350266896182132"
            ],
            "project": "ft-iac-deux-39878",
            "severity": "",
            "timeouts": null,
            "user_labels": {}
          },
          "sensitive_attributes": [],
          "identity_schema_version": 0,
          "private": "eyJlMmJmYjczMC1lY2FhLTExZTYtOGY4OC0zNDM2M2JjN2M0YzAiOnsiY3JlYXRlIjoxMjAwMDAwMDAwMDAwLCJkZWxldGUiOjEyMDAwMDAwMDAwMDAsInVwZGF0ZSI6MTIwMDAwMDAwMDAwMH19",
          "dependencies": [
            "module.monitoring.google_monitoring_notification_channel.email",
            "module.project.google_project.project",
            "module.project.google_project_service.cloudresourcemanager",
            "module.project.google_project_service.compute_api",
            "module.project.google_project_service.dns_api",
            "module.project.google_project_service.domains_api",
            "module.project.google_project_service.networks_api",
            "module.project.random_id.project_suffix"
          ]
        }
      ]
    },
    {
      "module": "module.monitoring",
      "mode": "managed",
      "type": "google_monitoring_alert_policy",
      "name": "sql_cpu",
      "provider": "provider[\"registry.terraform.io/hashicorp/google\"]",
      "instances": [
        {
          "schema_version": 0,
          "attributes": {
            "alert_strategy": [],
            "combiner": "OR",
            "conditions": [
              {
                "condition_absent": [],
                "condition_matched_log": [],
                "condition_monitoring_query_language": [],
                "condition_prometheus_query_language": [],
                "condition_sql": [],
                "condition_threshold": [
                  {
                    "aggregations": [
                      {
                        "alignment_period": "60s",
                        "cross_series_reducer": "",
                        "group_by_fields": null,
                        "per_series_aligner": "ALIGN_MEAN"
                      }
                    ],
                    "comparison": "COMPARISON_GT",
                    "denominator_aggregations": [],
                    "denominator_filter": "",
                    "duration": "300s",
                    "evaluation_missing_data": "",
                    "filter": "resource.type = \"cloudsql_database\" AND metric.type = \"cloudsql.googleapis.com/database/cpu/utilization\"",
                    "forecast_options": [],
                    "threshold_value": 0.8,
                    "trigger": []
                  }
                ],
                "display_name": "Cloud SQL - High CPU",
                "name": "projects/ft-iac-deux-39878/alertPolicies/17751011571743772362/conditions/17751011571743772539"
              }
            ],
            "creation_record": [
              {
                "mutate_time": "2025-12-11T15:16:39.990823870Z",
                "mutated_by": "kaismounislem@gmail.com"
              }
            ],
            "display_name": "Cloud SQL High CPU",
            "documentation": [],
            "enabled": true,
            "id": "projects/ft-iac-deux-39878/alertPolicies/17751011571743772362",
            "name": "projects/ft-iac-deux-39878/alertPolicies/17751011571743772362",
            "notification_channels": [
              "projects/ft-iac-deux-39878/notificationChannels/15232350266896182132"
            ],
            "project": "ft-iac-deux-39878",
            "severity": "",
            "timeouts": null,
            "user_labels": null
          },
          "sensitive_attributes": [],
          "identity_schema_version": 0,
          "private": "eyJlMmJmYjczMC1lY2FhLTExZTYtOGY4OC0zNDM2M2JjN2M0YzAiOnsiY3JlYXRlIjoxMjAwMDAwMDAwMDAwLCJkZWxldGUiOjEyMDAwMDAwMDAwMDAsInVwZGF0ZSI6MTIwMDAwMDAwMDAwMH19",
          "dependencies": [
            "module.monitoring.google_monitoring_notification_channel.email",
            "module.project.google_project.project",
            "module.project.google_project_service.cloudresourcemanager",
            "module.project.google_project_service.compute_api",
            "module.project.google_project_service.dns_api",
            "module.project.google_project_service.domains_api",
            "module.project.google_project_service.networks_api",
            "module.project.random_id.project_suffix"
          ]
        }
      ]
    },
    {
      "module": "module.monitoring",
      "mode": "managed",
      "type": "google_monitoring_dashboard",
      "name": "dashboard",
      "provider": "provider[\"registry.terraform.io/hashicorp/google\"]",
      "instances": [
        {
          "schema_version": 0,
          "attributes": {
            "dashboard_json": "{\"displayName\":\"Cloud Infrastructure Dashboard\",\"etag\":\"adc4a1ce0e38350e65769ed0048152e5\",\"gridLayout\":{\"columns\":\"2\",\"widgets\":[{\"title\":\"GCE VM CPU Utilization\",\"xyChart\":{\"dataSets\":[{\"minAlignmentPeriod\":\"60s\",\"plotType\":\"LINE\",\"targetAxis\":\"Y1\",\"timeSeriesQuery\":{\"timeSeriesFilter\":{\"aggregation\":{\"crossSeriesReducer\":\"REDUCE_MEAN\",\"groupByFields\":[\"resource.label.zone\"],\"perSeriesAligner\":\"ALIGN_MEAN\"},\"filter\":\"metric.type=\\\"compute.googleapis.com/instance/cpu/utilization\\\" resource.type=\\\"gce_instance\\\"\"},\"unitOverride\":\"1\"}}],\"timeshiftDuration\":\"0s\",\"yAxis\":{\"label\":\"y1Axis\",\"scale\":\"LINEAR\"}}},{\"title\":\"Load Balancer Request Count\",\"xyChart\":{\"dataSets\":[{\"minAlignmentPeriod\":\"60s\",\"plotType\":\"LINE\",\"targetAxis\":\"Y1\",\"timeSeriesQuery\":{\"timeSeriesFilter\":{\"aggregation\":{\"crossSeriesReducer\":\"REDUCE_SUM\",\"perSeriesAligner\":\"ALIGN_RATE\"},\"filter\":\"metric.type=\\\"loadbalancing.googleapis.com/https/request_count\\\" resource.type=\\\"https_lb_rule\\\"\"}}}],\"timeshiftDuration\":\"0s\",\"yAxis\":{\"label\":\"y1Axis\",\"scale\":\"LINEAR\"}}},{\"title\":\"Load Balancer Latency\",\"xyChart\":{\"dataSets\":[{\"minAlignmentPeriod\":\"60s\",\"plotType\":\"LINE\",\"targetAxis\":\"Y1\",\"timeSeriesQuery\":{\"timeSeriesFilter\":{\"aggregation\":{\"crossSeriesReducer\":\"REDUCE_MAX\",\"perSeriesAligner\":\"ALIGN_PERCENTILE_99\"},\"filter\":\"metric.type=\\\"loadbalancing.googleapis.com/https/total_latencies\\\" resource.type=\\\"https_lb_rule\\\"\"}}}],\"timeshiftDuration\":\"0s\",\"yAxis\":{\"label\":\"y1Axis\",\"scale\":\"LINEAR\"}}},{\"title\":\"Cloud SQL CPU Utilization\",\"xyChart\":{\"dataSets\":[{\"minAlignmentPeriod\":\"60s\",\"plotType\":\"LINE\",\"targetAxis\":\"Y1\",\"timeSeriesQuery\":{\"timeSeriesFilter\":{\"aggregation\":{\"crossSeriesReducer\":\"REDUCE_MEAN\",\"perSeriesAligner\":\"ALIGN_MEAN\"},\"filter\":\"metric.type=\\\"cloudsql.googleapis.com/database/cpu/utilization\\\" resource.type=\\\"cloud_sql_database\\\"\"}}}],\"timeshiftDuration\":\"0s\",\"yAxis\":{\"label\":\"y1Axis\",\"scale\":\"LINEAR\"}}}]},\"name\":\"projects/72959575218/dashboards/8806e9a7-6977-40b4-a64a-d068cee3869e\"}",
            "id": "projects/72959575218/dashboards/8806e9a7-6977-40b4-a64a-d068cee3869e",
            "project": "ft-iac-deux-39878",
            "timeouts": null
          },
          "sensitive_attributes": [],
          "identity_schema_version": 0,
          "private": "eyJlMmJmYjczMC1lY2FhLTExZTYtOGY4OC0zNDM2M2JjN2M0YzAiOnsiY3JlYXRlIjoyNDAwMDAwMDAwMDAsImRlbGV0ZSI6MjQwMDAwMDAwMDAwLCJ1cGRhdGUiOjI0MDAwMDAwMDAwMH19",
          "dependencies": [
            "module.project.google_project.project",
            "module.project.google_project_service.cloudresourcemanager",
            "module.project.google_project_service.compute_api",
            "module.project.google_project_service.dns_api",
            "module.project.google_project_service.domains_api",
            "module.project.google_project_service.networks_api",
            "module.project.random_id.project_suffix"
          ]
        }
      ]
    },
    {
      "module": "module.monitoring",
      "mode": "managed",
      "type": "google_monitoring_notification_channel",
      "name": "email",
      "provider": "provider[\"registry.terraform.io/hashicorp/google\"]",
      "instances": [
        {
          "schema_version": 0,
          "attributes": {
            "description": "",
            "display_name": "Email Notification Channel",
            "enabled": true,
            "force_delete": false,
            "id": "projects/ft-iac-deux-39878/notificationChannels/15232350266896182132",
            "labels": {
              "email_address": "transsecnd.i7c02@slmail.me"
            },
            "name": "projects/ft-iac-deux-39878/notificationChannels/15232350266896182132",
            "project": "ft-iac-deux-39878",
            "sensitive_labels": [],
            "timeouts": null,
            "type": "email",
            "user_labels": {},
            "verification_status": ""
          },
          "sensitive_attributes": [],
          "identity_schema_version": 0,
          "private": "eyJlMmJmYjczMC1lY2FhLTExZTYtOGY4OC0zNDM2M2JjN2M0YzAiOnsiY3JlYXRlIjoxMjAwMDAwMDAwMDAwLCJkZWxldGUiOjEyMDAwMDAwMDAwMDAsInVwZGF0ZSI6MTIwMDAwMDAwMDAwMH19",
          "dependencies": [
            "module.project.google_project.project",
            "module.project.google_project_service.cloudresourcemanager",
            "module.project.google_project_service.compute_api",
            "module.project.google_project_service.dns_api",
            "module.project.google_project_service.domains_api",
            "module.project.google_project_service.networks_api",
            "module.project.random_id.project_suffix"
          ]
        }
      ]
    },
    {
      "module": "module.network",
      "mode": "managed",
      "type": "google_compute_firewall",
      "name": "allow_web",
      "provider": "provider[\"registry.terraform.io/hashicorp/google\"]",
      "instances": [
        {
          "schema_version": 1,
          "attributes": {
            "allow": [
              {
                "ports": [
                  "80",
                  "22"
                ],
                "protocol": "tcp"
              }
            ],
            "creation_timestamp": "2025-12-11T01:55:13.219-08:00",
            "deny": [],
            "description": "",
            "destination_ranges": [],
            "direction": "INGRESS",
            "disabled": false,
            "enable_logging": null,
            "id": "projects/ft-iac-deux-39878/global/firewalls/ft-iac-deux-allow-web-ssh",
            "log_config": [],
            "name": "ft-iac-deux-allow-web-ssh",
            "network": "https://www.googleapis.com/compute/v1/projects/ft-iac-deux-39878/global/networks/ft-iac-deux-vpc",
            "params": [],
            "priority": 1000,
            "project": "ft-iac-deux-39878",
            "self_link": "https://www.googleapis.com/compute/v1/projects/ft-iac-deux-39878/global/firewalls/ft-iac-deux-allow-web-ssh",
            "source_ranges": [
              "0.0.0.0/0",
              "130.211.0.0/22",
              "35.191.0.0/16"
            ],
            "source_service_accounts": [],
            "source_tags": [],
            "target_service_accounts": [],
            "target_tags": [
              "web-server"
            ],
            "timeouts": null
          },
          "sensitive_attributes": [],
          "identity_schema_version": 0,
          "private": "eyJlMmJmYjczMC1lY2FhLTExZTYtOGY4OC0zNDM2M2JjN2M0YzAiOnsiY3JlYXRlIjoxMjAwMDAwMDAwMDAwLCJkZWxldGUiOjEyMDAwMDAwMDAwMDAsInVwZGF0ZSI6MTIwMDAwMDAwMDAwMH0sInNjaGVtYV92ZXJzaW9uIjoiMSJ9",
          "dependencies": [
            "module.network.google_compute_network.vpc",
            "module.project.google_project.project",
            "module.project.google_project_service.cloudresourcemanager",
            "module.project.google_project_service.compute_api",
            "module.project.google_project_service.dns_api",
            "module.project.google_project_service.domains_api",
            "module.project.google_project_service.networks_api",
            "module.project.random_id.project_suffix"
          ],
          "create_before_destroy": true
        }
      ]
    },
    {
      "module": "module.network",
      "mode": "managed",
      "type": "google_compute_global_address",
      "name": "private_ip_address",
      "provider": "provider[\"registry.terraform.io/hashicorp/google\"]",
      "instances": [
        {
          "schema_version": 0,
          "attributes": {
            "address": "10.79.0.0",
            "address_type": "INTERNAL",
            "creation_timestamp": "2025-12-11T01:55:13.283-08:00",
            "description": "",
            "effective_labels": {
              "goog-terraform-provisioned": "true"
            },
            "id": "projects/ft-iac-deux-39878/global/addresses/ft-iac-deux-private-ip",
            "ip_version": "",
            "label_fingerprint": "vezUS-42LLM=",
            "labels": {},
            "name": "ft-iac-deux-private-ip",
            "network": "https://www.googleapis.com/compute/v1/projects/ft-iac-deux-39878/global/networks/ft-iac-deux-vpc",
            "prefix_length": 16,
            "project": "ft-iac-deux-39878",
            "purpose": "VPC_PEERING",
            "self_link": "https://www.googleapis.com/compute/v1/projects/ft-iac-deux-39878/global/addresses/ft-iac-deux-private-ip",
            "terraform_labels": {
              "goog-terraform-provisioned": "true"
            },
            "timeouts": null
          },
          "sensitive_attributes": [],
          "identity_schema_version": 0,
          "private": "eyJlMmJmYjczMC1lY2FhLTExZTYtOGY4OC0zNDM2M2JjN2M0YzAiOnsiY3JlYXRlIjoxMjAwMDAwMDAwMDAwLCJkZWxldGUiOjEyMDAwMDAwMDAwMDAsInVwZGF0ZSI6MTIwMDAwMDAwMDAwMH19",
          "dependencies": [
            "module.network.google_compute_network.vpc",
            "module.project.google_project.project",
            "module.project.google_project_service.cloudresourcemanager",
            "module.project.google_project_service.compute_api",
            "module.project.google_project_service.dns_api",
            "module.project.google_project_service.domains_api",
            "module.project.google_project_service.networks_api",
            "module.project.random_id.project_suffix"
          ],
          "create_before_destroy": true
        }
      ]
    },
    {
      "module": "module.network",
      "mode": "managed",
      "type": "google_compute_network",
      "name": "vpc",
      "provider": "provider[\"registry.terraform.io/hashicorp/google\"]",
      "instances": [
        {
          "schema_version": 0,
          "attributes": {
            "auto_create_subnetworks": false,
            "bgp_always_compare_med": false,
            "bgp_best_path_selection_mode": "LEGACY",
            "bgp_inter_region_cost": "",
            "delete_default_routes_on_create": false,
            "description": "",
            "enable_ula_internal_ipv6": false,
            "gateway_ipv4": "",
            "id": "projects/ft-iac-deux-39878/global/networks/ft-iac-deux-vpc",
            "internal_ipv6_range": "",
            "mtu": 0,
            "name": "ft-iac-deux-vpc",
            "network_firewall_policy_enforcement_order": "AFTER_CLASSIC_FIREWALL",
            "network_id": "6065590961542998532",
            "network_profile": "",
            "numeric_id": "6065590961542998532",
            "params": [],
            "project": "ft-iac-deux-39878",
            "routing_mode": "REGIONAL",
            "self_link": "https://www.googleapis.com/compute/v1/projects/ft-iac-deux-39878/global/networks/ft-iac-deux-vpc",
            "timeouts": null
          },
          "sensitive_attributes": [],
          "identity_schema_version": 0,
          "private": "eyJlMmJmYjczMC1lY2FhLTExZTYtOGY4OC0zNDM2M2JjN2M0YzAiOnsiY3JlYXRlIjoxMjAwMDAwMDAwMDAwLCJkZWxldGUiOjEyMDAwMDAwMDAwMDAsInVwZGF0ZSI6MTIwMDAwMDAwMDAwMH19",
          "dependencies": [
            "module.project.google_project.project",
            "module.project.google_project_service.cloudresourcemanager",
            "module.project.google_project_service.compute_api",
            "module.project.google_project_service.dns_api",
            "module.project.google_project_service.domains_api",
            "module.project.google_project_service.networks_api",
            "module.project.random_id.project_suffix"
          ],
          "create_before_destroy": true
        }
      ]
    },
    {
      "module": "module.network",
      "mode": "managed",
      "type": "google_compute_router",
      "name": "router",
      "provider": "provider[\"registry.terraform.io/hashicorp/google\"]",
      "instances": [
        {
          "schema_version": 0,
          "attributes": {
            "bgp": [],
            "creation_timestamp": "2025-12-11T01:55:13.636-08:00",
            "description": "",
            "encrypted_interconnect_router": false,
            "id": "projects/ft-iac-deux-39878/regions/us-central1/routers/ft-iac-deux-router",
            "md5_authentication_keys": [],
            "name": "ft-iac-deux-router",
            "network": "https://www.googleapis.com/compute/v1/projects/ft-iac-deux-39878/global/networks/ft-iac-deux-vpc",
            "params": [],
            "project": "ft-iac-deux-39878",
            "region": "us-central1",
            "self_link": "https://www.googleapis.com/compute/v1/projects/ft-iac-deux-39878/regions/us-central1/routers/ft-iac-deux-router",
            "timeouts": null
          },
          "sensitive_attributes": [],
          "identity_schema_version": 0,
          "private": "eyJlMmJmYjczMC1lY2FhLTExZTYtOGY4OC0zNDM2M2JjN2M0YzAiOnsiY3JlYXRlIjoxMjAwMDAwMDAwMDAwLCJkZWxldGUiOjEyMDAwMDAwMDAwMDAsInVwZGF0ZSI6MTIwMDAwMDAwMDAwMH19",
          "dependencies": [
            "module.network.google_compute_network.vpc",
            "module.project.google_project.project",
            "module.project.google_project_service.cloudresourcemanager",
            "module.project.google_project_service.compute_api",
            "module.project.google_project_service.dns_api",
            "module.project.google_project_service.domains_api",
            "module.project.google_project_service.networks_api",
            "module.project.random_id.project_suffix"
          ],
          "create_before_destroy": true
        }
      ]
    },
    {
      "module": "module.network",
      "mode": "managed",
      "type": "google_compute_router_nat",
      "name": "nat",
      "provider": "provider[\"registry.terraform.io/hashicorp/google\"]",
      "instances": [
        {
          "schema_version": 0,
          "attributes": {
            "auto_network_tier": null,
            "drain_nat_ips": [],
            "enable_dynamic_port_allocation": false,
            "enable_endpoint_independent_mapping": false,
            "endpoint_types": [
              "ENDPOINT_TYPE_VM"
            ],
            "icmp_idle_timeout_sec": 30,
            "id": "ft-iac-deux-39878/us-central1/ft-iac-deux-router/ft-iac-deux-nat",
            "initial_nat_ips": null,
            "log_config": [],
            "max_ports_per_vm": 0,
            "min_ports_per_vm": 0,
            "name": "ft-iac-deux-nat",
            "nat64_subnetwork": [],
            "nat_ip_allocate_option": "AUTO_ONLY",
            "nat_ips": [],
            "project": "ft-iac-deux-39878",
            "region": "us-central1",
            "router": "ft-iac-deux-router",
            "rules": [],
            "source_subnetwork_ip_ranges_to_nat": "ALL_SUBNETWORKS_ALL_IP_RANGES",
            "source_subnetwork_ip_ranges_to_nat64": "",
            "subnetwork": [],
            "tcp_established_idle_timeout_sec": 1200,
            "tcp_time_wait_timeout_sec": 120,
            "tcp_transitory_idle_timeout_sec": 30,
            "timeouts": null,
            "type": "PUBLIC",
            "udp_idle_timeout_sec": 30
          },
          "sensitive_attributes": [],
          "identity_schema_version": 0,
          "private": "eyJlMmJmYjczMC1lY2FhLTExZTYtOGY4OC0zNDM2M2JjN2M0YzAiOnsiY3JlYXRlIjoxMjAwMDAwMDAwMDAwLCJkZWxldGUiOjEyMDAwMDAwMDAwMDAsInVwZGF0ZSI6MTIwMDAwMDAwMDAwMH19",
          "dependencies": [
            "module.network.google_compute_network.vpc",
            "module.network.google_compute_router.router",
            "module.project.google_project.project",
            "module.project.google_project_service.cloudresourcemanager",
            "module.project.google_project_service.compute_api",
            "module.project.google_project_service.dns_api",
            "module.project.google_project_service.domains_api",
            "module.project.google_project_service.networks_api",
            "module.project.random_id.project_suffix"
          ],
          "create_before_destroy": true
        }
      ]
    },
    {
      "module": "module.network",
      "mode": "managed",
      "type": "google_compute_subnetwork",
      "name": "subnet",
      "provider": "provider[\"registry.terraform.io/hashicorp/google\"]",
      "instances": [
        {
          "schema_version": 0,
          "attributes": {
            "creation_timestamp": "2025-12-11T01:55:13.776-08:00",
            "description": "",
            "external_ipv6_prefix": "",
            "fingerprint": null,
            "gateway_address": "10.0.1.1",
            "id": "projects/ft-iac-deux-39878/regions/us-central1/subnetworks/ft-iac-deux-subnet",
            "internal_ipv6_prefix": "",
            "ip_cidr_range": "10.0.1.0/24",
            "ip_collection": null,
            "ipv6_access_type": "",
            "ipv6_cidr_range": "",
            "ipv6_gce_endpoint": "",
            "log_config": [],
            "name": "ft-iac-deux-subnet",
            "network": "https://www.googleapis.com/compute/v1/projects/ft-iac-deux-39878/global/networks/ft-iac-deux-vpc",
            "params": [],
            "private_ip_google_access": false,
            "private_ipv6_google_access": "DISABLE_GOOGLE_ACCESS",
            "project": "ft-iac-deux-39878",
            "purpose": "PRIVATE",
            "region": "us-central1",
            "reserved_internal_range": "",
            "role": "",
            "secondary_ip_range": [],
            "self_link": "https://www.googleapis.com/compute/v1/projects/ft-iac-deux-39878/regions/us-central1/subnetworks/ft-iac-deux-subnet",
            "send_secondary_ip_range_if_empty": null,
            "stack_type": "IPV4_ONLY",
            "state": "",
            "subnetwork_id": 134736305431456750,
            "timeouts": null
          },
          "sensitive_attributes": [],
          "identity_schema_version": 0,
          "private": "eyJlMmJmYjczMC1lY2FhLTExZTYtOGY4OC0zNDM2M2JjN2M0YzAiOnsiY3JlYXRlIjoxMjAwMDAwMDAwMDAwLCJkZWxldGUiOjEyMDAwMDAwMDAwMDAsInVwZGF0ZSI6MTIwMDAwMDAwMDAwMH19",
          "dependencies": [
            "module.network.google_compute_network.vpc",
            "module.project.google_project.project",
            "module.project.google_project_service.cloudresourcemanager",
            "module.project.google_project_service.compute_api",
            "module.project.google_project_service.dns_api",
            "module.project.google_project_service.domains_api",
            "module.project.google_project_service.networks_api",
            "module.project.random_id.project_suffix"
          ],
          "create_before_destroy": true
        }
      ]
    },
    {
      "module": "module.network",
      "mode": "managed",
      "type": "google_service_networking_connection",
      "name": "private_vpc_connection",
      "provider": "provider[\"registry.terraform.io/hashicorp/google\"]",
      "instances": [
        {
          "schema_version": 0,
          "attributes": {
            "deletion_policy": "ABANDON",
            "id": "projects%2Fft-iac-deux-39878%2Fglobal%2Fnetworks%2Fft-iac-deux-vpc:servicenetworking.googleapis.com",
            "network": "projects/ft-iac-deux-39878/global/networks/ft-iac-deux-vpc",
            "peering": "servicenetworking-googleapis-com",
            "reserved_peering_ranges": [
              "ft-iac-deux-private-ip"
            ],
            "service": "servicenetworking.googleapis.com",
            "timeouts": null,
            "update_on_creation_fail": null
          },
          "sensitive_attributes": [],
          "identity_schema_version": 0,
          "private": "eyJlMmJmYjczMC1lY2FhLTExZTYtOGY4OC0zNDM2M2JjN2M0YzAiOnsiY3JlYXRlIjo2MDAwMDAwMDAwMDAsImRlbGV0ZSI6NjAwMDAwMDAwMDAwLCJ1cGRhdGUiOjYwMDAwMDAwMDAwMH19",
          "dependencies": [
            "module.network.google_compute_global_address.private_ip_address",
            "module.network.google_compute_network.vpc",
            "module.project.google_project.project",
            "module.project.google_project_service.cloudresourcemanager",
            "module.project.google_project_service.compute_api",
            "module.project.google_project_service.dns_api",
            "module.project.google_project_service.domains_api",
            "module.project.google_project_service.networks_api",
            "module.project.random_id.project_suffix"
          ],
          "create_before_destroy": true
        }
      ]
    },
    {
      "module": "module.project",
      "mode": "managed",
      "type": "google_project",
      "name": "project",
      "provider": "provider[\"registry.terraform.io/hashicorp/google\"]",
      "instances": [
        {
          "schema_version": 1,
          "attributes": {
            "auto_create_network": false,
            "billing_account": "011B8F-1B0107-397831",
            "deletion_policy": "DELETE",
            "effective_labels": {
              "goog-terraform-provisioned": "true"
            },
            "folder_id": null,
            "id": "projects/ft-iac-deux-39878",
            "labels": {},
            "name": "ft-iac-deux",
            "number": "72959575218",
            "org_id": null,
            "project_id": "ft-iac-deux-39878",
            "tags": null,
            "terraform_labels": {
              "goog-terraform-provisioned": "true"
            },
            "timeouts": null
          },
          "sensitive_attributes": [],
          "identity_schema_version": 0,
          "private": "eyJlMmJmYjczMC1lY2FhLTExZTYtOGY4OC0zNDM2M2JjN2M0YzAiOnsiY3JlYXRlIjo2MDAwMDAwMDAwMDAsImRlbGV0ZSI6NjAwMDAwMDAwMDAwLCJyZWFkIjo2MDAwMDAwMDAwMDAsInVwZGF0ZSI6NjAwMDAwMDAwMDAwfSwic2NoZW1hX3ZlcnNpb24iOiIxIn0=",
          "dependencies": [
            "module.project.random_id.project_suffix"
          ],
          "create_before_destroy": true
        }
      ]
    },
    {
      "module": "module.project",
      "mode": "managed",
      "type": "google_project_service",
      "name": "cloudresourcemanager",
      "provider": "provider[\"registry.terraform.io/hashicorp/google\"]",
      "instances": [
        {
          "schema_version": 0,
          "attributes": {
            "disable_dependent_services": null,
            "disable_on_destroy": true,
            "id": "ft-iac-deux-39878/cloudresourcemanager.googleapis.com",
            "project": "ft-iac-deux-39878",
            "service": "cloudresourcemanager.googleapis.com",
            "timeouts": null
          },
          "sensitive_attributes": [],
          "identity_schema_version": 0,
          "private": "eyJlMmJmYjczMC1lY2FhLTExZTYtOGY4OC0zNDM2M2JjN2M0YzAiOnsiY3JlYXRlIjoxMjAwMDAwMDAwMDAwLCJkZWxldGUiOjEyMDAwMDAwMDAwMDAsInJlYWQiOjYwMDAwMDAwMDAwMCwidXBkYXRlIjoxMjAwMDAwMDAwMDAwfX0=",
          "dependencies": [
            "module.project.google_project.project",
            "module.project.random_id.project_suffix"
          ],
          "create_before_destroy": true
        }
      ]
    },
    {
      "module": "module.project",
      "mode": "managed",
      "type": "google_project_service",
      "name": "compute_api",
      "provider": "provider[\"registry.terraform.io/hashicorp/google\"]",
      "instances": [
        {
          "schema_version": 0,
          "attributes": {
            "disable_dependent_services": null,
            "disable_on_destroy": true,
            "id": "ft-iac-deux-39878/compute.googleapis.com",
            "project": "ft-iac-deux-39878",
            "service": "compute.googleapis.com",
            "timeouts": null
          },
          "sensitive_attributes": [],
          "identity_schema_version": 0,
          "private": "eyJlMmJmYjczMC1lY2FhLTExZTYtOGY4OC0zNDM2M2JjN2M0YzAiOnsiY3JlYXRlIjoxMjAwMDAwMDAwMDAwLCJkZWxldGUiOjEyMDAwMDAwMDAwMDAsInJlYWQiOjYwMDAwMDAwMDAwMCwidXBkYXRlIjoxMjAwMDAwMDAwMDAwfX0=",
          "dependencies": [
            "module.project.google_project.project",
            "module.project.random_id.project_suffix"
          ],
          "create_before_destroy": true
        }
      ]
    },
    {
      "module": "module.project",
      "mode": "managed",
      "type": "google_project_service",
      "name": "dns_api",
      "provider": "provider[\"registry.terraform.io/hashicorp/google\"]",
      "instances": [
        {
          "schema_version": 0,
          "attributes": {
            "disable_dependent_services": null,
            "disable_on_destroy": true,
            "id": "ft-iac-deux-39878/dns.googleapis.com",
            "project": "ft-iac-deux-39878",
            "service": "dns.googleapis.com",
            "timeouts": null
          },
          "sensitive_attributes": [],
          "identity_schema_version": 0,
          "private": "eyJlMmJmYjczMC1lY2FhLTExZTYtOGY4OC0zNDM2M2JjN2M0YzAiOnsiY3JlYXRlIjoxMjAwMDAwMDAwMDAwLCJkZWxldGUiOjEyMDAwMDAwMDAwMDAsInJlYWQiOjYwMDAwMDAwMDAwMCwidXBkYXRlIjoxMjAwMDAwMDAwMDAwfX0=",
          "dependencies": [
            "module.project.google_project.project",
            "module.project.random_id.project_suffix"
          ],
          "create_before_destroy": true
        }
      ]
    },
    {
      "module": "module.project",
      "mode": "managed",
      "type": "google_project_service",
      "name": "domains_api",
      "provider": "provider[\"registry.terraform.io/hashicorp/google\"]",
      "instances": [
        {
          "schema_version": 0,
          "attributes": {
            "disable_dependent_services": null,
            "disable_on_destroy": true,
            "id": "ft-iac-deux-39878/domains.googleapis.com",
            "project": "ft-iac-deux-39878",
            "service": "domains.googleapis.com",
            "timeouts": null
          },
          "sensitive_attributes": [],
          "identity_schema_version": 0,
          "private": "eyJlMmJmYjczMC1lY2FhLTExZTYtOGY4OC0zNDM2M2JjN2M0YzAiOnsiY3JlYXRlIjoxMjAwMDAwMDAwMDAwLCJkZWxldGUiOjEyMDAwMDAwMDAwMDAsInJlYWQiOjYwMDAwMDAwMDAwMCwidXBkYXRlIjoxMjAwMDAwMDAwMDAwfX0=",
          "dependencies": [
            "module.project.google_project.project",
            "module.project.random_id.project_suffix"
          ],
          "create_before_destroy": true
        }
      ]
    },
    {
      "module": "module.project",
      "mode": "managed",
      "type": "google_project_service",
      "name": "networks_api",
      "provider": "provider[\"registry.terraform.io/hashicorp/google\"]",
      "instances": [
        {
          "schema_version": 0,
          "attributes": {
            "disable_dependent_services": null,
            "disable_on_destroy": true,
            "id": "ft-iac-deux-39878/servicenetworking.googleapis.com",
            "project": "ft-iac-deux-39878",
            "service": "servicenetworking.googleapis.com",
            "timeouts": null
          },
          "sensitive_attributes": [],
          "identity_schema_version": 0,
          "private": "eyJlMmJmYjczMC1lY2FhLTExZTYtOGY4OC0zNDM2M2JjN2M0YzAiOnsiY3JlYXRlIjoxMjAwMDAwMDAwMDAwLCJkZWxldGUiOjEyMDAwMDAwMDAwMDAsInJlYWQiOjYwMDAwMDAwMDAwMCwidXBkYXRlIjoxMjAwMDAwMDAwMDAwfX0=",
          "dependencies": [
            "module.project.google_project.project",
            "module.project.random_id.project_suffix"
          ],
          "create_before_destroy": true
        }
      ]
    },
    {
      "module": "module.project",
      "mode": "managed",
      "type": "random_id",
      "name": "project_suffix",
      "provider": "provider[\"registry.terraform.io/hashicorp/random\"]",
      "instances": [
        {
          "schema_version": 0,
          "attributes": {
            "b64_std": "m8Y=",
            "b64_url": "m8Y",
            "byte_length": 2,
            "dec": "39878",
            "hex": "9bc6",
            "id": "m8Y",
            "keepers": null,
            "prefix": null
          },
          "sensitive_attributes": [],
          "identity_schema_version": 0,
          "create_before_destroy": true
        }
      ]
    }
  ],
  "check_results": null
}
