{
  "version": 4,
  "terraform_version": "1.14.1",
  "serial": 506,
  "lineage": "899f23e1-1c12-231f-e34b-0f29dabac098",
  "outputs": {
    "doc_url": {
      "value": "https://ft-iac-trois-doc.storage.googleapis.com/index.html",
      "type": "string"
    },
    "project_id": {
      "value": "ft-iac-trois-39878",
      "type": "string"
    },
    "public_ip": {
      "value": "34.120.92.21",
      "type": "string"
    },
    "public_ip_http": {
      "value": "34.120.92.21",
      "type": "string"
    }
  },
  "resources": [
    {
      "module": "module.autoscaling",
      "mode": "managed",
      "type": "google_compute_instance_template",
      "name": "app_template",
      "provider": "provider[\"registry.terraform.io/hashicorp/google\"]",
      "instances": [
        {
          "schema_version": 1,
          "attributes": {
            "advanced_machine_features": [],
            "can_ip_forward": false,
            "confidential_instance_config": [],
            "creation_timestamp": "2025-12-11T07:48:25.028-08:00",
            "description": "",
            "disk": [
              {
                "architecture": "",
                "auto_delete": true,
                "boot": true,
                "device_name": "persistent-disk-0",
                "disk_encryption_key": [],
                "disk_name": "",
                "disk_size_gb": 0,
                "disk_type": "pd-standard",
                "guest_os_features": [],
                "interface": "",
                "labels": {},
                "mode": "READ_WRITE",
                "provisioned_iops": 0,
                "provisioned_throughput": 0,
                "resource_manager_tags": {},
                "resource_policies": [],
                "source": "",
                "source_image": "projects/ubuntu-os-cloud/global/images/family/ubuntu-2204-lts",
                "source_image_encryption_key": [],
                "source_snapshot": "",
                "source_snapshot_encryption_key": [],
                "type": "PERSISTENT"
              }
            ],
            "effective_labels": {
              "goog-terraform-provisioned": "true"
            },
            "guest_accelerator": [],
            "id": "projects/ft-iac-trois-39878/global/instanceTemplates/ft-iac-trois-template-20251211154824647400000001",
            "instance_description": "",
            "key_revocation_action_type": "",
            "labels": {},
            "machine_type": "e2-small",
            "metadata": {},
            "metadata_fingerprint": "OwtWCjxLIhQ=",
            "metadata_startup_script": "#!/bin/bash\n\nwait_for_apt() {\n  TIMEOUT=120\n  START_TIME=$(date +%s)\n  while ! apt-get update \u003e/dev/null 2\u003e\u00261 \u0026\u0026 [ $(( $(date +%s) - $START_TIME )) -lt $TIMEOUT ]; do\n    echo \"Waiting for apt lock to clear...\"\n    sleep 5\n  done\n}\n\necho \"Starting user-data script execution...\" \u003e\u003e /var/log/cloud-init-output.log\n\nwait_for_apt\napt-get update -y\necho \"APT update finished.\" \u003e\u003e /var/log/cloud-init-output.log\n\napt-get install -y docker.io docker-compose -qqy \necho \"Docker installed.\" \u003e\u003e /var/log/cloud-init-output.log\n\nsystemctl start docker\nsystemctl enable docker\necho \"Docker service started and enabled.\" \u003e\u003e /var/log/cloud-init-output.log\n\nsleep 10 \n\necho \"Launching app...\" \u003e\u003e /var/log/cloud-init-output.log\n\ndocker run -d -p 80:3000 \\\n  -e MYSQL_HOST=10.210.0.3 \\\n  -e MYSQL_USER=ft-iac-trois-user \\\n  -e MYSQL_PASSWORD=UyOhnRlJBUtQApXtqAGJ \\\n  -e MYSQL_DATABASE=ft-iac-trois-db \\\n  -e MYSQL_PORT=3306 \\\n  -e DB_INIT_SYNC=true \\\n  --name my-app \\\n  iksm69/ft_iac_app:latest\n\necho \"Application launched.\" \u003e\u003e /var/log/cloud-init-output.log\n\necho \"User-data script finished successfully.\" \u003e\u003e /var/log/cloud-init-output.log",
            "min_cpu_platform": "",
            "name": "ft-iac-trois-template-20251211154824647400000001",
            "name_prefix": "ft-iac-trois-template-",
            "network_interface": [
              {
                "access_config": [],
                "alias_ip_range": [],
                "internal_ipv6_prefix_length": 0,
                "ipv6_access_config": [],
                "ipv6_access_type": "",
                "ipv6_address": "",
                "name": "nic0",
                "network": "https://www.googleapis.com/compute/v1/projects/ft-iac-trois-39878/global/networks/ft-iac-trois-vpc",
                "network_ip": "",
                "nic_type": "",
                "queue_count": 0,
                "stack_type": "",
                "subnetwork": "https://www.googleapis.com/compute/v1/projects/ft-iac-trois-39878/regions/us-central1/subnetworks/ft-iac-trois-subnet",
                "subnetwork_project": "ft-iac-trois-39878"
              }
            ],
            "network_performance_config": [],
            "numeric_id": "1765938487583267111",
            "project": "ft-iac-trois-39878",
            "region": "us-central1",
            "reservation_affinity": [],
            "resource_manager_tags": null,
            "resource_policies": null,
            "scheduling": [
              {
                "automatic_restart": true,
                "availability_domain": 0,
                "instance_termination_action": "",
                "local_ssd_recovery_timeout": [],
                "max_run_duration": [],
                "min_node_cpus": 0,
                "node_affinities": [],
                "on_host_maintenance": "MIGRATE",
                "on_instance_stop_action": [],
                "preemptible": false,
                "provisioning_model": "STANDARD",
                "termination_time": ""
              }
            ],
            "self_link": "https://www.googleapis.com/compute/v1/projects/ft-iac-trois-39878/global/instanceTemplates/ft-iac-trois-template-20251211154824647400000001",
            "self_link_unique": "https://www.googleapis.com/compute/v1/projects/ft-iac-trois-39878/global/instanceTemplates/ft-iac-trois-template-20251211154824647400000001?uniqueId=1765938487583267111",
            "service_account": [],
            "shielded_instance_config": [],
            "tags": [
              "web-server"
            ],
            "tags_fingerprint": "",
            "terraform_labels": {
              "goog-terraform-provisioned": "true"
            },
            "timeouts": null
          },
          "sensitive_attributes": [
            [
              {
                "type": "get_attr",
                "value": "metadata_startup_script"
              }
            ]
          ],
          "identity_schema_version": 0,
          "private": "eyJlMmJmYjczMC1lY2FhLTExZTYtOGY4OC0zNDM2M2JjN2M0YzAiOnsiY3JlYXRlIjoyNDAwMDAwMDAwMDAsImRlbGV0ZSI6MjQwMDAwMDAwMDAwfSwic2NoZW1hX3ZlcnNpb24iOiIxIn0=",
          "dependencies": [
            "module.database.google_sql_database.database",
            "module.database.google_sql_database_instance.instance",
            "module.database.google_sql_user.users",
            "module.database.random_password.password",
            "module.network.google_compute_firewall.allow_web",
            "module.network.google_compute_global_address.private_ip_address",
            "module.network.google_compute_network.vpc",
            "module.network.google_compute_router.router",
            "module.network.google_compute_router_nat.nat",
            "module.network.google_compute_subnetwork.subnet",
            "module.network.google_service_networking_connection.private_vpc_connection",
            "module.project.google_project.project",
            "module.project.google_project_service.cloudresourcemanager",
            "module.project.google_project_service.compute_api",
            "module.project.google_project_service.dns_api",
            "module.project.google_project_service.domains_api",
            "module.project.google_project_service.networks_api",
            "module.project.random_id.project_suffix"
          ],
          "create_before_destroy": true
        }
      ]
    },
    {
      "module": "module.autoscaling",
      "mode": "managed",
      "type": "google_compute_region_autoscaler",
      "name": "app_autoscaler",
      "provider": "provider[\"registry.terraform.io/hashicorp/google\"]",
      "instances": [
        {
          "schema_version": 0,
          "attributes": {
            "autoscaling_policy": [
              {
                "cooldown_period": 60,
                "cpu_utilization": [
                  {
                    "predictive_method": "NONE",
                    "target": 0.6
                  }
                ],
                "load_balancing_utilization": [],
                "max_replicas": 4,
                "metric": [],
                "min_replicas": 2,
                "mode": "ON",
                "scale_in_control": [],
                "scaling_schedules": []
              }
            ],
            "creation_timestamp": "2025-12-11T07:48:49.389-08:00",
            "description": "",
            "id": "projects/ft-iac-trois-39878/regions/us-central1/autoscalers/ft-iac-trois-autoscaler",
            "name": "ft-iac-trois-autoscaler",
            "project": "ft-iac-trois-39878",
            "region": "us-central1",
            "self_link": "https://www.googleapis.com/compute/v1/projects/ft-iac-trois-39878/regions/us-central1/autoscalers/ft-iac-trois-autoscaler",
            "target": "https://www.googleapis.com/compute/v1/projects/ft-iac-trois-39878/regions/us-central1/instanceGroupManagers/ft-iac-trois-mig",
            "timeouts": null
          },
          "sensitive_attributes": [],
          "identity_schema_version": 0,
          "private": "eyJlMmJmYjczMC1lY2FhLTExZTYtOGY4OC0zNDM2M2JjN2M0YzAiOnsiY3JlYXRlIjoxMjAwMDAwMDAwMDAwLCJkZWxldGUiOjEyMDAwMDAwMDAwMDAsInVwZGF0ZSI6MTIwMDAwMDAwMDAwMH19",
          "dependencies": [
            "module.autoscaling.google_compute_instance_template.app_template",
            "module.autoscaling.google_compute_region_instance_group_manager.app_mig",
            "module.database.google_sql_database.database",
            "module.database.google_sql_database_instance.instance",
            "module.database.google_sql_user.users",
            "module.database.random_password.password",
            "module.network.google_compute_firewall.allow_web",
            "module.network.google_compute_global_address.private_ip_address",
            "module.network.google_compute_network.vpc",
            "module.network.google_compute_router.router",
            "module.network.google_compute_router_nat.nat",
            "module.network.google_compute_subnetwork.subnet",
            "module.network.google_service_networking_connection.private_vpc_connection",
            "module.project.google_project.project",
            "module.project.google_project_service.cloudresourcemanager",
            "module.project.google_project_service.compute_api",
            "module.project.google_project_service.dns_api",
            "module.project.google_project_service.domains_api",
            "module.project.google_project_service.networks_api",
            "module.project.random_id.project_suffix"
          ]
        }
      ]
    },
    {
      "module": "module.autoscaling",
      "mode": "managed",
      "type": "google_compute_region_instance_group_manager",
      "name": "app_mig",
      "provider": "provider[\"registry.terraform.io/hashicorp/google\"]",
      "instances": [
        {
          "schema_version": 0,
          "attributes": {
            "all_instances_config": [],
            "auto_healing_policies": [],
            "base_instance_name": "ft-iac-trois-app",
            "creation_timestamp": "2025-12-11T07:48:26.619-08:00",
            "description": "",
            "distribution_policy_target_shape": "EVEN",
            "distribution_policy_zones": [
              "us-central1-b",
              "us-central1-c",
              "us-central1-f"
            ],
            "fingerprint": "pDCvuGriRM4=",
            "id": "projects/ft-iac-trois-39878/regions/us-central1/instanceGroupManagers/ft-iac-trois-mig",
            "instance_flexibility_policy": [],
            "instance_group": "https://www.googleapis.com/compute/v1/projects/ft-iac-trois-39878/regions/us-central1/instanceGroups/ft-iac-trois-mig",
            "instance_group_manager_id": 7020409710961973541,
            "instance_lifecycle_policy": [
              {
                "default_action_on_failure": "REPAIR",
                "force_update_on_repair": "NO"
              }
            ],
            "list_managed_instances_results": "PAGELESS",
            "name": "ft-iac-trois-mig",
            "named_port": [
              {
                "name": "http",
                "port": 80
              }
            ],
            "project": "ft-iac-trois-39878",
            "region": "us-central1",
            "self_link": "https://www.googleapis.com/compute/v1/projects/ft-iac-trois-39878/regions/us-central1/instanceGroupManagers/ft-iac-trois-mig",
            "standby_policy": [
              {
                "initial_delay_sec": 0,
                "mode": "MANUAL"
              }
            ],
            "stateful_disk": [],
            "stateful_external_ip": [],
            "stateful_internal_ip": [],
            "status": [
              {
                "all_instances_config": [
                  {
                    "current_revision": "",
                    "effective": true
                  }
                ],
                "is_stable": true,
                "stateful": [
                  {
                    "has_stateful_config": false,
                    "per_instance_configs": [
                      {
                        "all_effective": true
                      }
                    ]
                  }
                ],
                "version_target": [
                  {
                    "is_reached": true
                  }
                ]
              }
            ],
            "target_pools": [],
            "target_size": 2,
            "target_stopped_size": 0,
            "target_suspended_size": 0,
            "timeouts": null,
            "update_policy": [
              {
                "instance_redistribution_type": "PROACTIVE",
                "max_surge_fixed": 3,
                "max_surge_percent": 0,
                "max_unavailable_fixed": 3,
                "max_unavailable_percent": 0,
                "minimal_action": "REPLACE",
                "most_disruptive_allowed_action": "",
                "replacement_method": "SUBSTITUTE",
                "type": "OPPORTUNISTIC"
              }
            ],
            "version": [
              {
                "instance_template": "https://www.googleapis.com/compute/v1/projects/ft-iac-trois-39878/global/instanceTemplates/ft-iac-trois-template-20251211154824647400000001",
                "name": "",
                "target_size": []
              }
            ],
            "wait_for_instances": false,
            "wait_for_instances_status": "STABLE"
          },
          "sensitive_attributes": [],
          "identity_schema_version": 0,
          "private": "eyJlMmJmYjczMC1lY2FhLTExZTYtOGY4OC0zNDM2M2JjN2M0YzAiOnsiY3JlYXRlIjo5MDAwMDAwMDAwMDAsImRlbGV0ZSI6OTAwMDAwMDAwMDAwLCJ1cGRhdGUiOjkwMDAwMDAwMDAwMH19",
          "dependencies": [
            "module.autoscaling.google_compute_instance_template.app_template",
            "module.database.google_sql_database.database",
            "module.database.google_sql_database_instance.instance",
            "module.database.google_sql_user.users",
            "module.database.random_password.password",
            "module.network.google_compute_firewall.allow_web",
            "module.network.google_compute_global_address.private_ip_address",
            "module.network.google_compute_network.vpc",
            "module.network.google_compute_router.router",
            "module.network.google_compute_router_nat.nat",
            "module.network.google_compute_subnetwork.subnet",
            "module.network.google_service_networking_connection.private_vpc_connection",
            "module.project.google_project.project",
            "module.project.google_project_service.cloudresourcemanager",
            "module.project.google_project_service.compute_api",
            "module.project.google_project_service.dns_api",
            "module.project.google_project_service.domains_api",
            "module.project.google_project_service.networks_api",
            "module.project.random_id.project_suffix"
          ]
        }
      ]
    },
    {
      "module": "module.bucket-doc",
      "mode": "managed",
      "type": "google_storage_bucket",
      "name": "static_doc",
      "provider": "provider[\"registry.terraform.io/hashicorp/google\"]",
      "instances": [
        {
          "schema_version": 4,
          "attributes": {
            "autoclass": [],
            "cors": [],
            "custom_placement_config": [],
            "default_event_based_hold": false,
            "effective_labels": {
              "goog-terraform-provisioned": "true"
            },
            "enable_object_retention": false,
            "encryption": [],
            "force_destroy": true,
            "hierarchical_namespace": [
              {
                "enabled": false
              }
            ],
            "id": "ft-iac-trois-doc",
            "ip_filter": [],
            "labels": {},
            "lifecycle_rule": [],
            "location": "US-CENTRAL1",
            "logging": [],
            "name": "ft-iac-trois-doc",
            "project": "ft-iac-trois-39878",
            "project_number": 871279731830,
            "public_access_prevention": "inherited",
            "requester_pays": false,
            "retention_policy": [],
            "rpo": null,
            "self_link": "https://www.googleapis.com/storage/v1/b/ft-iac-trois-doc",
            "soft_delete_policy": [
              {
                "effective_time": "2025-12-12T08:22:32.830Z",
                "retention_duration_seconds": 604800
              }
            ],
            "storage_class": "STANDARD",
            "terraform_labels": {
              "goog-terraform-provisioned": "true"
            },
            "time_created": "2025-12-12T08:22:32.830Z",
            "timeouts": null,
            "uniform_bucket_level_access": false,
            "updated": "2025-12-12T08:22:34.237Z",
            "url": "gs://ft-iac-trois-doc",
            "versioning": [],
            "website": [
              {
                "main_page_suffix": "index.html",
                "not_found_page": "404.html"
              }
            ]
          },
          "sensitive_attributes": [],
          "identity_schema_version": 0,
          "private": "eyJlMmJmYjczMC1lY2FhLTExZTYtOGY4OC0zNDM2M2JjN2M0YzAiOnsiY3JlYXRlIjo2MDAwMDAwMDAwMDAsInJlYWQiOjI0MDAwMDAwMDAwMCwidXBkYXRlIjoyNDAwMDAwMDAwMDB9LCJzY2hlbWFfdmVyc2lvbiI6IjQifQ==",
          "dependencies": [
            "module.project.google_project.project",
            "module.project.google_project_service.cloudresourcemanager",
            "module.project.google_project_service.compute_api",
            "module.project.google_project_service.dns_api",
            "module.project.google_project_service.domains_api",
            "module.project.google_project_service.networks_api",
            "module.project.random_id.project_suffix"
          ]
        }
      ]
    },
    {
      "module": "module.bucket-doc",
      "mode": "managed",
      "type": "google_storage_bucket_iam_member",
      "name": "public_rule",
      "provider": "provider[\"registry.terraform.io/hashicorp/google\"]",
      "instances": [
        {
          "schema_version": 0,
          "attributes": {
            "bucket": "b/ft-iac-trois-doc",
            "condition": [],
            "etag": "CAI=",
            "id": "b/ft-iac-trois-doc/roles/storage.objectViewer/allUsers",
            "member": "allUsers",
            "role": "roles/storage.objectViewer",
            "timeouts": null
          },
          "sensitive_attributes": [],
          "identity_schema_version": 0,
          "private": "eyJlMmJmYjczMC1lY2FhLTExZTYtOGY4OC0zNDM2M2JjN2M0YzAiOnsiY3JlYXRlIjoxMjAwMDAwMDAwMDAwfX0=",
          "dependencies": [
            "module.bucket-doc.google_storage_bucket.static_doc",
            "module.project.google_project.project",
            "module.project.google_project_service.cloudresourcemanager",
            "module.project.google_project_service.compute_api",
            "module.project.google_project_service.dns_api",
            "module.project.google_project_service.domains_api",
            "module.project.google_project_service.networks_api",
            "module.project.random_id.project_suffix"
          ]
        }
      ]
    },
    {
      "module": "module.bucket-doc",
      "mode": "managed",
      "type": "google_storage_bucket_object",
      "name": "doc_files_object",
      "provider": "provider[\"registry.terraform.io/hashicorp/google\"]",
      "instances": [
        {
          "index_key": "about.html",
          "schema_version": 0,
          "attributes": {
            "bucket": "ft-iac-trois-doc",
            "cache_control": "",
            "content": null,
            "content_disposition": "",
            "content_encoding": "",
            "content_language": "",
            "content_type": "text/html",
            "crc32c": "WStk1Q==",
            "customer_encryption": [],
            "deletion_policy": null,
            "detect_md5hash": "kcCblzofHa3p1bi8fg+wgQ==",
            "event_based_hold": false,
            "force_empty_content_type": null,
            "generation": 1765527753710363,
            "id": "ft-iac-trois-doc-about.html",
            "kms_key_name": "",
            "md5hash": "kcCblzofHa3p1bi8fg+wgQ==",
            "md5hexhash": "91c09b973a1f1dade9d5b8bc7e0fb081",
            "media_link": "https://storage.googleapis.com/download/storage/v1/b/ft-iac-trois-doc/o/about.html?generation=1765527753710363\u0026alt=media",
            "metadata": {},
            "name": "about.html",
            "output_name": "about.html",
            "retention": [],
            "self_link": "https://www.googleapis.com/storage/v1/b/ft-iac-trois-doc/o/about.html",
            "source": "./site/about.html",
            "source_md5hash": "",
            "storage_class": "STANDARD",
            "temporary_hold": false,
            "timeouts": null
          },
          "sensitive_attributes": [
            [
              {
                "type": "get_attr",
                "value": "content"
              }
            ]
          ],
          "identity_schema_version": 0,
          "private": "eyJlMmJmYjczMC1lY2FhLTExZTYtOGY4OC0zNDM2M2JjN2M0YzAiOnsiY3JlYXRlIjoyNDAwMDAwMDAwMDAsImRlbGV0ZSI6MjQwMDAwMDAwMDAwLCJ1cGRhdGUiOjI0MDAwMDAwMDAwMH19",
          "dependencies": [
            "module.bucket-doc.google_storage_bucket.static_doc",
            "module.project.google_project.project",
            "module.project.google_project_service.cloudresourcemanager",
            "module.project.google_project_service.compute_api",
            "module.project.google_project_service.dns_api",
            "module.project.google_project_service.domains_api",
            "module.project.google_project_service.networks_api",
            "module.project.random_id.project_suffix"
          ]
        },
        {
          "index_key": "css/bootstrap-theme.min.css",
          "schema_version": 0,
          "attributes": {
            "bucket": "ft-iac-trois-doc",
            "cache_control": "",
            "content": null,
            "content_disposition": "",
            "content_encoding": "",
            "content_language": "",
            "content_type": "text/css",
            "crc32c": "m+P+aA==",
            "customer_encryption": [],
            "deletion_policy": null,
            "detect_md5hash": "LGZqNbK6KSogUe7ORvYKBw==",
            "event_based_hold": false,
            "force_empty_content_type": null,
            "generation": 1765527753710396,
            "id": "ft-iac-trois-doc-css/bootstrap-theme.min.css",
            "kms_key_name": "",
            "md5hash": "LGZqNbK6KSogUe7ORvYKBw==",
            "md5hexhash": "2c666a35b2ba292a2051eece46f60a07",
            "media_link": "https://storage.googleapis.com/download/storage/v1/b/ft-iac-trois-doc/o/css%2Fbootstrap-theme.min.css?generation=1765527753710396\u0026alt=media",
            "metadata": {},
            "name": "css/bootstrap-theme.min.css",
            "output_name": "css/bootstrap-theme.min.css",
            "retention": [],
            "self_link": "https://www.googleapis.com/storage/v1/b/ft-iac-trois-doc/o/css%2Fbootstrap-theme.min.css",
            "source": "./site/css/bootstrap-theme.min.css",
            "source_md5hash": "",
            "storage_class": "STANDARD",
            "temporary_hold": false,
            "timeouts": null
          },
          "sensitive_attributes": [
            [
              {
                "type": "get_attr",
                "value": "content"
              }
            ]
          ],
          "identity_schema_version": 0,
          "private": "eyJlMmJmYjczMC1lY2FhLTExZTYtOGY4OC0zNDM2M2JjN2M0YzAiOnsiY3JlYXRlIjoyNDAwMDAwMDAwMDAsImRlbGV0ZSI6MjQwMDAwMDAwMDAwLCJ1cGRhdGUiOjI0MDAwMDAwMDAwMH19",
          "dependencies": [
            "module.bucket-doc.google_storage_bucket.static_doc",
            "module.project.google_project.project",
            "module.project.google_project_service.cloudresourcemanager",
            "module.project.google_project_service.compute_api",
            "module.project.google_project_service.dns_api",
            "module.project.google_project_service.domains_api",
            "module.project.google_project_service.networks_api",
            "module.project.random_id.project_suffix"
          ]
        },
        {
          "index_key": "css/bootstrap.min.css",
          "schema_version": 0,
          "attributes": {
            "bucket": "ft-iac-trois-doc",
            "cache_control": "",
            "content": null,
            "content_disposition": "",
            "content_encoding": "",
            "content_language": "",
            "content_type": "text/css",
            "crc32c": "egu1kQ==",
            "customer_encryption": [],
            "deletion_policy": null,
            "detect_md5hash": "hCUQxJWekwRQK5kw68IIZg==",
            "event_based_hold": false,
            "force_empty_content_type": null,
            "generation": 1765527754410752,
            "id": "ft-iac-trois-doc-css/bootstrap.min.css",
            "kms_key_name": "",
            "md5hash": "hCUQxJWekwRQK5kw68IIZg==",
            "md5hexhash": "842510c4959e9304502b9930ebc20866",
            "media_link": "https://storage.googleapis.com/download/storage/v1/b/ft-iac-trois-doc/o/css%2Fbootstrap.min.css?generation=1765527754410752\u0026alt=media",
            "metadata": {},
            "name": "css/bootstrap.min.css",
            "output_name": "css/bootstrap.min.css",
            "retention": [],
            "self_link": "https://www.googleapis.com/storage/v1/b/ft-iac-trois-doc/o/css%2Fbootstrap.min.css",
            "source": "./site/css/bootstrap.min.css",
            "source_md5hash": "",
            "storage_class": "STANDARD",
            "temporary_hold": false,
            "timeouts": null
          },
          "sensitive_attributes": [
            [
              {
                "type": "get_attr",
                "value": "content"
              }
            ]
          ],
          "identity_schema_version": 0,
          "private": "eyJlMmJmYjczMC1lY2FhLTExZTYtOGY4OC0zNDM2M2JjN2M0YzAiOnsiY3JlYXRlIjoyNDAwMDAwMDAwMDAsImRlbGV0ZSI6MjQwMDAwMDAwMDAwLCJ1cGRhdGUiOjI0MDAwMDAwMDAwMH19",
          "dependencies": [
            "module.bucket-doc.google_storage_bucket.static_doc",
            "module.project.google_project.project",
            "module.project.google_project_service.cloudresourcemanager",
            "module.project.google_project_service.compute_api",
            "module.project.google_project_service.dns_api",
            "module.project.google_project_service.domains_api",
            "module.project.google_project_service.networks_api",
            "module.project.random_id.project_suffix"
          ]
        },
        {
          "index_key": "css/font-awesome.min.css",
          "schema_version": 0,
          "attributes": {
            "bucket": "ft-iac-trois-doc",
            "cache_control": "",
            "content": null,
            "content_disposition": "",
            "content_encoding": "",
            "content_language": "",
            "content_type": "text/css",
            "crc32c": "xXYmoQ==",
            "customer_encryption": [],
            "deletion_policy": null,
            "detect_md5hash": "JpVQUwzBJ7aqWjWSWn3mzg==",
            "event_based_hold": false,
            "force_empty_content_type": null,
            "generation": 1765527754910749,
            "id": "ft-iac-trois-doc-css/font-awesome.min.css",
            "kms_key_name": "",
            "md5hash": "JpVQUwzBJ7aqWjWSWn3mzg==",
            "md5hexhash": "269550530cc127b6aa5a35925a7de6ce",
            "media_link": "https://storage.googleapis.com/download/storage/v1/b/ft-iac-trois-doc/o/css%2Ffont-awesome.min.css?generation=1765527754910749\u0026alt=media",
            "metadata": {},
            "name": "css/font-awesome.min.css",
            "output_name": "css/font-awesome.min.css",
            "retention": [],
            "self_link": "https://www.googleapis.com/storage/v1/b/ft-iac-trois-doc/o/css%2Ffont-awesome.min.css",
            "source": "./site/css/font-awesome.min.css",
            "source_md5hash": "",
            "storage_class": "STANDARD",
            "temporary_hold": false,
            "timeouts": null
          },
          "sensitive_attributes": [
            [
              {
                "type": "get_attr",
                "value": "content"
              }
            ]
          ],
          "identity_schema_version": 0,
          "private": "eyJlMmJmYjczMC1lY2FhLTExZTYtOGY4OC0zNDM2M2JjN2M0YzAiOnsiY3JlYXRlIjoyNDAwMDAwMDAwMDAsImRlbGV0ZSI6MjQwMDAwMDAwMDAwLCJ1cGRhdGUiOjI0MDAwMDAwMDAwMH19",
          "dependencies": [
            "module.bucket-doc.google_storage_bucket.static_doc",
            "module.project.google_project.project",
            "module.project.google_project_service.cloudresourcemanager",
            "module.project.google_project_service.compute_api",
            "module.project.google_project_service.dns_api",
            "module.project.google_project_service.domains_api",
            "module.project.google_project_service.networks_api",
            "module.project.random_id.project_suffix"
          ]
        },
        {
          "index_key": "css/fonts/Fixedsys500c.eot",
          "schema_version": 0,
          "attributes": {
            "bucket": "ft-iac-trois-doc",
            "cache_control": "",
            "content": null,
            "content_disposition": "",
            "content_encoding": "",
            "content_language": "",
            "content_type": "text/plain",
            "crc32c": "VllE2g==",
            "customer_encryption": [],
            "deletion_policy": null,
            "detect_md5hash": "G2gxEcs7C45JcwfCxyPA1Q==",
            "event_based_hold": false,
            "force_empty_content_type": null,
            "generation": 1765527755710157,
            "id": "ft-iac-trois-doc-css/fonts/Fixedsys500c.eot",
            "kms_key_name": "",
            "md5hash": "G2gxEcs7C45JcwfCxyPA1Q==",
            "md5hexhash": "1b683111cb3b0b8e497307c2c723c0d5",
            "media_link": "https://storage.googleapis.com/download/storage/v1/b/ft-iac-trois-doc/o/css%2Ffonts%2FFixedsys500c.eot?generation=1765527755710157\u0026alt=media",
            "metadata": {},
            "name": "css/fonts/Fixedsys500c.eot",
            "output_name": "css/fonts/Fixedsys500c.eot",
            "retention": [],
            "self_link": "https://www.googleapis.com/storage/v1/b/ft-iac-trois-doc/o/css%2Ffonts%2FFixedsys500c.eot",
            "source": "./site/css/fonts/Fixedsys500c.eot",
            "source_md5hash": "",
            "storage_class": "STANDARD",
            "temporary_hold": false,
            "timeouts": null
          },
          "sensitive_attributes": [
            [
              {
                "type": "get_attr",
                "value": "content"
              }
            ]
          ],
          "identity_schema_version": 0,
          "private": "eyJlMmJmYjczMC1lY2FhLTExZTYtOGY4OC0zNDM2M2JjN2M0YzAiOnsiY3JlYXRlIjoyNDAwMDAwMDAwMDAsImRlbGV0ZSI6MjQwMDAwMDAwMDAwLCJ1cGRhdGUiOjI0MDAwMDAwMDAwMH19",
          "dependencies": [
            "module.bucket-doc.google_storage_bucket.static_doc",
            "module.project.google_project.project",
            "module.project.google_project_service.cloudresourcemanager",
            "module.project.google_project_service.compute_api",
            "module.project.google_project_service.dns_api",
            "module.project.google_project_service.domains_api",
            "module.project.google_project_service.networks_api",
            "module.project.random_id.project_suffix"
          ]
        },
        {
          "index_key": "css/fonts/Fixedsys500c.svg",
          "schema_version": 0,
          "attributes": {
            "bucket": "ft-iac-trois-doc",
            "cache_control": "",
            "content": null,
            "content_disposition": "",
            "content_encoding": "",
            "content_language": "",
            "content_type": "image/svg+xml",
            "crc32c": "aOZloQ==",
            "customer_encryption": [],
            "deletion_policy": null,
            "detect_md5hash": "K/iExpoFCJog1EPB0q8vlQ==",
            "event_based_hold": false,
            "force_empty_content_type": null,
            "generation": 1765527754009782,
            "id": "ft-iac-trois-doc-css/fonts/Fixedsys500c.svg",
            "kms_key_name": "",
            "md5hash": "K/iExpoFCJog1EPB0q8vlQ==",
            "md5hexhash": "2bf884c69a05089a20d443c1d2af2f95",
            "media_link": "https://storage.googleapis.com/download/storage/v1/b/ft-iac-trois-doc/o/css%2Ffonts%2FFixedsys500c.svg?generation=1765527754009782\u0026alt=media",
            "metadata": {},
            "name": "css/fonts/Fixedsys500c.svg",
            "output_name": "css/fonts/Fixedsys500c.svg",
            "retention": [],
            "self_link": "https://www.googleapis.com/storage/v1/b/ft-iac-trois-doc/o/css%2Ffonts%2FFixedsys500c.svg",
            "source": "./site/css/fonts/Fixedsys500c.svg",
            "source_md5hash": "",
            "storage_class": "STANDARD",
            "temporary_hold": false,
            "timeouts": null
          },
          "sensitive_attributes": [
            [
              {
                "type": "get_attr",
                "value": "content"
              }
            ]
          ],
          "identity_schema_version": 0,
          "private": "eyJlMmJmYjczMC1lY2FhLTExZTYtOGY4OC0zNDM2M2JjN2M0YzAiOnsiY3JlYXRlIjoyNDAwMDAwMDAwMDAsImRlbGV0ZSI6MjQwMDAwMDAwMDAwLCJ1cGRhdGUiOjI0MDAwMDAwMDAwMH19",
          "dependencies": [
            "module.bucket-doc.google_storage_bucket.static_doc",
            "module.project.google_project.project",
            "module.project.google_project_service.cloudresourcemanager",
            "module.project.google_project_service.compute_api",
            "module.project.google_project_service.dns_api",
            "module.project.google_project_service.domains_api",
            "module.project.google_project_service.networks_api",
            "module.project.random_id.project_suffix"
          ]
        },
        {
          "index_key": "css/fonts/Fixedsys500c.ttf",
          "schema_version": 0,
          "attributes": {
            "bucket": "ft-iac-trois-doc",
            "cache_control": "",
            "content": null,
            "content_disposition": "",
            "content_encoding": "",
            "content_language": "",
            "content_type": "text/plain",
            "crc32c": "wWNMVw==",
            "customer_encryption": [],
            "deletion_policy": null,
            "detect_md5hash": "ithNIERL+WecxXOUJOlVDw==",
            "event_based_hold": false,
            "force_empty_content_type": null,
            "generation": 1765527754209991,
            "id": "ft-iac-trois-doc-css/fonts/Fixedsys500c.ttf",
            "kms_key_name": "",
            "md5hash": "ithNIERL+WecxXOUJOlVDw==",
            "md5hexhash": "8ad84d20444bf9679cc5739424e9550f",
            "media_link": "https://storage.googleapis.com/download/storage/v1/b/ft-iac-trois-doc/o/css%2Ffonts%2FFixedsys500c.ttf?generation=1765527754209991\u0026alt=media",
            "metadata": {},
            "name": "css/fonts/Fixedsys500c.ttf",
            "output_name": "css/fonts/Fixedsys500c.ttf",
            "retention": [],
            "self_link": "https://www.googleapis.com/storage/v1/b/ft-iac-trois-doc/o/css%2Ffonts%2FFixedsys500c.ttf",
            "source": "./site/css/fonts/Fixedsys500c.ttf",
            "source_md5hash": "",
            "storage_class": "STANDARD",
            "temporary_hold": false,
            "timeouts": null
          },
          "sensitive_attributes": [
            [
              {
                "type": "get_attr",
                "value": "content"
              }
            ]
          ],
          "identity_schema_version": 0,
          "private": "eyJlMmJmYjczMC1lY2FhLTExZTYtOGY4OC0zNDM2M2JjN2M0YzAiOnsiY3JlYXRlIjoyNDAwMDAwMDAwMDAsImRlbGV0ZSI6MjQwMDAwMDAwMDAwLCJ1cGRhdGUiOjI0MDAwMDAwMDAwMH19",
          "dependencies": [
            "module.bucket-doc.google_storage_bucket.static_doc",
            "module.project.google_project.project",
            "module.project.google_project_service.cloudresourcemanager",
            "module.project.google_project_service.compute_api",
            "module.project.google_project_service.dns_api",
            "module.project.google_project_service.domains_api",
            "module.project.google_project_service.networks_api",
            "module.project.random_id.project_suffix"
          ]
        },
        {
          "index_key": "css/fonts/Fixedsys500c.woff",
          "schema_version": 0,
          "attributes": {
            "bucket": "ft-iac-trois-doc",
            "cache_control": "",
            "content": null,
            "content_disposition": "",
            "content_encoding": "",
            "content_language": "",
            "content_type": "text/plain",
            "crc32c": "Rll1vw==",
            "customer_encryption": [],
            "deletion_policy": null,
            "detect_md5hash": "wfwr7VxFyTP5WQOm8L3brA==",
            "event_based_hold": false,
            "force_empty_content_type": null,
            "generation": 1765527754509653,
            "id": "ft-iac-trois-doc-css/fonts/Fixedsys500c.woff",
            "kms_key_name": "",
            "md5hash": "wfwr7VxFyTP5WQOm8L3brA==",
            "md5hexhash": "c1fc2bed5c45c933f95903a6f0bddbac",
            "media_link": "https://storage.googleapis.com/download/storage/v1/b/ft-iac-trois-doc/o/css%2Ffonts%2FFixedsys500c.woff?generation=1765527754509653\u0026alt=media",
            "metadata": {},
            "name": "css/fonts/Fixedsys500c.woff",
            "output_name": "css/fonts/Fixedsys500c.woff",
            "retention": [],
            "self_link": "https://www.googleapis.com/storage/v1/b/ft-iac-trois-doc/o/css%2Ffonts%2FFixedsys500c.woff",
            "source": "./site/css/fonts/Fixedsys500c.woff",
            "source_md5hash": "",
            "storage_class": "STANDARD",
            "temporary_hold": false,
            "timeouts": null
          },
          "sensitive_attributes": [
            [
              {
                "type": "get_attr",
                "value": "content"
              }
            ]
          ],
          "identity_schema_version": 0,
          "private": "eyJlMmJmYjczMC1lY2FhLTExZTYtOGY4OC0zNDM2M2JjN2M0YzAiOnsiY3JlYXRlIjoyNDAwMDAwMDAwMDAsImRlbGV0ZSI6MjQwMDAwMDAwMDAwLCJ1cGRhdGUiOjI0MDAwMDAwMDAwMH19",
          "dependencies": [
            "module.bucket-doc.google_storage_bucket.static_doc",
            "module.project.google_project.project",
            "module.project.google_project_service.cloudresourcemanager",
            "module.project.google_project_service.compute_api",
            "module.project.google_project_service.dns_api",
            "module.project.google_project_service.domains_api",
            "module.project.google_project_service.networks_api",
            "module.project.random_id.project_suffix"
          ]
        },
        {
          "index_key": "css/fonts/fonts/Fixedsys500c.eot",
          "schema_version": 0,
          "attributes": {
            "bucket": "ft-iac-trois-doc",
            "cache_control": "",
            "content": null,
            "content_disposition": "",
            "content_encoding": "",
            "content_language": "",
            "content_type": "text/plain",
            "crc32c": "VllE2g==",
            "customer_encryption": [],
            "deletion_policy": null,
            "detect_md5hash": "G2gxEcs7C45JcwfCxyPA1Q==",
            "event_based_hold": false,
            "force_empty_content_type": null,
            "generation": 1765527755111079,
            "id": "ft-iac-trois-doc-css/fonts/fonts/Fixedsys500c.eot",
            "kms_key_name": "",
            "md5hash": "G2gxEcs7C45JcwfCxyPA1Q==",
            "md5hexhash": "1b683111cb3b0b8e497307c2c723c0d5",
            "media_link": "https://storage.googleapis.com/download/storage/v1/b/ft-iac-trois-doc/o/css%2Ffonts%2Ffonts%2FFixedsys500c.eot?generation=1765527755111079\u0026alt=media",
            "metadata": {},
            "name": "css/fonts/fonts/Fixedsys500c.eot",
            "output_name": "css/fonts/fonts/Fixedsys500c.eot",
            "retention": [],
            "self_link": "https://www.googleapis.com/storage/v1/b/ft-iac-trois-doc/o/css%2Ffonts%2Ffonts%2FFixedsys500c.eot",
            "source": "./site/css/fonts/fonts/Fixedsys500c.eot",
            "source_md5hash": "",
            "storage_class": "STANDARD",
            "temporary_hold": false,
            "timeouts": null
          },
          "sensitive_attributes": [
            [
              {
                "type": "get_attr",
                "value": "content"
              }
            ]
          ],
          "identity_schema_version": 0,
          "private": "eyJlMmJmYjczMC1lY2FhLTExZTYtOGY4OC0zNDM2M2JjN2M0YzAiOnsiY3JlYXRlIjoyNDAwMDAwMDAwMDAsImRlbGV0ZSI6MjQwMDAwMDAwMDAwLCJ1cGRhdGUiOjI0MDAwMDAwMDAwMH19",
          "dependencies": [
            "module.bucket-doc.google_storage_bucket.static_doc",
            "module.project.google_project.project",
            "module.project.google_project_service.cloudresourcemanager",
            "module.project.google_project_service.compute_api",
            "module.project.google_project_service.dns_api",
            "module.project.google_project_service.domains_api",
            "module.project.google_project_service.networks_api",
            "module.project.random_id.project_suffix"
          ]
        },
        {
          "index_key": "css/fonts/fonts/Fixedsys500c.svg",
          "schema_version": 0,
          "attributes": {
            "bucket": "ft-iac-trois-doc",
            "cache_control": "",
            "content": null,
            "content_disposition": "",
            "content_encoding": "",
            "content_language": "",
            "content_type": "image/svg+xml",
            "crc32c": "aOZloQ==",
            "customer_encryption": [],
            "deletion_policy": null,
            "detect_md5hash": "K/iExpoFCJog1EPB0q8vlQ==",
            "event_based_hold": false,
            "force_empty_content_type": null,
            "generation": 1765527754009362,
            "id": "ft-iac-trois-doc-css/fonts/fonts/Fixedsys500c.svg",
            "kms_key_name": "",
            "md5hash": "K/iExpoFCJog1EPB0q8vlQ==",
            "md5hexhash": "2bf884c69a05089a20d443c1d2af2f95",
            "media_link": "https://storage.googleapis.com/download/storage/v1/b/ft-iac-trois-doc/o/css%2Ffonts%2Ffonts%2FFixedsys500c.svg?generation=1765527754009362\u0026alt=media",
            "metadata": {},
            "name": "css/fonts/fonts/Fixedsys500c.svg",
            "output_name": "css/fonts/fonts/Fixedsys500c.svg",
            "retention": [],
            "self_link": "https://www.googleapis.com/storage/v1/b/ft-iac-trois-doc/o/css%2Ffonts%2Ffonts%2FFixedsys500c.svg",
            "source": "./site/css/fonts/fonts/Fixedsys500c.svg",
            "source_md5hash": "",
            "storage_class": "STANDARD",
            "temporary_hold": false,
            "timeouts": null
          },
          "sensitive_attributes": [
            [
              {
                "type": "get_attr",
                "value": "content"
              }
            ]
          ],
          "identity_schema_version": 0,
          "private": "eyJlMmJmYjczMC1lY2FhLTExZTYtOGY4OC0zNDM2M2JjN2M0YzAiOnsiY3JlYXRlIjoyNDAwMDAwMDAwMDAsImRlbGV0ZSI6MjQwMDAwMDAwMDAwLCJ1cGRhdGUiOjI0MDAwMDAwMDAwMH19",
          "dependencies": [
            "module.bucket-doc.google_storage_bucket.static_doc",
            "module.project.google_project.project",
            "module.project.google_project_service.cloudresourcemanager",
            "module.project.google_project_service.compute_api",
            "module.project.google_project_service.dns_api",
            "module.project.google_project_service.domains_api",
            "module.project.google_project_service.networks_api",
            "module.project.random_id.project_suffix"
          ]
        },
        {
          "index_key": "css/fonts/fonts/Fixedsys500c.ttf",
          "schema_version": 0,
          "attributes": {
            "bucket": "ft-iac-trois-doc",
            "cache_control": "",
            "content": null,
            "content_disposition": "",
            "content_encoding": "",
            "content_language": "",
            "content_type": "text/plain",
            "crc32c": "wWNMVw==",
            "customer_encryption": [],
            "deletion_policy": null,
            "detect_md5hash": "ithNIERL+WecxXOUJOlVDw==",
            "event_based_hold": false,
            "force_empty_content_type": null,
            "generation": 1765527755610254,
            "id": "ft-iac-trois-doc-css/fonts/fonts/Fixedsys500c.ttf",
            "kms_key_name": "",
            "md5hash": "ithNIERL+WecxXOUJOlVDw==",
            "md5hexhash": "8ad84d20444bf9679cc5739424e9550f",
            "media_link": "https://storage.googleapis.com/download/storage/v1/b/ft-iac-trois-doc/o/css%2Ffonts%2Ffonts%2FFixedsys500c.ttf?generation=1765527755610254\u0026alt=media",
            "metadata": {},
            "name": "css/fonts/fonts/Fixedsys500c.ttf",
            "output_name": "css/fonts/fonts/Fixedsys500c.ttf",
            "retention": [],
            "self_link": "https://www.googleapis.com/storage/v1/b/ft-iac-trois-doc/o/css%2Ffonts%2Ffonts%2FFixedsys500c.ttf",
            "source": "./site/css/fonts/fonts/Fixedsys500c.ttf",
            "source_md5hash": "",
            "storage_class": "STANDARD",
            "temporary_hold": false,
            "timeouts": null
          },
          "sensitive_attributes": [
            [
              {
                "type": "get_attr",
                "value": "content"
              }
            ]
          ],
          "identity_schema_version": 0,
          "private": "eyJlMmJmYjczMC1lY2FhLTExZTYtOGY4OC0zNDM2M2JjN2M0YzAiOnsiY3JlYXRlIjoyNDAwMDAwMDAwMDAsImRlbGV0ZSI6MjQwMDAwMDAwMDAwLCJ1cGRhdGUiOjI0MDAwMDAwMDAwMH19",
          "dependencies": [
            "module.bucket-doc.google_storage_bucket.static_doc",
            "module.project.google_project.project",
            "module.project.google_project_service.cloudresourcemanager",
            "module.project.google_project_service.compute_api",
            "module.project.google_project_service.dns_api",
            "module.project.google_project_service.domains_api",
            "module.project.google_project_service.networks_api",
            "module.project.random_id.project_suffix"
          ]
        },
        {
          "index_key": "css/fonts/fonts/Fixedsys500c.woff",
          "schema_version": 0,
          "attributes": {
            "bucket": "ft-iac-trois-doc",
            "cache_control": "",
            "content": null,
            "content_disposition": "",
            "content_encoding": "",
            "content_language": "",
            "content_type": "text/plain",
            "crc32c": "Rll1vw==",
            "customer_encryption": [],
            "deletion_policy": null,
            "detect_md5hash": "wfwr7VxFyTP5WQOm8L3brA==",
            "event_based_hold": false,
            "force_empty_content_type": null,
            "generation": 1765527755211658,
            "id": "ft-iac-trois-doc-css/fonts/fonts/Fixedsys500c.woff",
            "kms_key_name": "",
            "md5hash": "wfwr7VxFyTP5WQOm8L3brA==",
            "md5hexhash": "c1fc2bed5c45c933f95903a6f0bddbac",
            "media_link": "https://storage.googleapis.com/download/storage/v1/b/ft-iac-trois-doc/o/css%2Ffonts%2Ffonts%2FFixedsys500c.woff?generation=1765527755211658\u0026alt=media",
            "metadata": {},
            "name": "css/fonts/fonts/Fixedsys500c.woff",
            "output_name": "css/fonts/fonts/Fixedsys500c.woff",
            "retention": [],
            "self_link": "https://www.googleapis.com/storage/v1/b/ft-iac-trois-doc/o/css%2Ffonts%2Ffonts%2FFixedsys500c.woff",
            "source": "./site/css/fonts/fonts/Fixedsys500c.woff",
            "source_md5hash": "",
            "storage_class": "STANDARD",
            "temporary_hold": false,
            "timeouts": null
          },
          "sensitive_attributes": [
            [
              {
                "type": "get_attr",
                "value": "content"
              }
            ]
          ],
          "identity_schema_version": 0,
          "private": "eyJlMmJmYjczMC1lY2FhLTExZTYtOGY4OC0zNDM2M2JjN2M0YzAiOnsiY3JlYXRlIjoyNDAwMDAwMDAwMDAsImRlbGV0ZSI6MjQwMDAwMDAwMDAwLCJ1cGRhdGUiOjI0MDAwMDAwMDAwMH19",
          "dependencies": [
            "module.bucket-doc.google_storage_bucket.static_doc",
            "module.project.google_project.project",
            "module.project.google_project_service.cloudresourcemanager",
            "module.project.google_project_service.compute_api",
            "module.project.google_project_service.dns_api",
            "module.project.google_project_service.domains_api",
            "module.project.google_project_service.networks_api",
            "module.project.random_id.project_suffix"
          ]
        },
        {
          "index_key": "css/highlight.css",
          "schema_version": 0,
          "attributes": {
            "bucket": "ft-iac-trois-doc",
            "cache_control": "",
            "content": null,
            "content_disposition": "",
            "content_encoding": "",
            "content_language": "",
            "content_type": "text/css",
            "crc32c": "VkPPxA==",
            "customer_encryption": [],
            "deletion_policy": null,
            "detect_md5hash": "4OTZc8bXgzqR9s6Peo7bVg==",
            "event_based_hold": false,
            "force_empty_content_type": null,
            "generation": 1765527755409765,
            "id": "ft-iac-trois-doc-css/highlight.css",
            "kms_key_name": "",
            "md5hash": "4OTZc8bXgzqR9s6Peo7bVg==",
            "md5hexhash": "e0e4d973c6d7833a91f6ce8f7a8edb56",
            "media_link": "https://storage.googleapis.com/download/storage/v1/b/ft-iac-trois-doc/o/css%2Fhighlight.css?generation=1765527755409765\u0026alt=media",
            "metadata": {},
            "name": "css/highlight.css",
            "output_name": "css/highlight.css",
            "retention": [],
            "self_link": "https://www.googleapis.com/storage/v1/b/ft-iac-trois-doc/o/css%2Fhighlight.css",
            "source": "./site/css/highlight.css",
            "source_md5hash": "",
            "storage_class": "STANDARD",
            "temporary_hold": false,
            "timeouts": null
          },
          "sensitive_attributes": [
            [
              {
                "type": "get_attr",
                "value": "content"
              }
            ]
          ],
          "identity_schema_version": 0,
          "private": "eyJlMmJmYjczMC1lY2FhLTExZTYtOGY4OC0zNDM2M2JjN2M0YzAiOnsiY3JlYXRlIjoyNDAwMDAwMDAwMDAsImRlbGV0ZSI6MjQwMDAwMDAwMDAwLCJ1cGRhdGUiOjI0MDAwMDAwMDAwMH19",
          "dependencies": [
            "module.bucket-doc.google_storage_bucket.static_doc",
            "module.project.google_project.project",
            "module.project.google_project_service.cloudresourcemanager",
            "module.project.google_project_service.compute_api",
            "module.project.google_project_service.dns_api",
            "module.project.google_project_service.domains_api",
            "module.project.google_project_service.networks_api",
            "module.project.random_id.project_suffix"
          ]
        },
        {
          "index_key": "fonts/fontawesome-webfont.eot",
          "schema_version": 0,
          "attributes": {
            "bucket": "ft-iac-trois-doc",
            "cache_control": "",
            "content": null,
            "content_disposition": "",
            "content_encoding": "",
            "content_language": "",
            "content_type": "text/plain",
            "crc32c": "3wjnIA==",
            "customer_encryption": [],
            "deletion_policy": null,
            "detect_md5hash": "Z09Q0oeoxI3Bm6QE0g/nEw==",
            "event_based_hold": false,
            "force_empty_content_type": null,
            "generation": 1765527754911034,
            "id": "ft-iac-trois-doc-fonts/fontawesome-webfont.eot",
            "kms_key_name": "",
            "md5hash": "Z09Q0oeoxI3Bm6QE0g/nEw==",
            "md5hexhash": "674f50d287a8c48dc19ba404d20fe713",
            "media_link": "https://storage.googleapis.com/download/storage/v1/b/ft-iac-trois-doc/o/fonts%2Ffontawesome-webfont.eot?generation=1765527754911034\u0026alt=media",
            "metadata": {},
            "name": "fonts/fontawesome-webfont.eot",
            "output_name": "fonts/fontawesome-webfont.eot",
            "retention": [],
            "self_link": "https://www.googleapis.com/storage/v1/b/ft-iac-trois-doc/o/fonts%2Ffontawesome-webfont.eot",
            "source": "./site/fonts/fontawesome-webfont.eot",
            "source_md5hash": "",
            "storage_class": "STANDARD",
            "temporary_hold": false,
            "timeouts": null
          },
          "sensitive_attributes": [
            [
              {
                "type": "get_attr",
                "value": "content"
              }
            ]
          ],
          "identity_schema_version": 0,
          "private": "eyJlMmJmYjczMC1lY2FhLTExZTYtOGY4OC0zNDM2M2JjN2M0YzAiOnsiY3JlYXRlIjoyNDAwMDAwMDAwMDAsImRlbGV0ZSI6MjQwMDAwMDAwMDAwLCJ1cGRhdGUiOjI0MDAwMDAwMDAwMH19",
          "dependencies": [
            "module.bucket-doc.google_storage_bucket.static_doc",
            "module.project.google_project.project",
            "module.project.google_project_service.cloudresourcemanager",
            "module.project.google_project_service.compute_api",
            "module.project.google_project_service.dns_api",
            "module.project.google_project_service.domains_api",
            "module.project.google_project_service.networks_api",
            "module.project.random_id.project_suffix"
          ]
        },
        {
          "index_key": "fonts/fontawesome-webfont.svg",
          "schema_version": 0,
          "attributes": {
            "bucket": "ft-iac-trois-doc",
            "cache_control": "",
            "content": null,
            "content_disposition": "",
            "content_encoding": "",
            "content_language": "",
            "content_type": "image/svg+xml",
            "crc32c": "FehDcw==",
            "customer_encryption": [],
            "deletion_policy": null,
            "detect_md5hash": "kS7GbXVy/4IXSTGTlkcL3g==",
            "event_based_hold": false,
            "force_empty_content_type": null,
            "generation": 1765527755110813,
            "id": "ft-iac-trois-doc-fonts/fontawesome-webfont.svg",
            "kms_key_name": "",
            "md5hash": "kS7GbXVy/4IXSTGTlkcL3g==",
            "md5hexhash": "912ec66d7572ff821749319396470bde",
            "media_link": "https://storage.googleapis.com/download/storage/v1/b/ft-iac-trois-doc/o/fonts%2Ffontawesome-webfont.svg?generation=1765527755110813\u0026alt=media",
            "metadata": {},
            "name": "fonts/fontawesome-webfont.svg",
            "output_name": "fonts/fontawesome-webfont.svg",
            "retention": [],
            "self_link": "https://www.googleapis.com/storage/v1/b/ft-iac-trois-doc/o/fonts%2Ffontawesome-webfont.svg",
            "source": "./site/fonts/fontawesome-webfont.svg",
            "source_md5hash": "",
            "storage_class": "STANDARD",
            "temporary_hold": false,
            "timeouts": null
          },
          "sensitive_attributes": [
            [
              {
                "type": "get_attr",
                "value": "content"
              }
            ]
          ],
          "identity_schema_version": 0,
          "private": "eyJlMmJmYjczMC1lY2FhLTExZTYtOGY4OC0zNDM2M2JjN2M0YzAiOnsiY3JlYXRlIjoyNDAwMDAwMDAwMDAsImRlbGV0ZSI6MjQwMDAwMDAwMDAwLCJ1cGRhdGUiOjI0MDAwMDAwMDAwMH19",
          "dependencies": [
            "module.bucket-doc.google_storage_bucket.static_doc",
            "module.project.google_project.project",
            "module.project.google_project_service.cloudresourcemanager",
            "module.project.google_project_service.compute_api",
            "module.project.google_project_service.dns_api",
            "module.project.google_project_service.domains_api",
            "module.project.google_project_service.networks_api",
            "module.project.random_id.project_suffix"
          ]
        },
        {
          "index_key": "fonts/fontawesome-webfont.ttf",
          "schema_version": 0,
          "attributes": {
            "bucket": "ft-iac-trois-doc",
            "cache_control": "",
            "content": null,
            "content_disposition": "",
            "content_encoding": "",
            "content_language": "",
            "content_type": "text/plain",
            "crc32c": "0NeHUQ==",
            "customer_encryption": [],
            "deletion_policy": null,
            "detect_md5hash": "sGhx8oH+5rJB1gWCrpNpuQ==",
            "event_based_hold": false,
            "force_empty_content_type": null,
            "generation": 1765527754110441,
            "id": "ft-iac-trois-doc-fonts/fontawesome-webfont.ttf",
            "kms_key_name": "",
            "md5hash": "sGhx8oH+5rJB1gWCrpNpuQ==",
            "md5hexhash": "b06871f281fee6b241d60582ae9369b9",
            "media_link": "https://storage.googleapis.com/download/storage/v1/b/ft-iac-trois-doc/o/fonts%2Ffontawesome-webfont.ttf?generation=1765527754110441\u0026alt=media",
            "metadata": {},
            "name": "fonts/fontawesome-webfont.ttf",
            "output_name": "fonts/fontawesome-webfont.ttf",
            "retention": [],
            "self_link": "https://www.googleapis.com/storage/v1/b/ft-iac-trois-doc/o/fonts%2Ffontawesome-webfont.ttf",
            "source": "./site/fonts/fontawesome-webfont.ttf",
            "source_md5hash": "",
            "storage_class": "STANDARD",
            "temporary_hold": false,
            "timeouts": null
          },
          "sensitive_attributes": [
            [
              {
                "type": "get_attr",
                "value": "content"
              }
            ]
          ],
          "identity_schema_version": 0,
          "private": "eyJlMmJmYjczMC1lY2FhLTExZTYtOGY4OC0zNDM2M2JjN2M0YzAiOnsiY3JlYXRlIjoyNDAwMDAwMDAwMDAsImRlbGV0ZSI6MjQwMDAwMDAwMDAwLCJ1cGRhdGUiOjI0MDAwMDAwMDAwMH19",
          "dependencies": [
            "module.bucket-doc.google_storage_bucket.static_doc",
            "module.project.google_project.project",
            "module.project.google_project_service.cloudresourcemanager",
            "module.project.google_project_service.compute_api",
            "module.project.google_project_service.dns_api",
            "module.project.google_project_service.domains_api",
            "module.project.google_project_service.networks_api",
            "module.project.random_id.project_suffix"
          ]
        },
        {
          "index_key": "fonts/fontawesome-webfont.woff",
          "schema_version": 0,
          "attributes": {
            "bucket": "ft-iac-trois-doc",
            "cache_control": "",
            "content": null,
            "content_disposition": "",
            "content_encoding": "",
            "content_language": "",
            "content_type": "text/plain",
            "crc32c": "smfh/A==",
            "customer_encryption": [],
            "deletion_policy": null,
            "detect_md5hash": "/uZucSqKCO71gFpGiSkyrQ==",
            "event_based_hold": false,
            "force_empty_content_type": null,
            "generation": 1765527754410799,
            "id": "ft-iac-trois-doc-fonts/fontawesome-webfont.woff",
            "kms_key_name": "",
            "md5hash": "/uZucSqKCO71gFpGiSkyrQ==",
            "md5hexhash": "fee66e712a8a08eef5805a46892932ad",
            "media_link": "https://storage.googleapis.com/download/storage/v1/b/ft-iac-trois-doc/o/fonts%2Ffontawesome-webfont.woff?generation=1765527754410799\u0026alt=media",
            "metadata": {},
            "name": "fonts/fontawesome-webfont.woff",
            "output_name": "fonts/fontawesome-webfont.woff",
            "retention": [],
            "self_link": "https://www.googleapis.com/storage/v1/b/ft-iac-trois-doc/o/fonts%2Ffontawesome-webfont.woff",
            "source": "./site/fonts/fontawesome-webfont.woff",
            "source_md5hash": "",
            "storage_class": "STANDARD",
            "temporary_hold": false,
            "timeouts": null
          },
          "sensitive_attributes": [
            [
              {
                "type": "get_attr",
                "value": "content"
              }
            ]
          ],
          "identity_schema_version": 0,
          "private": "eyJlMmJmYjczMC1lY2FhLTExZTYtOGY4OC0zNDM2M2JjN2M0YzAiOnsiY3JlYXRlIjoyNDAwMDAwMDAwMDAsImRlbGV0ZSI6MjQwMDAwMDAwMDAwLCJ1cGRhdGUiOjI0MDAwMDAwMDAwMH19",
          "dependencies": [
            "module.bucket-doc.google_storage_bucket.static_doc",
            "module.project.google_project.project",
            "module.project.google_project_service.cloudresourcemanager",
            "module.project.google_project_service.compute_api",
            "module.project.google_project_service.dns_api",
            "module.project.google_project_service.domains_api",
            "module.project.google_project_service.networks_api",
            "module.project.random_id.project_suffix"
          ]
        },
        {
          "index_key": "fonts/fontawesome-webfont.woff2",
          "schema_version": 0,
          "attributes": {
            "bucket": "ft-iac-trois-doc",
            "cache_control": "",
            "content": null,
            "content_disposition": "",
            "content_encoding": "",
            "content_language": "",
            "content_type": "text/plain",
            "crc32c": "hGsrhw==",
            "customer_encryption": [],
            "deletion_policy": null,
            "detect_md5hash": "r3rlBanu1QP4uOaYIDaHPg==",
            "event_based_hold": false,
            "force_empty_content_type": null,
            "generation": 1765527755811231,
            "id": "ft-iac-trois-doc-fonts/fontawesome-webfont.woff2",
            "kms_key_name": "",
            "md5hash": "r3rlBanu1QP4uOaYIDaHPg==",
            "md5hexhash": "af7ae505a9eed503f8b8e6982036873e",
            "media_link": "https://storage.googleapis.com/download/storage/v1/b/ft-iac-trois-doc/o/fonts%2Ffontawesome-webfont.woff2?generation=1765527755811231\u0026alt=media",
            "metadata": {},
            "name": "fonts/fontawesome-webfont.woff2",
            "output_name": "fonts/fontawesome-webfont.woff2",
            "retention": [],
            "self_link": "https://www.googleapis.com/storage/v1/b/ft-iac-trois-doc/o/fonts%2Ffontawesome-webfont.woff2",
            "source": "./site/fonts/fontawesome-webfont.woff2",
            "source_md5hash": "",
            "storage_class": "STANDARD",
            "temporary_hold": false,
            "timeouts": null
          },
          "sensitive_attributes": [
            [
              {
                "type": "get_attr",
                "value": "content"
              }
            ]
          ],
          "identity_schema_version": 0,
          "private": "eyJlMmJmYjczMC1lY2FhLTExZTYtOGY4OC0zNDM2M2JjN2M0YzAiOnsiY3JlYXRlIjoyNDAwMDAwMDAwMDAsImRlbGV0ZSI6MjQwMDAwMDAwMDAwLCJ1cGRhdGUiOjI0MDAwMDAwMDAwMH19",
          "dependencies": [
            "module.bucket-doc.google_storage_bucket.static_doc",
            "module.project.google_project.project",
            "module.project.google_project_service.cloudresourcemanager",
            "module.project.google_project_service.compute_api",
            "module.project.google_project_service.dns_api",
            "module.project.google_project_service.domains_api",
            "module.project.google_project_service.networks_api",
            "module.project.random_id.project_suffix"
          ]
        },
        {
          "index_key": "fonts/glyphicons-halflings-regular.eot",
          "schema_version": 0,
          "attributes": {
            "bucket": "ft-iac-trois-doc",
            "cache_control": "",
            "content": null,
            "content_disposition": "",
            "content_encoding": "",
            "content_language": "",
            "content_type": "text/plain",
            "crc32c": "OEN3uA==",
            "customer_encryption": [],
            "deletion_policy": null,
            "detect_md5hash": "9Hafm9t0Zr5lCII5wSBG0Q==",
            "event_based_hold": false,
            "force_empty_content_type": null,
            "generation": 1765527755110372,
            "id": "ft-iac-trois-doc-fonts/glyphicons-halflings-regular.eot",
            "kms_key_name": "",
            "md5hash": "9Hafm9t0Zr5lCII5wSBG0Q==",
            "md5hexhash": "f4769f9bdb7466be65088239c12046d1",
            "media_link": "https://storage.googleapis.com/download/storage/v1/b/ft-iac-trois-doc/o/fonts%2Fglyphicons-halflings-regular.eot?generation=1765527755110372\u0026alt=media",
            "metadata": {},
            "name": "fonts/glyphicons-halflings-regular.eot",
            "output_name": "fonts/glyphicons-halflings-regular.eot",
            "retention": [],
            "self_link": "https://www.googleapis.com/storage/v1/b/ft-iac-trois-doc/o/fonts%2Fglyphicons-halflings-regular.eot",
            "source": "./site/fonts/glyphicons-halflings-regular.eot",
            "source_md5hash": "",
            "storage_class": "STANDARD",
            "temporary_hold": false,
            "timeouts": null
          },
          "sensitive_attributes": [
            [
              {
                "type": "get_attr",
                "value": "content"
              }
            ]
          ],
          "identity_schema_version": 0,
          "private": "eyJlMmJmYjczMC1lY2FhLTExZTYtOGY4OC0zNDM2M2JjN2M0YzAiOnsiY3JlYXRlIjoyNDAwMDAwMDAwMDAsImRlbGV0ZSI6MjQwMDAwMDAwMDAwLCJ1cGRhdGUiOjI0MDAwMDAwMDAwMH19",
          "dependencies": [
            "module.bucket-doc.google_storage_bucket.static_doc",
            "module.project.google_project.project",
            "module.project.google_project_service.cloudresourcemanager",
            "module.project.google_project_service.compute_api",
            "module.project.google_project_service.dns_api",
            "module.project.google_project_service.domains_api",
            "module.project.google_project_service.networks_api",
            "module.project.random_id.project_suffix"
          ]
        },
        {
          "index_key": "fonts/glyphicons-halflings-regular.svg",
          "schema_version": 0,
          "attributes": {
            "bucket": "ft-iac-trois-doc",
            "cache_control": "",
            "content": null,
            "content_disposition": "",
            "content_encoding": "",
            "content_language": "",
            "content_type": "image/svg+xml",
            "crc32c": "UejH4A==",
            "customer_encryption": [],
            "deletion_policy": null,
            "detect_md5hash": "iYiWiBR711ddYycWDWTnYA==",
            "event_based_hold": false,
            "force_empty_content_type": null,
            "generation": 1765527754612457,
            "id": "ft-iac-trois-doc-fonts/glyphicons-halflings-regular.svg",
            "kms_key_name": "",
            "md5hash": "iYiWiBR711ddYycWDWTnYA==",
            "md5hexhash": "89889688147bd7575d6327160d64e760",
            "media_link": "https://storage.googleapis.com/download/storage/v1/b/ft-iac-trois-doc/o/fonts%2Fglyphicons-halflings-regular.svg?generation=1765527754612457\u0026alt=media",
            "metadata": {},
            "name": "fonts/glyphicons-halflings-regular.svg",
            "output_name": "fonts/glyphicons-halflings-regular.svg",
            "retention": [],
            "self_link": "https://www.googleapis.com/storage/v1/b/ft-iac-trois-doc/o/fonts%2Fglyphicons-halflings-regular.svg",
            "source": "./site/fonts/glyphicons-halflings-regular.svg",
            "source_md5hash": "",
            "storage_class": "STANDARD",
            "temporary_hold": false,
            "timeouts": null
          },
          "sensitive_attributes": [
            [
              {
                "type": "get_attr",
                "value": "content"
              }
            ]
          ],
          "identity_schema_version": 0,
          "private": "eyJlMmJmYjczMC1lY2FhLTExZTYtOGY4OC0zNDM2M2JjN2M0YzAiOnsiY3JlYXRlIjoyNDAwMDAwMDAwMDAsImRlbGV0ZSI6MjQwMDAwMDAwMDAwLCJ1cGRhdGUiOjI0MDAwMDAwMDAwMH19",
          "dependencies": [
            "module.bucket-doc.google_storage_bucket.static_doc",
            "module.project.google_project.project",
            "module.project.google_project_service.cloudresourcemanager",
            "module.project.google_project_service.compute_api",
            "module.project.google_project_service.dns_api",
            "module.project.google_project_service.domains_api",
            "module.project.google_project_service.networks_api",
            "module.project.random_id.project_suffix"
          ]
        },
        {
          "index_key": "fonts/glyphicons-halflings-regular.ttf",
          "schema_version": 0,
          "attributes": {
            "bucket": "ft-iac-trois-doc",
            "cache_control": "",
            "content": null,
            "content_disposition": "",
            "content_encoding": "",
            "content_language": "",
            "content_type": "text/plain",
            "crc32c": "O5PgqA==",
            "customer_encryption": [],
            "deletion_policy": null,
            "detect_md5hash": "4Yu/YR8qLkOvwHGqL04VEg==",
            "event_based_hold": false,
            "force_empty_content_type": null,
            "generation": 1765527756009210,
            "id": "ft-iac-trois-doc-fonts/glyphicons-halflings-regular.ttf",
            "kms_key_name": "",
            "md5hash": "4Yu/YR8qLkOvwHGqL04VEg==",
            "md5hexhash": "e18bbf611f2a2e43afc071aa2f4e1512",
            "media_link": "https://storage.googleapis.com/download/storage/v1/b/ft-iac-trois-doc/o/fonts%2Fglyphicons-halflings-regular.ttf?generation=1765527756009210\u0026alt=media",
            "metadata": {},
            "name": "fonts/glyphicons-halflings-regular.ttf",
            "output_name": "fonts/glyphicons-halflings-regular.ttf",
            "retention": [],
            "self_link": "https://www.googleapis.com/storage/v1/b/ft-iac-trois-doc/o/fonts%2Fglyphicons-halflings-regular.ttf",
            "source": "./site/fonts/glyphicons-halflings-regular.ttf",
            "source_md5hash": "",
            "storage_class": "STANDARD",
            "temporary_hold": false,
            "timeouts": null
          },
          "sensitive_attributes": [
            [
              {
                "type": "get_attr",
                "value": "content"
              }
            ]
          ],
          "identity_schema_version": 0,
          "private": "eyJlMmJmYjczMC1lY2FhLTExZTYtOGY4OC0zNDM2M2JjN2M0YzAiOnsiY3JlYXRlIjoyNDAwMDAwMDAwMDAsImRlbGV0ZSI6MjQwMDAwMDAwMDAwLCJ1cGRhdGUiOjI0MDAwMDAwMDAwMH19",
          "dependencies": [
            "module.bucket-doc.google_storage_bucket.static_doc",
            "module.project.google_project.project",
            "module.project.google_project_service.cloudresourcemanager",
            "module.project.google_project_service.compute_api",
            "module.project.google_project_service.dns_api",
            "module.project.google_project_service.domains_api",
            "module.project.google_project_service.networks_api",
            "module.project.random_id.project_suffix"
          ]
        },
        {
          "index_key": "fonts/glyphicons-halflings-regular.woff",
          "schema_version": 0,
          "attributes": {
            "bucket": "ft-iac-trois-doc",
            "cache_control": "",
            "content": null,
            "content_disposition": "",
            "content_encoding": "",
            "content_language": "",
            "content_type": "text/plain",
            "crc32c": "dLxQ5w==",
            "customer_encryption": [],
            "deletion_policy": null,
            "detect_md5hash": "+idyMn9V2BmDAf24vPyBWA==",
            "event_based_hold": false,
            "force_empty_content_type": null,
            "generation": 1765527754209623,
            "id": "ft-iac-trois-doc-fonts/glyphicons-halflings-regular.woff",
            "kms_key_name": "",
            "md5hash": "+idyMn9V2BmDAf24vPyBWA==",
            "md5hexhash": "fa2772327f55d8198301fdb8bcfc8158",
            "media_link": "https://storage.googleapis.com/download/storage/v1/b/ft-iac-trois-doc/o/fonts%2Fglyphicons-halflings-regular.woff?generation=1765527754209623\u0026alt=media",
            "metadata": {},
            "name": "fonts/glyphicons-halflings-regular.woff",
            "output_name": "fonts/glyphicons-halflings-regular.woff",
            "retention": [],
            "self_link": "https://www.googleapis.com/storage/v1/b/ft-iac-trois-doc/o/fonts%2Fglyphicons-halflings-regular.woff",
            "source": "./site/fonts/glyphicons-halflings-regular.woff",
            "source_md5hash": "",
            "storage_class": "STANDARD",
            "temporary_hold": false,
            "timeouts": null
          },
          "sensitive_attributes": [
            [
              {
                "type": "get_attr",
                "value": "content"
              }
            ]
          ],
          "identity_schema_version": 0,
          "private": "eyJlMmJmYjczMC1lY2FhLTExZTYtOGY4OC0zNDM2M2JjN2M0YzAiOnsiY3JlYXRlIjoyNDAwMDAwMDAwMDAsImRlbGV0ZSI6MjQwMDAwMDAwMDAwLCJ1cGRhdGUiOjI0MDAwMDAwMDAwMH19",
          "dependencies": [
            "module.bucket-doc.google_storage_bucket.static_doc",
            "module.project.google_project.project",
            "module.project.google_project_service.cloudresourcemanager",
            "module.project.google_project_service.compute_api",
            "module.project.google_project_service.dns_api",
            "module.project.google_project_service.domains_api",
            "module.project.google_project_service.networks_api",
            "module.project.random_id.project_suffix"
          ]
        },
        {
          "index_key": "fonts/glyphicons-halflings-regular.woff2",
          "schema_version": 0,
          "attributes": {
            "bucket": "ft-iac-trois-doc",
            "cache_control": "",
            "content": null,
            "content_disposition": "",
            "content_encoding": "",
            "content_language": "",
            "content_type": "text/plain",
            "crc32c": "1PMHEg==",
            "customer_encryption": [],
            "deletion_policy": null,
            "detect_md5hash": "RIw0pW1pnCkRetxkxDr/6w==",
            "event_based_hold": false,
            "force_empty_content_type": null,
            "generation": 1765527755411541,
            "id": "ft-iac-trois-doc-fonts/glyphicons-halflings-regular.woff2",
            "kms_key_name": "",
            "md5hash": "RIw0pW1pnCkRetxkxDr/6w==",
            "md5hexhash": "448c34a56d699c29117adc64c43affeb",
            "media_link": "https://storage.googleapis.com/download/storage/v1/b/ft-iac-trois-doc/o/fonts%2Fglyphicons-halflings-regular.woff2?generation=1765527755411541\u0026alt=media",
            "metadata": {},
            "name": "fonts/glyphicons-halflings-regular.woff2",
            "output_name": "fonts/glyphicons-halflings-regular.woff2",
            "retention": [],
            "self_link": "https://www.googleapis.com/storage/v1/b/ft-iac-trois-doc/o/fonts%2Fglyphicons-halflings-regular.woff2",
            "source": "./site/fonts/glyphicons-halflings-regular.woff2",
            "source_md5hash": "",
            "storage_class": "STANDARD",
            "temporary_hold": false,
            "timeouts": null
          },
          "sensitive_attributes": [
            [
              {
                "type": "get_attr",
                "value": "content"
              }
            ]
          ],
          "identity_schema_version": 0,
          "private": "eyJlMmJmYjczMC1lY2FhLTExZTYtOGY4OC0zNDM2M2JjN2M0YzAiOnsiY3JlYXRlIjoyNDAwMDAwMDAwMDAsImRlbGV0ZSI6MjQwMDAwMDAwMDAwLCJ1cGRhdGUiOjI0MDAwMDAwMDAwMH19",
          "dependencies": [
            "module.bucket-doc.google_storage_bucket.static_doc",
            "module.project.google_project.project",
            "module.project.google_project_service.cloudresourcemanager",
            "module.project.google_project_service.compute_api",
            "module.project.google_project_service.dns_api",
            "module.project.google_project_service.domains_api",
            "module.project.google_project_service.networks_api",
            "module.project.random_id.project_suffix"
          ]
        },
        {
          "index_key": "iac_arch-small.png",
          "schema_version": 0,
          "attributes": {
            "bucket": "ft-iac-trois-doc",
            "cache_control": "",
            "content": null,
            "content_disposition": "",
            "content_encoding": "",
            "content_language": "",
            "content_type": "image/png",
            "crc32c": "1DCFGQ==",
            "customer_encryption": [],
            "deletion_policy": null,
            "detect_md5hash": "0ED17JR94u2cKAf6InSGsg==",
            "event_based_hold": false,
            "force_empty_content_type": null,
            "generation": 1765527756110460,
            "id": "ft-iac-trois-doc-iac_arch-small.png",
            "kms_key_name": "",
            "md5hash": "0ED17JR94u2cKAf6InSGsg==",
            "md5hexhash": "d040f5ec947de2ed9c2807fa227486b2",
            "media_link": "https://storage.googleapis.com/download/storage/v1/b/ft-iac-trois-doc/o/iac_arch-small.png?generation=1765527756110460\u0026alt=media",
            "metadata": {},
            "name": "iac_arch-small.png",
            "output_name": "iac_arch-small.png",
            "retention": [],
            "self_link": "https://www.googleapis.com/storage/v1/b/ft-iac-trois-doc/o/iac_arch-small.png",
            "source": "./site/iac_arch-small.png",
            "source_md5hash": "",
            "storage_class": "STANDARD",
            "temporary_hold": false,
            "timeouts": null
          },
          "sensitive_attributes": [
            [
              {
                "type": "get_attr",
                "value": "content"
              }
            ]
          ],
          "identity_schema_version": 0,
          "private": "eyJlMmJmYjczMC1lY2FhLTExZTYtOGY4OC0zNDM2M2JjN2M0YzAiOnsiY3JlYXRlIjoyNDAwMDAwMDAwMDAsImRlbGV0ZSI6MjQwMDAwMDAwMDAwLCJ1cGRhdGUiOjI0MDAwMDAwMDAwMH19",
          "dependencies": [
            "module.bucket-doc.google_storage_bucket.static_doc",
            "module.project.google_project.project",
            "module.project.google_project_service.cloudresourcemanager",
            "module.project.google_project_service.compute_api",
            "module.project.google_project_service.dns_api",
            "module.project.google_project_service.domains_api",
            "module.project.google_project_service.networks_api",
            "module.project.random_id.project_suffix"
          ]
        },
        {
          "index_key": "iac_arch.png",
          "schema_version": 0,
          "attributes": {
            "bucket": "ft-iac-trois-doc",
            "cache_control": "",
            "content": null,
            "content_disposition": "",
            "content_encoding": "",
            "content_language": "",
            "content_type": "image/png",
            "crc32c": "9myGfQ==",
            "customer_encryption": [],
            "deletion_policy": null,
            "detect_md5hash": "JeE4lRbZP0TyScKanlGxTQ==",
            "event_based_hold": false,
            "force_empty_content_type": null,
            "generation": 1765528196555579,
            "id": "ft-iac-trois-doc-iac_arch.png",
            "kms_key_name": "",
            "md5hash": "JeE4lRbZP0TyScKanlGxTQ==",
            "md5hexhash": "25e1389516d93f44f249c29a9e51b14d",
            "media_link": "https://storage.googleapis.com/download/storage/v1/b/ft-iac-trois-doc/o/iac_arch.png?generation=1765528196555579\u0026alt=media",
            "metadata": {},
            "name": "iac_arch.png",
            "output_name": "iac_arch.png",
            "retention": [],
            "self_link": "https://www.googleapis.com/storage/v1/b/ft-iac-trois-doc/o/iac_arch.png",
            "source": "./site/iac_arch.png",
            "source_md5hash": "",
            "storage_class": "STANDARD",
            "temporary_hold": false,
            "timeouts": null
          },
          "sensitive_attributes": [
            [
              {
                "type": "get_attr",
                "value": "content"
              }
            ]
          ],
          "identity_schema_version": 0,
          "private": "eyJlMmJmYjczMC1lY2FhLTExZTYtOGY4OC0zNDM2M2JjN2M0YzAiOnsiY3JlYXRlIjoyNDAwMDAwMDAwMDAsImRlbGV0ZSI6MjQwMDAwMDAwMDAwLCJ1cGRhdGUiOjI0MDAwMDAwMDAwMH19",
          "dependencies": [
            "module.bucket-doc.google_storage_bucket.static_doc",
            "module.project.google_project.project",
            "module.project.google_project_service.cloudresourcemanager",
            "module.project.google_project_service.compute_api",
            "module.project.google_project_service.dns_api",
            "module.project.google_project_service.domains_api",
            "module.project.google_project_service.networks_api",
            "module.project.random_id.project_suffix"
          ]
        },
        {
          "index_key": "img/favicon.ico",
          "schema_version": 0,
          "attributes": {
            "bucket": "ft-iac-trois-doc",
            "cache_control": "",
            "content": null,
            "content_disposition": "",
            "content_encoding": "",
            "content_language": "",
            "content_type": "text/plain",
            "crc32c": "cMODGQ==",
            "customer_encryption": [],
            "deletion_policy": null,
            "detect_md5hash": "5WXd+jvyI2WxCBPgeqMzFA==",
            "event_based_hold": false,
            "force_empty_content_type": null,
            "generation": 1765527753710941,
            "id": "ft-iac-trois-doc-img/favicon.ico",
            "kms_key_name": "",
            "md5hash": "5WXd+jvyI2WxCBPgeqMzFA==",
            "md5hexhash": "e565ddfa3bf22365b10813e07aa33314",
            "media_link": "https://storage.googleapis.com/download/storage/v1/b/ft-iac-trois-doc/o/img%2Ffavicon.ico?generation=1765527753710941\u0026alt=media",
            "metadata": {},
            "name": "img/favicon.ico",
            "output_name": "img/favicon.ico",
            "retention": [],
            "self_link": "https://www.googleapis.com/storage/v1/b/ft-iac-trois-doc/o/img%2Ffavicon.ico",
            "source": "./site/img/favicon.ico",
            "source_md5hash": "",
            "storage_class": "STANDARD",
            "temporary_hold": false,
            "timeouts": null
          },
          "sensitive_attributes": [
            [
              {
                "type": "get_attr",
                "value": "content"
              }
            ]
          ],
          "identity_schema_version": 0,
          "private": "eyJlMmJmYjczMC1lY2FhLTExZTYtOGY4OC0zNDM2M2JjN2M0YzAiOnsiY3JlYXRlIjoyNDAwMDAwMDAwMDAsImRlbGV0ZSI6MjQwMDAwMDAwMDAwLCJ1cGRhdGUiOjI0MDAwMDAwMDAwMH19",
          "dependencies": [
            "module.bucket-doc.google_storage_bucket.static_doc",
            "module.project.google_project.project",
            "module.project.google_project_service.cloudresourcemanager",
            "module.project.google_project_service.compute_api",
            "module.project.google_project_service.dns_api",
            "module.project.google_project_service.domains_api",
            "module.project.google_project_service.networks_api",
            "module.project.random_id.project_suffix"
          ]
        },
        {
          "index_key": "index.html",
          "schema_version": 0,
          "attributes": {
            "bucket": "ft-iac-trois-doc",
            "cache_control": "",
            "content": null,
            "content_disposition": "",
            "content_encoding": "",
            "content_language": "",
            "content_type": "text/html",
            "crc32c": "dI9XKw==",
            "customer_encryption": [],
            "deletion_policy": null,
            "detect_md5hash": "Xje5iPBd/05tLJSyGKZV1g==",
            "event_based_hold": false,
            "force_empty_content_type": null,
            "generation": 1765528196157151,
            "id": "ft-iac-trois-doc-index.html",
            "kms_key_name": "",
            "md5hash": "Xje5iPBd/05tLJSyGKZV1g==",
            "md5hexhash": "5e37b988f05dff4e6d2c94b218a655d6",
            "media_link": "https://storage.googleapis.com/download/storage/v1/b/ft-iac-trois-doc/o/index.html?generation=1765528196157151\u0026alt=media",
            "metadata": {},
            "name": "index.html",
            "output_name": "index.html",
            "retention": [],
            "self_link": "https://www.googleapis.com/storage/v1/b/ft-iac-trois-doc/o/index.html",
            "source": "./site/index.html",
            "source_md5hash": "",
            "storage_class": "STANDARD",
            "temporary_hold": false,
            "timeouts": null
          },
          "sensitive_attributes": [
            [
              {
                "type": "get_attr",
                "value": "content"
              }
            ]
          ],
          "identity_schema_version": 0,
          "private": "eyJlMmJmYjczMC1lY2FhLTExZTYtOGY4OC0zNDM2M2JjN2M0YzAiOnsiY3JlYXRlIjoyNDAwMDAwMDAwMDAsImRlbGV0ZSI6MjQwMDAwMDAwMDAwLCJ1cGRhdGUiOjI0MDAwMDAwMDAwMH19",
          "dependencies": [
            "module.bucket-doc.google_storage_bucket.static_doc",
            "module.project.google_project.project",
            "module.project.google_project_service.cloudresourcemanager",
            "module.project.google_project_service.compute_api",
            "module.project.google_project_service.dns_api",
            "module.project.google_project_service.domains_api",
            "module.project.google_project_service.networks_api",
            "module.project.random_id.project_suffix"
          ]
        },
        {
          "index_key": "js/bootstrap.min.js",
          "schema_version": 0,
          "attributes": {
            "bucket": "ft-iac-trois-doc",
            "cache_control": "",
            "content": null,
            "content_disposition": "",
            "content_encoding": "",
            "content_language": "",
            "content_type": "application/javascript",
            "crc32c": "7gOQjw==",
            "customer_encryption": [],
            "deletion_policy": null,
            "detect_md5hash": "WsFpJ/30VBtmW269Ctbc5g==",
            "event_based_hold": false,
            "force_empty_content_type": null,
            "generation": 1765527754608695,
            "id": "ft-iac-trois-doc-js/bootstrap.min.js",
            "kms_key_name": "",
            "md5hash": "WsFpJ/30VBtmW269Ctbc5g==",
            "md5hexhash": "5ac16927fdf4541b665b6ebd0ad6dce6",
            "media_link": "https://storage.googleapis.com/download/storage/v1/b/ft-iac-trois-doc/o/js%2Fbootstrap.min.js?generation=1765527754608695\u0026alt=media",
            "metadata": {},
            "name": "js/bootstrap.min.js",
            "output_name": "js/bootstrap.min.js",
            "retention": [],
            "self_link": "https://www.googleapis.com/storage/v1/b/ft-iac-trois-doc/o/js%2Fbootstrap.min.js",
            "source": "./site/js/bootstrap.min.js",
            "source_md5hash": "",
            "storage_class": "STANDARD",
            "temporary_hold": false,
            "timeouts": null
          },
          "sensitive_attributes": [
            [
              {
                "type": "get_attr",
                "value": "content"
              }
            ]
          ],
          "identity_schema_version": 0,
          "private": "eyJlMmJmYjczMC1lY2FhLTExZTYtOGY4OC0zNDM2M2JjN2M0YzAiOnsiY3JlYXRlIjoyNDAwMDAwMDAwMDAsImRlbGV0ZSI6MjQwMDAwMDAwMDAwLCJ1cGRhdGUiOjI0MDAwMDAwMDAwMH19",
          "dependencies": [
            "module.bucket-doc.google_storage_bucket.static_doc",
            "module.project.google_project.project",
            "module.project.google_project_service.cloudresourcemanager",
            "module.project.google_project_service.compute_api",
            "module.project.google_project_service.dns_api",
            "module.project.google_project_service.domains_api",
            "module.project.google_project_service.networks_api",
            "module.project.random_id.project_suffix"
          ]
        },
        {
          "index_key": "js/jquery-1.10.2.min.js",
          "schema_version": 0,
          "attributes": {
            "bucket": "ft-iac-trois-doc",
            "cache_control": "",
            "content": null,
            "content_disposition": "",
            "content_encoding": "",
            "content_language": "",
            "content_type": "application/javascript",
            "crc32c": "VzU4+A==",
            "customer_encryption": [],
            "deletion_policy": null,
            "detect_md5hash": "YoBy5yEtsejNrLIrIXUs2g==",
            "event_based_hold": false,
            "force_empty_content_type": null,
            "generation": 1765527753909766,
            "id": "ft-iac-trois-doc-js/jquery-1.10.2.min.js",
            "kms_key_name": "",
            "md5hash": "YoBy5yEtsejNrLIrIXUs2g==",
            "md5hexhash": "628072e7212db1e8cdacb22b21752cda",
            "media_link": "https://storage.googleapis.com/download/storage/v1/b/ft-iac-trois-doc/o/js%2Fjquery-1.10.2.min.js?generation=1765527753909766\u0026alt=media",
            "metadata": {},
            "name": "js/jquery-1.10.2.min.js",
            "output_name": "js/jquery-1.10.2.min.js",
            "retention": [],
            "self_link": "https://www.googleapis.com/storage/v1/b/ft-iac-trois-doc/o/js%2Fjquery-1.10.2.min.js",
            "source": "./site/js/jquery-1.10.2.min.js",
            "source_md5hash": "",
            "storage_class": "STANDARD",
            "temporary_hold": false,
            "timeouts": null
          },
          "sensitive_attributes": [
            [
              {
                "type": "get_attr",
                "value": "content"
              }
            ]
          ],
          "identity_schema_version": 0,
          "private": "eyJlMmJmYjczMC1lY2FhLTExZTYtOGY4OC0zNDM2M2JjN2M0YzAiOnsiY3JlYXRlIjoyNDAwMDAwMDAwMDAsImRlbGV0ZSI6MjQwMDAwMDAwMDAwLCJ1cGRhdGUiOjI0MDAwMDAwMDAwMH19",
          "dependencies": [
            "module.bucket-doc.google_storage_bucket.static_doc",
            "module.project.google_project.project",
            "module.project.google_project_service.cloudresourcemanager",
            "module.project.google_project_service.compute_api",
            "module.project.google_project_service.dns_api",
            "module.project.google_project_service.domains_api",
            "module.project.google_project_service.networks_api",
            "module.project.random_id.project_suffix"
          ]
        },
        {
          "index_key": "module/autoscaling.html",
          "schema_version": 0,
          "attributes": {
            "bucket": "ft-iac-trois-doc",
            "cache_control": "",
            "content": null,
            "content_disposition": "",
            "content_encoding": "",
            "content_language": "",
            "content_type": "text/html",
            "crc32c": "vna32Q==",
            "customer_encryption": [],
            "deletion_policy": null,
            "detect_md5hash": "uPgjIMpnouoVedZbOCqnBQ==",
            "event_based_hold": false,
            "force_empty_content_type": null,
            "generation": 1765527753710215,
            "id": "ft-iac-trois-doc-module/autoscaling.html",
            "kms_key_name": "",
            "md5hash": "uPgjIMpnouoVedZbOCqnBQ==",
            "md5hexhash": "b8f82320ca67a2ea1579d65b382aa705",
            "media_link": "https://storage.googleapis.com/download/storage/v1/b/ft-iac-trois-doc/o/module%2Fautoscaling.html?generation=1765527753710215\u0026alt=media",
            "metadata": {},
            "name": "module/autoscaling.html",
            "output_name": "module/autoscaling.html",
            "retention": [],
            "self_link": "https://www.googleapis.com/storage/v1/b/ft-iac-trois-doc/o/module%2Fautoscaling.html",
            "source": "./site/module/autoscaling.html",
            "source_md5hash": "",
            "storage_class": "STANDARD",
            "temporary_hold": false,
            "timeouts": null
          },
          "sensitive_attributes": [
            [
              {
                "type": "get_attr",
                "value": "content"
              }
            ]
          ],
          "identity_schema_version": 0,
          "private": "eyJlMmJmYjczMC1lY2FhLTExZTYtOGY4OC0zNDM2M2JjN2M0YzAiOnsiY3JlYXRlIjoyNDAwMDAwMDAwMDAsImRlbGV0ZSI6MjQwMDAwMDAwMDAwLCJ1cGRhdGUiOjI0MDAwMDAwMDAwMH19",
          "dependencies": [
            "module.bucket-doc.google_storage_bucket.static_doc",
            "module.project.google_project.project",
            "module.project.google_project_service.cloudresourcemanager",
            "module.project.google_project_service.compute_api",
            "module.project.google_project_service.dns_api",
            "module.project.google_project_service.domains_api",
            "module.project.google_project_service.networks_api",
            "module.project.random_id.project_suffix"
          ]
        },
        {
          "index_key": "module/database.html",
          "schema_version": 0,
          "attributes": {
            "bucket": "ft-iac-trois-doc",
            "cache_control": "",
            "content": null,
            "content_disposition": "",
            "content_encoding": "",
            "content_language": "",
            "content_type": "text/html",
            "crc32c": "HhmJqQ==",
            "customer_encryption": [],
            "deletion_policy": null,
            "detect_md5hash": "kyNKqPqJknAoXSslP6DjOg==",
            "event_based_hold": false,
            "force_empty_content_type": null,
            "generation": 1765527754909419,
            "id": "ft-iac-trois-doc-module/database.html",
            "kms_key_name": "",
            "md5hash": "kyNKqPqJknAoXSslP6DjOg==",
            "md5hexhash": "93234aa8fa899270285d2b253fa0e33a",
            "media_link": "https://storage.googleapis.com/download/storage/v1/b/ft-iac-trois-doc/o/module%2Fdatabase.html?generation=1765527754909419\u0026alt=media",
            "metadata": {},
            "name": "module/database.html",
            "output_name": "module/database.html",
            "retention": [],
            "self_link": "https://www.googleapis.com/storage/v1/b/ft-iac-trois-doc/o/module%2Fdatabase.html",
            "source": "./site/module/database.html",
            "source_md5hash": "",
            "storage_class": "STANDARD",
            "temporary_hold": false,
            "timeouts": null
          },
          "sensitive_attributes": [
            [
              {
                "type": "get_attr",
                "value": "content"
              }
            ]
          ],
          "identity_schema_version": 0,
          "private": "eyJlMmJmYjczMC1lY2FhLTExZTYtOGY4OC0zNDM2M2JjN2M0YzAiOnsiY3JlYXRlIjoyNDAwMDAwMDAwMDAsImRlbGV0ZSI6MjQwMDAwMDAwMDAwLCJ1cGRhdGUiOjI0MDAwMDAwMDAwMH19",
          "dependencies": [
            "module.bucket-doc.google_storage_bucket.static_doc",
            "module.project.google_project.project",
            "module.project.google_project_service.cloudresourcemanager",
            "module.project.google_project_service.compute_api",
            "module.project.google_project_service.dns_api",
            "module.project.google_project_service.domains_api",
            "module.project.google_project_service.networks_api",
            "module.project.random_id.project_suffix"
          ]
        },
        {
          "index_key": "module/loadbalancer.html",
          "schema_version": 0,
          "attributes": {
            "bucket": "ft-iac-trois-doc",
            "cache_control": "",
            "content": null,
            "content_disposition": "",
            "content_encoding": "",
            "content_language": "",
            "content_type": "text/html",
            "crc32c": "k8mlPw==",
            "customer_encryption": [],
            "deletion_policy": null,
            "detect_md5hash": "IuGur75WbzYXaIDLemPLMw==",
            "event_based_hold": false,
            "force_empty_content_type": null,
            "generation": 1765527754710181,
            "id": "ft-iac-trois-doc-module/loadbalancer.html",
            "kms_key_name": "",
            "md5hash": "IuGur75WbzYXaIDLemPLMw==",
            "md5hexhash": "22e1aeafbe566f36176880cb7a63cb33",
            "media_link": "https://storage.googleapis.com/download/storage/v1/b/ft-iac-trois-doc/o/module%2Floadbalancer.html?generation=1765527754710181\u0026alt=media",
            "metadata": {},
            "name": "module/loadbalancer.html",
            "output_name": "module/loadbalancer.html",
            "retention": [],
            "self_link": "https://www.googleapis.com/storage/v1/b/ft-iac-trois-doc/o/module%2Floadbalancer.html",
            "source": "./site/module/loadbalancer.html",
            "source_md5hash": "",
            "storage_class": "STANDARD",
            "temporary_hold": false,
            "timeouts": null
          },
          "sensitive_attributes": [
            [
              {
                "type": "get_attr",
                "value": "content"
              }
            ]
          ],
          "identity_schema_version": 0,
          "private": "eyJlMmJmYjczMC1lY2FhLTExZTYtOGY4OC0zNDM2M2JjN2M0YzAiOnsiY3JlYXRlIjoyNDAwMDAwMDAwMDAsImRlbGV0ZSI6MjQwMDAwMDAwMDAwLCJ1cGRhdGUiOjI0MDAwMDAwMDAwMH19",
          "dependencies": [
            "module.bucket-doc.google_storage_bucket.static_doc",
            "module.project.google_project.project",
            "module.project.google_project_service.cloudresourcemanager",
            "module.project.google_project_service.compute_api",
            "module.project.google_project_service.dns_api",
            "module.project.google_project_service.domains_api",
            "module.project.google_project_service.networks_api",
            "module.project.random_id.project_suffix"
          ]
        },
        {
          "index_key": "module/monitoring.html",
          "schema_version": 0,
          "attributes": {
            "bucket": "ft-iac-trois-doc",
            "cache_control": "",
            "content": null,
            "content_disposition": "",
            "content_encoding": "",
            "content_language": "",
            "content_type": "text/html",
            "crc32c": "FRrdEA==",
            "customer_encryption": [],
            "deletion_policy": null,
            "detect_md5hash": "EqP5kqLNvjEUZWdvx1/eZQ==",
            "event_based_hold": false,
            "force_empty_content_type": null,
            "generation": 1765527755712381,
            "id": "ft-iac-trois-doc-module/monitoring.html",
            "kms_key_name": "",
            "md5hash": "EqP5kqLNvjEUZWdvx1/eZQ==",
            "md5hexhash": "12a3f992a2cdbe311465676fc75fde65",
            "media_link": "https://storage.googleapis.com/download/storage/v1/b/ft-iac-trois-doc/o/module%2Fmonitoring.html?generation=1765527755712381\u0026alt=media",
            "metadata": {},
            "name": "module/monitoring.html",
            "output_name": "module/monitoring.html",
            "retention": [],
            "self_link": "https://www.googleapis.com/storage/v1/b/ft-iac-trois-doc/o/module%2Fmonitoring.html",
            "source": "./site/module/monitoring.html",
            "source_md5hash": "",
            "storage_class": "STANDARD",
            "temporary_hold": false,
            "timeouts": null
          },
          "sensitive_attributes": [
            [
              {
                "type": "get_attr",
                "value": "content"
              }
            ]
          ],
          "identity_schema_version": 0,
          "private": "eyJlMmJmYjczMC1lY2FhLTExZTYtOGY4OC0zNDM2M2JjN2M0YzAiOnsiY3JlYXRlIjoyNDAwMDAwMDAwMDAsImRlbGV0ZSI6MjQwMDAwMDAwMDAwLCJ1cGRhdGUiOjI0MDAwMDAwMDAwMH19",
          "dependencies": [
            "module.bucket-doc.google_storage_bucket.static_doc",
            "module.project.google_project.project",
            "module.project.google_project_service.cloudresourcemanager",
            "module.project.google_project_service.compute_api",
            "module.project.google_project_service.dns_api",
            "module.project.google_project_service.domains_api",
            "module.project.google_project_service.networks_api",
            "module.project.random_id.project_suffix"
          ]
        },
        {
          "index_key": "module/network.html",
          "schema_version": 0,
          "attributes": {
            "bucket": "ft-iac-trois-doc",
            "cache_control": "",
            "content": null,
            "content_disposition": "",
            "content_encoding": "",
            "content_language": "",
            "content_type": "text/html",
            "crc32c": "TkI6oA==",
            "customer_encryption": [],
            "deletion_policy": null,
            "detect_md5hash": "4vxfk/L7V8TXddjj5uKZaQ==",
            "event_based_hold": false,
            "force_empty_content_type": null,
            "generation": 1765527753709839,
            "id": "ft-iac-trois-doc-module/network.html",
            "kms_key_name": "",
            "md5hash": "4vxfk/L7V8TXddjj5uKZaQ==",
            "md5hexhash": "e2fc5f93f2fb57c4d775d8e3e6e29969",
            "media_link": "https://storage.googleapis.com/download/storage/v1/b/ft-iac-trois-doc/o/module%2Fnetwork.html?generation=1765527753709839\u0026alt=media",
            "metadata": {},
            "name": "module/network.html",
            "output_name": "module/network.html",
            "retention": [],
            "self_link": "https://www.googleapis.com/storage/v1/b/ft-iac-trois-doc/o/module%2Fnetwork.html",
            "source": "./site/module/network.html",
            "source_md5hash": "",
            "storage_class": "STANDARD",
            "temporary_hold": false,
            "timeouts": null
          },
          "sensitive_attributes": [
            [
              {
                "type": "get_attr",
                "value": "content"
              }
            ]
          ],
          "identity_schema_version": 0,
          "private": "eyJlMmJmYjczMC1lY2FhLTExZTYtOGY4OC0zNDM2M2JjN2M0YzAiOnsiY3JlYXRlIjoyNDAwMDAwMDAwMDAsImRlbGV0ZSI6MjQwMDAwMDAwMDAwLCJ1cGRhdGUiOjI0MDAwMDAwMDAwMH19",
          "dependencies": [
            "module.bucket-doc.google_storage_bucket.static_doc",
            "module.project.google_project.project",
            "module.project.google_project_service.cloudresourcemanager",
            "module.project.google_project_service.compute_api",
            "module.project.google_project_service.dns_api",
            "module.project.google_project_service.domains_api",
            "module.project.google_project_service.networks_api",
            "module.project.random_id.project_suffix"
          ]
        },
        {
          "index_key": "module/project.html",
          "schema_version": 0,
          "attributes": {
            "bucket": "ft-iac-trois-doc",
            "cache_control": "",
            "content": null,
            "content_disposition": "",
            "content_encoding": "",
            "content_language": "",
            "content_type": "text/html",
            "crc32c": "/qrNew==",
            "customer_encryption": [],
            "deletion_policy": null,
            "detect_md5hash": "XYvn/6uQJAloPRfeBAJ+Ng==",
            "event_based_hold": false,
            "force_empty_content_type": null,
            "generation": 1765527755012319,
            "id": "ft-iac-trois-doc-module/project.html",
            "kms_key_name": "",
            "md5hash": "XYvn/6uQJAloPRfeBAJ+Ng==",
            "md5hexhash": "5d8be7ffab902409683d17de04027e36",
            "media_link": "https://storage.googleapis.com/download/storage/v1/b/ft-iac-trois-doc/o/module%2Fproject.html?generation=1765527755012319\u0026alt=media",
            "metadata": {},
            "name": "module/project.html",
            "output_name": "module/project.html",
            "retention": [],
            "self_link": "https://www.googleapis.com/storage/v1/b/ft-iac-trois-doc/o/module%2Fproject.html",
            "source": "./site/module/project.html",
            "source_md5hash": "",
            "storage_class": "STANDARD",
            "temporary_hold": false,
            "timeouts": null
          },
          "sensitive_attributes": [
            [
              {
                "type": "get_attr",
                "value": "content"
              }
            ]
          ],
          "identity_schema_version": 0,
          "private": "eyJlMmJmYjczMC1lY2FhLTExZTYtOGY4OC0zNDM2M2JjN2M0YzAiOnsiY3JlYXRlIjoyNDAwMDAwMDAwMDAsImRlbGV0ZSI6MjQwMDAwMDAwMDAwLCJ1cGRhdGUiOjI0MDAwMDAwMDAwMH19",
          "dependencies": [
            "module.bucket-doc.google_storage_bucket.static_doc",
            "module.project.google_project.project",
            "module.project.google_project_service.cloudresourcemanager",
            "module.project.google_project_service.compute_api",
            "module.project.google_project_service.dns_api",
            "module.project.google_project_service.domains_api",
            "module.project.google_project_service.networks_api",
            "module.project.random_id.project_suffix"
          ]
        },
        {
          "index_key": "search/lunr.js",
          "schema_version": 0,
          "attributes": {
            "bucket": "ft-iac-trois-doc",
            "cache_control": "",
            "content": null,
            "content_disposition": "",
            "content_encoding": "",
            "content_language": "",
            "content_type": "application/javascript",
            "crc32c": "KRrLqg==",
            "customer_encryption": [],
            "deletion_policy": null,
            "detect_md5hash": "pbs+ynYDAaB0zo/3ZhlwXw==",
            "event_based_hold": false,
            "force_empty_content_type": null,
            "generation": 1765527755709236,
            "id": "ft-iac-trois-doc-search/lunr.js",
            "kms_key_name": "",
            "md5hash": "pbs+ynYDAaB0zo/3ZhlwXw==",
            "md5hexhash": "a5bb3eca760301a074ce8ff76619705f",
            "media_link": "https://storage.googleapis.com/download/storage/v1/b/ft-iac-trois-doc/o/search%2Flunr.js?generation=1765527755709236\u0026alt=media",
            "metadata": {},
            "name": "search/lunr.js",
            "output_name": "search/lunr.js",
            "retention": [],
            "self_link": "https://www.googleapis.com/storage/v1/b/ft-iac-trois-doc/o/search%2Flunr.js",
            "source": "./site/search/lunr.js",
            "source_md5hash": "",
            "storage_class": "STANDARD",
            "temporary_hold": false,
            "timeouts": null
          },
          "sensitive_attributes": [
            [
              {
                "type": "get_attr",
                "value": "content"
              }
            ]
          ],
          "identity_schema_version": 0,
          "private": "eyJlMmJmYjczMC1lY2FhLTExZTYtOGY4OC0zNDM2M2JjN2M0YzAiOnsiY3JlYXRlIjoyNDAwMDAwMDAwMDAsImRlbGV0ZSI6MjQwMDAwMDAwMDAwLCJ1cGRhdGUiOjI0MDAwMDAwMDAwMH19",
          "dependencies": [
            "module.bucket-doc.google_storage_bucket.static_doc",
            "module.project.google_project.project",
            "module.project.google_project_service.cloudresourcemanager",
            "module.project.google_project_service.compute_api",
            "module.project.google_project_service.dns_api",
            "module.project.google_project_service.domains_api",
            "module.project.google_project_service.networks_api",
            "module.project.random_id.project_suffix"
          ]
        },
        {
          "index_key": "search/main.js",
          "schema_version": 0,
          "attributes": {
            "bucket": "ft-iac-trois-doc",
            "cache_control": "",
            "content": null,
            "content_disposition": "",
            "content_encoding": "",
            "content_language": "",
            "content_type": "application/javascript",
            "crc32c": "bptczQ==",
            "customer_encryption": [],
            "deletion_policy": null,
            "detect_md5hash": "JPosCFUZADAEe4IebeV6XQ==",
            "event_based_hold": false,
            "force_empty_content_type": null,
            "generation": 1765527754508403,
            "id": "ft-iac-trois-doc-search/main.js",
            "kms_key_name": "",
            "md5hash": "JPosCFUZADAEe4IebeV6XQ==",
            "md5hexhash": "24fa2c0855190030047b821e6de57a5d",
            "media_link": "https://storage.googleapis.com/download/storage/v1/b/ft-iac-trois-doc/o/search%2Fmain.js?generation=1765527754508403\u0026alt=media",
            "metadata": {},
            "name": "search/main.js",
            "output_name": "search/main.js",
            "retention": [],
            "self_link": "https://www.googleapis.com/storage/v1/b/ft-iac-trois-doc/o/search%2Fmain.js",
            "source": "./site/search/main.js",
            "source_md5hash": "",
            "storage_class": "STANDARD",
            "temporary_hold": false,
            "timeouts": null
          },
          "sensitive_attributes": [
            [
              {
                "type": "get_attr",
                "value": "content"
              }
            ]
          ],
          "identity_schema_version": 0,
          "private": "eyJlMmJmYjczMC1lY2FhLTExZTYtOGY4OC0zNDM2M2JjN2M0YzAiOnsiY3JlYXRlIjoyNDAwMDAwMDAwMDAsImRlbGV0ZSI6MjQwMDAwMDAwMDAwLCJ1cGRhdGUiOjI0MDAwMDAwMDAwMH19",
          "dependencies": [
            "module.bucket-doc.google_storage_bucket.static_doc",
            "module.project.google_project.project",
            "module.project.google_project_service.cloudresourcemanager",
            "module.project.google_project_service.compute_api",
            "module.project.google_project_service.dns_api",
            "module.project.google_project_service.domains_api",
            "module.project.google_project_service.networks_api",
            "module.project.random_id.project_suffix"
          ]
        },
        {
          "index_key": "search/search_index.json",
          "schema_version": 0,
          "attributes": {
            "bucket": "ft-iac-trois-doc",
            "cache_control": "",
            "content": null,
            "content_disposition": "",
            "content_encoding": "",
            "content_language": "",
            "content_type": "application/json",
            "crc32c": "fsgFtA==",
            "customer_encryption": [],
            "deletion_policy": null,
            "detect_md5hash": "43Hk6TCHLO3gRSll3rxlFQ==",
            "event_based_hold": false,
            "force_empty_content_type": null,
            "generation": 1765527755009541,
            "id": "ft-iac-trois-doc-search/search_index.json",
            "kms_key_name": "",
            "md5hash": "43Hk6TCHLO3gRSll3rxlFQ==",
            "md5hexhash": "e371e4e930872cede0452965debc6515",
            "media_link": "https://storage.googleapis.com/download/storage/v1/b/ft-iac-trois-doc/o/search%2Fsearch_index.json?generation=1765527755009541\u0026alt=media",
            "metadata": {},
            "name": "search/search_index.json",
            "output_name": "search/search_index.json",
            "retention": [],
            "self_link": "https://www.googleapis.com/storage/v1/b/ft-iac-trois-doc/o/search%2Fsearch_index.json",
            "source": "./site/search/search_index.json",
            "source_md5hash": "",
            "storage_class": "STANDARD",
            "temporary_hold": false,
            "timeouts": null
          },
          "sensitive_attributes": [
            [
              {
                "type": "get_attr",
                "value": "content"
              }
            ]
          ],
          "identity_schema_version": 0,
          "private": "eyJlMmJmYjczMC1lY2FhLTExZTYtOGY4OC0zNDM2M2JjN2M0YzAiOnsiY3JlYXRlIjoyNDAwMDAwMDAwMDAsImRlbGV0ZSI6MjQwMDAwMDAwMDAwLCJ1cGRhdGUiOjI0MDAwMDAwMDAwMH19",
          "dependencies": [
            "module.bucket-doc.google_storage_bucket.static_doc",
            "module.project.google_project.project",
            "module.project.google_project_service.cloudresourcemanager",
            "module.project.google_project_service.compute_api",
            "module.project.google_project_service.dns_api",
            "module.project.google_project_service.domains_api",
            "module.project.google_project_service.networks_api",
            "module.project.random_id.project_suffix"
          ]
        },
        {
          "index_key": "search/worker.js",
          "schema_version": 0,
          "attributes": {
            "bucket": "ft-iac-trois-doc",
            "cache_control": "",
            "content": null,
            "content_disposition": "",
            "content_encoding": "",
            "content_language": "",
            "content_type": "application/javascript",
            "crc32c": "qVo0wA==",
            "customer_encryption": [],
            "deletion_policy": null,
            "detect_md5hash": "enh5o857M7cO0CMekSPoSw==",
            "event_based_hold": false,
            "force_empty_content_type": null,
            "generation": 1765527755410263,
            "id": "ft-iac-trois-doc-search/worker.js",
            "kms_key_name": "",
            "md5hash": "enh5o857M7cO0CMekSPoSw==",
            "md5hexhash": "7a7879a3ce7b33b70ed0231e9123e84b",
            "media_link": "https://storage.googleapis.com/download/storage/v1/b/ft-iac-trois-doc/o/search%2Fworker.js?generation=1765527755410263\u0026alt=media",
            "metadata": {},
            "name": "search/worker.js",
            "output_name": "search/worker.js",
            "retention": [],
            "self_link": "https://www.googleapis.com/storage/v1/b/ft-iac-trois-doc/o/search%2Fworker.js",
            "source": "./site/search/worker.js",
            "source_md5hash": "",
            "storage_class": "STANDARD",
            "temporary_hold": false,
            "timeouts": null
          },
          "sensitive_attributes": [
            [
              {
                "type": "get_attr",
                "value": "content"
              }
            ]
          ],
          "identity_schema_version": 0,
          "private": "eyJlMmJmYjczMC1lY2FhLTExZTYtOGY4OC0zNDM2M2JjN2M0YzAiOnsiY3JlYXRlIjoyNDAwMDAwMDAwMDAsImRlbGV0ZSI6MjQwMDAwMDAwMDAwLCJ1cGRhdGUiOjI0MDAwMDAwMDAwMH19",
          "dependencies": [
            "module.bucket-doc.google_storage_bucket.static_doc",
            "module.project.google_project.project",
            "module.project.google_project_service.cloudresourcemanager",
            "module.project.google_project_service.compute_api",
            "module.project.google_project_service.dns_api",
            "module.project.google_project_service.domains_api",
            "module.project.google_project_service.networks_api",
            "module.project.random_id.project_suffix"
          ]
        },
        {
          "index_key": "sitemap.xml",
          "schema_version": 0,
          "attributes": {
            "bucket": "ft-iac-trois-doc",
            "cache_control": "",
            "content": null,
            "content_disposition": "",
            "content_encoding": "",
            "content_language": "",
            "content_type": "text/xml",
            "crc32c": "H0L7YQ==",
            "customer_encryption": [],
            "deletion_policy": null,
            "detect_md5hash": "zo0zgAIVbXtjkmoNCgE7xw==",
            "event_based_hold": false,
            "force_empty_content_type": null,
            "generation": 1765527755413630,
            "id": "ft-iac-trois-doc-sitemap.xml",
            "kms_key_name": "",
            "md5hash": "zo0zgAIVbXtjkmoNCgE7xw==",
            "md5hexhash": "ce8d338002156d7b63926a0d0a013bc7",
            "media_link": "https://storage.googleapis.com/download/storage/v1/b/ft-iac-trois-doc/o/sitemap.xml?generation=1765527755413630\u0026alt=media",
            "metadata": {},
            "name": "sitemap.xml",
            "output_name": "sitemap.xml",
            "retention": [],
            "self_link": "https://www.googleapis.com/storage/v1/b/ft-iac-trois-doc/o/sitemap.xml",
            "source": "./site/sitemap.xml",
            "source_md5hash": "",
            "storage_class": "STANDARD",
            "temporary_hold": false,
            "timeouts": null
          },
          "sensitive_attributes": [
            [
              {
                "type": "get_attr",
                "value": "content"
              }
            ]
          ],
          "identity_schema_version": 0,
          "private": "eyJlMmJmYjczMC1lY2FhLTExZTYtOGY4OC0zNDM2M2JjN2M0YzAiOnsiY3JlYXRlIjoyNDAwMDAwMDAwMDAsImRlbGV0ZSI6MjQwMDAwMDAwMDAwLCJ1cGRhdGUiOjI0MDAwMDAwMDAwMH19",
          "dependencies": [
            "module.bucket-doc.google_storage_bucket.static_doc",
            "module.project.google_project.project",
            "module.project.google_project_service.cloudresourcemanager",
            "module.project.google_project_service.compute_api",
            "module.project.google_project_service.dns_api",
            "module.project.google_project_service.domains_api",
            "module.project.google_project_service.networks_api",
            "module.project.random_id.project_suffix"
          ]
        },
        {
          "index_key": "sitemap.xml.gz",
          "schema_version": 0,
          "attributes": {
            "bucket": "ft-iac-trois-doc",
            "cache_control": "",
            "content": null,
            "content_disposition": "",
            "content_encoding": "",
            "content_language": "",
            "content_type": "text/plain",
            "crc32c": "B+LeCA==",
            "customer_encryption": [],
            "deletion_policy": null,
            "detect_md5hash": "m7881SJqoUKIK93vYPC3xg==",
            "event_based_hold": false,
            "force_empty_content_type": null,
            "generation": 1765528196257025,
            "id": "ft-iac-trois-doc-sitemap.xml.gz",
            "kms_key_name": "",
            "md5hash": "m7881SJqoUKIK93vYPC3xg==",
            "md5hexhash": "9bbf3cd5226aa142882bddef60f0b7c6",
            "media_link": "https://storage.googleapis.com/download/storage/v1/b/ft-iac-trois-doc/o/sitemap.xml.gz?generation=1765528196257025\u0026alt=media",
            "metadata": {},
            "name": "sitemap.xml.gz",
            "output_name": "sitemap.xml.gz",
            "retention": [],
            "self_link": "https://www.googleapis.com/storage/v1/b/ft-iac-trois-doc/o/sitemap.xml.gz",
            "source": "./site/sitemap.xml.gz",
            "source_md5hash": "",
            "storage_class": "STANDARD",
            "temporary_hold": false,
            "timeouts": null
          },
          "sensitive_attributes": [
            [
              {
                "type": "get_attr",
                "value": "content"
              }
            ]
          ],
          "identity_schema_version": 0,
          "private": "eyJlMmJmYjczMC1lY2FhLTExZTYtOGY4OC0zNDM2M2JjN2M0YzAiOnsiY3JlYXRlIjoyNDAwMDAwMDAwMDAsImRlbGV0ZSI6MjQwMDAwMDAwMDAwLCJ1cGRhdGUiOjI0MDAwMDAwMDAwMH19",
          "dependencies": [
            "module.bucket-doc.google_storage_bucket.static_doc",
            "module.project.google_project.project",
            "module.project.google_project_service.cloudresourcemanager",
            "module.project.google_project_service.compute_api",
            "module.project.google_project_service.dns_api",
            "module.project.google_project_service.domains_api",
            "module.project.google_project_service.networks_api",
            "module.project.random_id.project_suffix"
          ]
        }
      ]
    },
    {
      "module": "module.database",
      "mode": "managed",
      "type": "google_sql_database",
      "name": "database",
      "provider": "provider[\"registry.terraform.io/hashicorp/google\"]",
      "instances": [
        {
          "schema_version": 0,
          "attributes": {
            "charset": "utf8mb4",
            "collation": "utf8mb4_0900_ai_ci",
            "deletion_policy": "DELETE",
            "id": "projects/ft-iac-trois-39878/instances/ft-iac-trois-db/databases/ft-iac-trois-db",
            "instance": "ft-iac-trois-db",
            "name": "ft-iac-trois-db",
            "project": "ft-iac-trois-39878",
            "self_link": "https://sqladmin.googleapis.com/sql/v1beta4/projects/ft-iac-trois-39878/instances/ft-iac-trois-db/databases/ft-iac-trois-db",
            "timeouts": null
          },
          "sensitive_attributes": [],
          "identity_schema_version": 0,
          "private": "eyJlMmJmYjczMC1lY2FhLTExZTYtOGY4OC0zNDM2M2JjN2M0YzAiOnsiY3JlYXRlIjoxMjAwMDAwMDAwMDAwLCJkZWxldGUiOjEyMDAwMDAwMDAwMDAsInVwZGF0ZSI6MTIwMDAwMDAwMDAwMH19",
          "dependencies": [
            "module.database.google_sql_database_instance.instance",
            "module.network.google_compute_firewall.allow_web",
            "module.network.google_compute_global_address.private_ip_address",
            "module.network.google_compute_network.vpc",
            "module.network.google_compute_router.router",
            "module.network.google_compute_router_nat.nat",
            "module.network.google_compute_subnetwork.subnet",
            "module.network.google_service_networking_connection.private_vpc_connection",
            "module.project.google_project.project",
            "module.project.google_project_service.cloudresourcemanager",
            "module.project.google_project_service.compute_api",
            "module.project.google_project_service.dns_api",
            "module.project.google_project_service.domains_api",
            "module.project.google_project_service.networks_api",
            "module.project.random_id.project_suffix"
          ],
          "create_before_destroy": true
        }
      ]
    },
    {
      "module": "module.database",
      "mode": "managed",
      "type": "google_sql_database_instance",
      "name": "instance",
      "provider": "provider[\"registry.terraform.io/hashicorp/google\"]",
      "instances": [
        {
          "schema_version": 0,
          "attributes": {
            "available_maintenance_versions": [],
            "backupdr_backup": null,
            "clone": [],
            "connection_name": "ft-iac-trois-39878:us-central1:ft-iac-trois-db",
            "database_version": "MYSQL_8_0",
            "deletion_protection": false,
            "dns_name": "",
            "dns_names": [],
            "encryption_key_name": null,
            "final_backup_description": null,
            "first_ip_address": "10.210.0.3",
            "id": "ft-iac-trois-db",
            "instance_type": "CLOUD_SQL_INSTANCE",
            "ip_address": [
              {
                "ip_address": "10.210.0.3",
                "time_to_retire": "",
                "type": "PRIVATE"
              }
            ],
            "maintenance_version": "MYSQL_8_0_41.R20251004.01_24",
            "master_instance_name": "",
            "name": "ft-iac-trois-db",
            "node_count": 0,
            "point_in_time_restore_context": [],
            "private_ip_address": "10.210.0.3",
            "project": "ft-iac-trois-39878",
            "psc_service_attachment_link": "",
            "public_ip_address": "",
            "region": "us-central1",
            "replica_configuration": [],
            "replica_names": [],
            "replication_cluster": [
              {
                "dr_replica": false,
                "failover_dr_replica_name": "",
                "psa_write_endpoint": ""
              }
            ],
            "restore_backup_context": [],
            "root_password": null,
            "self_link": "https://sqladmin.googleapis.com/sql/v1beta4/projects/ft-iac-trois-39878/instances/ft-iac-trois-db",
            "server_ca_cert": [
              {
                "cert": "-----BEGIN CERTIFICATE-----\nMIIDfzCCAmegAwIBAgIBADANBgkqhkiG9w0BAQsFADB3MS0wKwYDVQQuEyQwMTRl\nZDM4YS01ZTU1LTRlZTUtYjAyNy04OTVmMDZiOTRlMzkxIzAhBgNVBAMTGkdvb2ds\nZSBDbG91ZCBTUUwgU2VydmVyIENBMRQwEgYDVQQKEwtHb29nbGUsIEluYzELMAkG\nA1UEBhMCVVMwHhcNMjUxMjExMTUzNTAyWhcNMzUxMjA5MTUzNjAyWjB3MS0wKwYD\nVQQuEyQwMTRlZDM4YS01ZTU1LTRlZTUtYjAyNy04OTVmMDZiOTRlMzkxIzAhBgNV\nBAMTGkdvb2dsZSBDbG91ZCBTUUwgU2VydmVyIENBMRQwEgYDVQQKEwtHb29nbGUs\nIEluYzELMAkGA1UEBhMCVVMwggEiMA0GCSqGSIb3DQEBAQUAA4IBDwAwggEKAoIB\nAQCWx4DJ+ksg2DpgAziP6sioUtr/uODS5kJyTOM8E64YMdT8PYLVzraER7br/9Xv\nyEjEQaJFWJA6C3dbRl8DcMmkeANlz9k6Sa3BKWUqf78cz2/4XBNizr7CSIl42PH4\nsy3obEUUKms51O8qaWgaTnJg0TxyJxIouT6Er6MPv1B6U4qAF1N2ge69KIA+IXa2\nvdFUFFsaFBfPupwzwYVx/OL3c8/KjvCecP0FAjGR5CgDj18J3ioQxx14LHaGNVrU\nJKeox3L3i5E/Oa1D9HkqewlrPUnCvk7etRLTSwhbtsLkNiWs1Vd3ZttQNTIfD6my\nCsDrH1prCMbVUk1h0Yqi0LbbAgMBAAGjFjAUMBIGA1UdEwEB/wQIMAYBAf8CAQAw\nDQYJKoZIhvcNAQELBQADggEBAIcM5x2EOUUvFLFuyjjvwunCoE8ktrAHdfXB+5Rp\nnn/Zzhz0I0bLfGZKoKXz3DyyfdB+oBQ+X4Ybk1xrKhQ9UmUDoP3ICSWz6RHPT0Wc\nYBmaqR8KA7LBQJ01JXTVfBysbTPyt4b38PK58crCl9ut3dQ27V6ht7Vo7ubE7ly5\n+VZvjww+CknlJ3kWiAZZXkHfiDwWui+4vM4ZFNWA1A8lu/rt5CFye0tnYVyQSf0B\nGrYk7dB4+z8C0pszzklWpDkf9INwypuQJ99HO3ng5Jp2rkMseBOZMY1Oh7aumYqQ\nDxL1K9assqoq4NnTJ51JskQ/u6k9hF7hQV9oy+Eh4CG9lnY=\n-----END CERTIFICATE-----",
                "common_name": "C=US,O=Google\\, Inc,CN=Google Cloud SQL Server CA,dnQualifier=014ed38a-5e55-4ee5-b027-895f06b94e39",
                "create_time": "2025-12-11T15:35:02.332Z",
                "expiration_time": "2035-12-09T15:36:02.332Z",
                "sha1_fingerprint": "d636fee60339e5a8d6ca78a56765e47b1dfac2df"
              }
            ],
            "service_account_email_address": "p871279731830-cf5ahp@gcp-sa-cloud-sql.iam.gserviceaccount.com",
            "settings": [
              {
                "activation_policy": "ALWAYS",
                "active_directory_config": [],
                "advanced_machine_features": [],
                "availability_type": "ZONAL",
                "backup_configuration": [
                  {
                    "backup_retention_settings": [
                      {
                        "retained_backups": 15,
                        "retention_unit": "COUNT"
                      }
                    ],
                    "binary_log_enabled": false,
                    "enabled": true,
                    "location": "",
                    "point_in_time_recovery_enabled": false,
                    "start_time": "22:00",
                    "transaction_log_retention_days": 7
                  }
                ],
                "collation": "",
                "connection_pool_config": [],
                "connector_enforcement": "NOT_REQUIRED",
                "data_cache_config": [
                  {
                    "data_cache_enabled": false
                  }
                ],
                "database_flags": [],
                "deletion_protection_enabled": false,
                "deny_maintenance_period": [],
                "disk_autoresize": true,
                "disk_autoresize_limit": 0,
                "disk_size": 10,
                "disk_type": "PD_SSD",
                "edition": "ENTERPRISE",
                "effective_availability_type": "ZONAL",
                "enable_dataplex_integration": false,
                "enable_google_ml_integration": false,
                "final_backup_config": [],
                "insights_config": [],
                "ip_configuration": [
                  {
                    "allocated_ip_range": "",
                    "authorized_networks": [],
                    "custom_subject_alternative_names": [],
                    "enable_private_path_for_google_cloud_services": false,
                    "ipv4_enabled": false,
                    "private_network": "projects/ft-iac-trois-39878/global/networks/ft-iac-trois-vpc",
                    "psc_config": [],
                    "server_ca_mode": "GOOGLE_MANAGED_INTERNAL_CA",
                    "server_ca_pool": "",
                    "ssl_mode": "ALLOW_UNENCRYPTED_AND_ENCRYPTED"
                  }
                ],
                "location_preference": [
                  {
                    "follow_gae_application": "",
                    "secondary_zone": "",
                    "zone": "us-central1-c"
                  }
                ],
                "maintenance_window": [],
                "password_validation_policy": [],
                "pricing_plan": "PER_USE",
                "read_pool_auto_scale_config": [
                  {
                    "disable_scale_in": false,
                    "enabled": false,
                    "max_node_count": 0,
                    "min_node_count": 0,
                    "scale_in_cooldown_seconds": 0,
                    "scale_out_cooldown_seconds": 0,
                    "target_metrics": []
                  }
                ],
                "retain_backups_on_delete": false,
                "sql_server_audit_config": [],
                "tier": "db-f1-micro",
                "time_zone": "",
                "user_labels": {},
                "version": 3
              }
            ],
            "timeouts": null
          },
          "sensitive_attributes": [
            [
              {
                "type": "get_attr",
                "value": "root_password"
              }
            ],
            [
              {
                "type": "get_attr",
                "value": "server_ca_cert"
              }
            ]
          ],
          "identity_schema_version": 0,
          "private": "eyJlMmJmYjczMC1lY2FhLTExZTYtOGY4OC0zNDM2M2JjN2M0YzAiOnsiY3JlYXRlIjo1NDAwMDAwMDAwMDAwLCJkZWxldGUiOjU0MDAwMDAwMDAwMDAsInVwZGF0ZSI6NTQwMDAwMDAwMDAwMH19",
          "dependencies": [
            "module.network.google_compute_firewall.allow_web",
            "module.network.google_compute_global_address.private_ip_address",
            "module.network.google_compute_network.vpc",
            "module.network.google_compute_router.router",
            "module.network.google_compute_router_nat.nat",
            "module.network.google_compute_subnetwork.subnet",
            "module.network.google_service_networking_connection.private_vpc_connection",
            "module.project.google_project.project",
            "module.project.google_project_service.cloudresourcemanager",
            "module.project.google_project_service.compute_api",
            "module.project.google_project_service.dns_api",
            "module.project.google_project_service.domains_api",
            "module.project.google_project_service.networks_api",
            "module.project.random_id.project_suffix"
          ],
          "create_before_destroy": true
        }
      ]
    },
    {
      "module": "module.database",
      "mode": "managed",
      "type": "google_sql_user",
      "name": "users",
      "provider": "provider[\"registry.terraform.io/hashicorp/google\"]",
      "instances": [
        {
          "schema_version": 1,
          "attributes": {
            "deletion_policy": null,
            "host": "",
            "id": "ft-iac-trois-user//ft-iac-trois-db",
            "instance": "ft-iac-trois-db",
            "name": "ft-iac-trois-user",
            "password": "UyOhnRlJBUtQApXtqAGJ",
            "password_policy": [],
            "password_wo": null,
            "password_wo_version": null,
            "project": "ft-iac-trois-39878",
            "sql_server_user_details": [],
            "timeouts": null,
            "type": ""
          },
          "sensitive_attributes": [
            [
              {
                "type": "get_attr",
                "value": "password"
              }
            ]
          ],
          "identity_schema_version": 0,
          "private": "eyJlMmJmYjczMC1lY2FhLTExZTYtOGY4OC0zNDM2M2JjN2M0YzAiOnsiY3JlYXRlIjo2MDAwMDAwMDAwMDAsImRlbGV0ZSI6NjAwMDAwMDAwMDAwLCJ1cGRhdGUiOjYwMDAwMDAwMDAwMH0sInNjaGVtYV92ZXJzaW9uIjoiMSJ9",
          "dependencies": [
            "module.database.google_sql_database_instance.instance",
            "module.database.random_password.password",
            "module.network.google_compute_firewall.allow_web",
            "module.network.google_compute_global_address.private_ip_address",
            "module.network.google_compute_network.vpc",
            "module.network.google_compute_router.router",
            "module.network.google_compute_router_nat.nat",
            "module.network.google_compute_subnetwork.subnet",
            "module.network.google_service_networking_connection.private_vpc_connection",
            "module.project.google_project.project",
            "module.project.google_project_service.cloudresourcemanager",
            "module.project.google_project_service.compute_api",
            "module.project.google_project_service.dns_api",
            "module.project.google_project_service.domains_api",
            "module.project.google_project_service.networks_api",
            "module.project.random_id.project_suffix"
          ],
          "create_before_destroy": true
        }
      ]
    },
    {
      "module": "module.database",
      "mode": "managed",
      "type": "random_password",
      "name": "password",
      "provider": "provider[\"registry.terraform.io/hashicorp/random\"]",
      "instances": [
        {
          "schema_version": 3,
          "attributes": {
            "bcrypt_hash": "$2a$10$awnWU4o5IlGl0GHP2UFovuavjvIxM48plnmvJF6hYTdpjiKxEHDgy",
            "id": "none",
            "keepers": null,
            "length": 20,
            "lower": true,
            "min_lower": 0,
            "min_numeric": 0,
            "min_special": 0,
            "min_upper": 0,
            "number": true,
            "numeric": true,
            "override_special": null,
            "result": "UyOhnRlJBUtQApXtqAGJ",
            "special": false,
            "upper": true
          },
          "sensitive_attributes": [
            [
              {
                "type": "get_attr",
                "value": "bcrypt_hash"
              }
            ],
            [
              {
                "type": "get_attr",
                "value": "result"
              }
            ]
          ],
          "identity_schema_version": 0,
          "dependencies": [
            "module.network.google_compute_firewall.allow_web",
            "module.network.google_compute_global_address.private_ip_address",
            "module.network.google_compute_network.vpc",
            "module.network.google_compute_router.router",
            "module.network.google_compute_router_nat.nat",
            "module.network.google_compute_subnetwork.subnet",
            "module.network.google_service_networking_connection.private_vpc_connection",
            "module.project.google_project.project",
            "module.project.google_project_service.cloudresourcemanager",
            "module.project.google_project_service.compute_api",
            "module.project.google_project_service.dns_api",
            "module.project.google_project_service.domains_api",
            "module.project.google_project_service.networks_api",
            "module.project.random_id.project_suffix"
          ],
          "create_before_destroy": true
        }
      ]
    },
    {
      "module": "module.loadbalancer",
      "mode": "managed",
      "type": "google_compute_backend_service",
      "name": "backend",
      "provider": "provider[\"registry.terraform.io/hashicorp/google\"]",
      "instances": [
        {
          "schema_version": 1,
          "attributes": {
            "affinity_cookie_ttl_sec": 0,
            "backend": [
              {
                "balancing_mode": "UTILIZATION",
                "capacity_scaler": 1,
                "custom_metrics": [],
                "description": "",
                "group": "https://www.googleapis.com/compute/v1/projects/ft-iac-trois-39878/regions/us-central1/instanceGroups/ft-iac-trois-mig",
                "max_connections": 0,
                "max_connections_per_endpoint": 0,
                "max_connections_per_instance": 0,
                "max_rate": 0,
                "max_rate_per_endpoint": 0,
                "max_rate_per_instance": 0,
                "max_utilization": 0.8,
                "preference": ""
              }
            ],
            "cdn_policy": [],
            "circuit_breakers": [],
            "compression_mode": "",
            "connection_draining_timeout_sec": 300,
            "consistent_hash": [],
            "creation_timestamp": "2025-12-11T07:48:49.516-08:00",
            "custom_metrics": [],
            "custom_request_headers": [],
            "custom_response_headers": [],
            "description": "",
            "edge_security_policy": "",
            "enable_cdn": false,
            "external_managed_migration_state": "",
            "external_managed_migration_testing_percentage": 0,
            "fingerprint": "YaTrLXqhZmY=",
            "generated_id": 2531676777879132430,
            "health_checks": [
              "https://www.googleapis.com/compute/v1/projects/ft-iac-trois-39878/global/healthChecks/ft-iac-trois-hc-global"
            ],
            "iap": [],
            "id": "projects/ft-iac-trois-39878/global/backendServices/ft-iac-trois-backend-global",
            "ip_address_selection_policy": "",
            "load_balancing_scheme": "EXTERNAL",
            "locality_lb_policies": [],
            "locality_lb_policy": "",
            "log_config": [
              {
                "enable": true,
                "optional_fields": [],
                "optional_mode": "EXCLUDE_ALL_OPTIONAL",
                "sample_rate": 1
              }
            ],
            "max_stream_duration": [],
            "name": "ft-iac-trois-backend-global",
            "outlier_detection": [],
            "params": [],
            "port_name": "http",
            "project": "ft-iac-trois-39878",
            "protocol": "HTTP",
            "security_policy": "",
            "security_settings": [],
            "self_link": "https://www.googleapis.com/compute/v1/projects/ft-iac-trois-39878/global/backendServices/ft-iac-trois-backend-global",
            "service_lb_policy": "",
            "session_affinity": "GENERATED_COOKIE",
            "strong_session_affinity_cookie": [],
            "timeout_sec": 10,
            "timeouts": null,
            "tls_settings": []
          },
          "sensitive_attributes": [],
          "identity_schema_version": 0,
          "private": "eyJlMmJmYjczMC1lY2FhLTExZTYtOGY4OC0zNDM2M2JjN2M0YzAiOnsiY3JlYXRlIjoxMjAwMDAwMDAwMDAwLCJkZWxldGUiOjEyMDAwMDAwMDAwMDAsInVwZGF0ZSI6MTIwMDAwMDAwMDAwMH0sInNjaGVtYV92ZXJzaW9uIjoiMSJ9",
          "dependencies": [
            "module.autoscaling.google_compute_instance_template.app_template",
            "module.autoscaling.google_compute_region_instance_group_manager.app_mig",
            "module.database.google_sql_database.database",
            "module.database.google_sql_database_instance.instance",
            "module.database.google_sql_user.users",
            "module.database.random_password.password",
            "module.loadbalancer.google_compute_health_check.hc",
            "module.network.google_compute_firewall.allow_web",
            "module.network.google_compute_global_address.private_ip_address",
            "module.network.google_compute_network.vpc",
            "module.network.google_compute_router.router",
            "module.network.google_compute_router_nat.nat",
            "module.network.google_compute_subnetwork.subnet",
            "module.network.google_service_networking_connection.private_vpc_connection",
            "module.project.google_project.project",
            "module.project.google_project_service.cloudresourcemanager",
            "module.project.google_project_service.compute_api",
            "module.project.google_project_service.dns_api",
            "module.project.google_project_service.domains_api",
            "module.project.google_project_service.networks_api",
            "module.project.random_id.project_suffix"
          ]
        }
      ]
    },
    {
      "module": "module.loadbalancer",
      "mode": "managed",
      "type": "google_compute_global_address",
      "name": "default",
      "provider": "provider[\"registry.terraform.io/hashicorp/google\"]",
      "instances": [
        {
          "schema_version": 0,
          "attributes": {
            "address": "34.120.92.21",
            "address_type": "EXTERNAL",
            "creation_timestamp": "2025-12-11T07:30:15.952-08:00",
            "description": "",
            "effective_labels": {
              "goog-terraform-provisioned": "true"
            },
            "id": "projects/ft-iac-trois-39878/global/addresses/ft-iac-trois-ip",
            "ip_version": "",
            "label_fingerprint": "vezUS-42LLM=",
            "labels": {},
            "name": "ft-iac-trois-ip",
            "network": "",
            "prefix_length": 0,
            "project": "ft-iac-trois-39878",
            "purpose": "",
            "self_link": "https://www.googleapis.com/compute/v1/projects/ft-iac-trois-39878/global/addresses/ft-iac-trois-ip",
            "terraform_labels": {
              "goog-terraform-provisioned": "true"
            },
            "timeouts": null
          },
          "sensitive_attributes": [],
          "identity_schema_version": 0,
          "private": "eyJlMmJmYjczMC1lY2FhLTExZTYtOGY4OC0zNDM2M2JjN2M0YzAiOnsiY3JlYXRlIjoxMjAwMDAwMDAwMDAwLCJkZWxldGUiOjEyMDAwMDAwMDAwMDAsInVwZGF0ZSI6MTIwMDAwMDAwMDAwMH19",
          "dependencies": [
            "module.project.google_project.project",
            "module.project.google_project_service.cloudresourcemanager",
            "module.project.google_project_service.compute_api",
            "module.project.google_project_service.dns_api",
            "module.project.google_project_service.domains_api",
            "module.project.google_project_service.networks_api",
            "module.project.random_id.project_suffix"
          ]
        }
      ]
    },
    {
      "module": "module.loadbalancer",
      "mode": "managed",
      "type": "google_compute_global_forwarding_rule",
      "name": "http",
      "provider": "provider[\"registry.terraform.io/hashicorp/google\"]",
      "instances": [
        {
          "schema_version": 0,
          "attributes": {
            "base_forwarding_rule": "",
            "description": "",
            "effective_labels": {},
            "external_managed_backend_bucket_migration_state": "",
            "external_managed_backend_bucket_migration_testing_percentage": 0,
            "forwarding_rule_id": 4133927465956891982,
            "id": "projects/ft-iac-trois-39878/global/forwardingRules/ft-iac-trois-frontend-global",
            "ip_address": "34.120.92.21",
            "ip_protocol": "TCP",
            "ip_version": "",
            "label_fingerprint": "42WmSpB8rSM=",
            "labels": {},
            "load_balancing_scheme": "EXTERNAL",
            "metadata_filters": [],
            "name": "ft-iac-trois-frontend-global",
            "network": "",
            "network_tier": "PREMIUM",
            "no_automate_dns_zone": null,
            "port_range": "80-80",
            "project": "ft-iac-trois-39878",
            "psc_connection_id": "",
            "psc_connection_status": "",
            "self_link": "https://www.googleapis.com/compute/v1/projects/ft-iac-trois-39878/global/forwardingRules/ft-iac-trois-frontend-global",
            "service_directory_registrations": [],
            "source_ip_ranges": [],
            "subnetwork": "",
            "target": "https://www.googleapis.com/compute/v1/projects/ft-iac-trois-39878/global/targetHttpProxies/ft-iac-trois-proxy-global",
            "terraform_labels": {},
            "timeouts": null
          },
          "sensitive_attributes": [],
          "identity_schema_version": 0,
          "private": "eyJlMmJmYjczMC1lY2FhLTExZTYtOGY4OC0zNDM2M2JjN2M0YzAiOnsiY3JlYXRlIjoxMjAwMDAwMDAwMDAwLCJkZWxldGUiOjEyMDAwMDAwMDAwMDAsInVwZGF0ZSI6MTIwMDAwMDAwMDAwMH19",
          "dependencies": [
            "module.loadbalancer.google_compute_global_address.default",
            "module.loadbalancer.google_compute_target_http_proxy.proxy",
            "module.loadbalancer.google_compute_url_map.https_redirect",
            "module.project.google_project.project",
            "module.project.google_project_service.cloudresourcemanager",
            "module.project.google_project_service.compute_api",
            "module.project.google_project_service.dns_api",
            "module.project.google_project_service.domains_api",
            "module.project.google_project_service.networks_api",
            "module.project.random_id.project_suffix"
          ]
        }
      ]
    },
    {
      "module": "module.loadbalancer",
      "mode": "managed",
      "type": "google_compute_global_forwarding_rule",
      "name": "https",
      "provider": "provider[\"registry.terraform.io/hashicorp/google\"]",
      "instances": [
        {
          "schema_version": 0,
          "attributes": {
            "base_forwarding_rule": "",
            "description": "",
            "effective_labels": {},
            "external_managed_backend_bucket_migration_state": "",
            "external_managed_backend_bucket_migration_testing_percentage": 0,
            "forwarding_rule_id": 6049732250069063372,
            "id": "projects/ft-iac-trois-39878/global/forwardingRules/ft-iac-trois-https-frontend",
            "ip_address": "34.120.92.21",
            "ip_protocol": "TCP",
            "ip_version": "",
            "label_fingerprint": "42WmSpB8rSM=",
            "labels": {},
            "load_balancing_scheme": "EXTERNAL",
            "metadata_filters": [],
            "name": "ft-iac-trois-https-frontend",
            "network": "",
            "network_tier": "PREMIUM",
            "no_automate_dns_zone": null,
            "port_range": "443-443",
            "project": "ft-iac-trois-39878",
            "psc_connection_id": "",
            "psc_connection_status": "",
            "self_link": "https://www.googleapis.com/compute/v1/projects/ft-iac-trois-39878/global/forwardingRules/ft-iac-trois-https-frontend",
            "service_directory_registrations": [],
            "source_ip_ranges": [],
            "subnetwork": "",
            "target": "https://www.googleapis.com/compute/v1/projects/ft-iac-trois-39878/global/targetHttpsProxies/ft-iac-trois-https-proxy",
            "terraform_labels": {},
            "timeouts": null
          },
          "sensitive_attributes": [],
          "identity_schema_version": 0,
          "private": "eyJlMmJmYjczMC1lY2FhLTExZTYtOGY4OC0zNDM2M2JjN2M0YzAiOnsiY3JlYXRlIjoxMjAwMDAwMDAwMDAwLCJkZWxldGUiOjEyMDAwMDAwMDAwMDAsInVwZGF0ZSI6MTIwMDAwMDAwMDAwMH19",
          "dependencies": [
            "module.autoscaling.google_compute_instance_template.app_template",
            "module.autoscaling.google_compute_region_instance_group_manager.app_mig",
            "module.database.google_sql_database.database",
            "module.database.google_sql_database_instance.instance",
            "module.database.google_sql_user.users",
            "module.database.random_password.password",
            "module.loadbalancer.google_compute_backend_service.backend",
            "module.loadbalancer.google_compute_global_address.default",
            "module.loadbalancer.google_compute_health_check.hc",
            "module.loadbalancer.google_compute_managed_ssl_certificate.default",
            "module.loadbalancer.google_compute_target_https_proxy.proxy",
            "module.loadbalancer.google_compute_url_map.lb",
            "module.network.google_compute_firewall.allow_web",
            "module.network.google_compute_global_address.private_ip_address",
            "module.network.google_compute_network.vpc",
            "module.network.google_compute_router.router",
            "module.network.google_compute_router_nat.nat",
            "module.network.google_compute_subnetwork.subnet",
            "module.network.google_service_networking_connection.private_vpc_connection",
            "module.project.google_project.project",
            "module.project.google_project_service.cloudresourcemanager",
            "module.project.google_project_service.compute_api",
            "module.project.google_project_service.dns_api",
            "module.project.google_project_service.domains_api",
            "module.project.google_project_service.networks_api",
            "module.project.random_id.project_suffix"
          ]
        }
      ]
    },
    {
      "module": "module.loadbalancer",
      "mode": "managed",
      "type": "google_compute_health_check",
      "name": "hc",
      "provider": "provider[\"registry.terraform.io/hashicorp/google\"]",
      "instances": [
        {
          "schema_version": 0,
          "attributes": {
            "check_interval_sec": 5,
            "creation_timestamp": "2025-12-11T07:30:17.072-08:00",
            "description": "",
            "grpc_health_check": [],
            "grpc_tls_health_check": [],
            "healthy_threshold": 2,
            "http2_health_check": [],
            "http_health_check": [
              {
                "host": "",
                "port": 80,
                "port_name": "",
                "port_specification": "",
                "proxy_header": "NONE",
                "request_path": "/health/liveness",
                "response": ""
              }
            ],
            "https_health_check": [],
            "id": "projects/ft-iac-trois-39878/global/healthChecks/ft-iac-trois-hc-global",
            "log_config": [
              {
                "enable": false
              }
            ],
            "name": "ft-iac-trois-hc-global",
            "project": "ft-iac-trois-39878",
            "self_link": "https://www.googleapis.com/compute/v1/projects/ft-iac-trois-39878/global/healthChecks/ft-iac-trois-hc-global",
            "source_regions": [],
            "ssl_health_check": [],
            "tcp_health_check": [],
            "timeout_sec": 5,
            "timeouts": null,
            "type": "HTTP",
            "unhealthy_threshold": 2
          },
          "sensitive_attributes": [],
          "identity_schema_version": 0,
          "private": "eyJlMmJmYjczMC1lY2FhLTExZTYtOGY4OC0zNDM2M2JjN2M0YzAiOnsiY3JlYXRlIjoxMjAwMDAwMDAwMDAwLCJkZWxldGUiOjEyMDAwMDAwMDAwMDAsInVwZGF0ZSI6MTIwMDAwMDAwMDAwMH19",
          "dependencies": [
            "module.project.google_project.project",
            "module.project.google_project_service.cloudresourcemanager",
            "module.project.google_project_service.compute_api",
            "module.project.google_project_service.dns_api",
            "module.project.google_project_service.domains_api",
            "module.project.google_project_service.networks_api",
            "module.project.random_id.project_suffix"
          ]
        }
      ]
    },
    {
      "module": "module.loadbalancer",
      "mode": "managed",
      "type": "google_compute_managed_ssl_certificate",
      "name": "default",
      "provider": "provider[\"registry.terraform.io/hashicorp/google\"]",
      "instances": [
        {
          "schema_version": 0,
          "attributes": {
            "certificate_id": 8559791183156960616,
            "creation_timestamp": "2025-12-11T07:30:15.882-08:00",
            "description": "",
            "expire_time": "",
            "id": "projects/ft-iac-trois-39878/global/sslCertificates/ft-iac-trois-cert",
            "managed": [
              {
                "domains": [
                  "sanitraq.fr"
                ]
              }
            ],
            "name": "ft-iac-trois-cert",
            "project": "ft-iac-trois-39878",
            "self_link": "https://www.googleapis.com/compute/v1/projects/ft-iac-trois-39878/global/sslCertificates/ft-iac-trois-cert",
            "subject_alternative_names": [],
            "timeouts": null,
            "type": "MANAGED"
          },
          "sensitive_attributes": [],
          "identity_schema_version": 0,
          "private": "eyJlMmJmYjczMC1lY2FhLTExZTYtOGY4OC0zNDM2M2JjN2M0YzAiOnsiY3JlYXRlIjoxODAwMDAwMDAwMDAwLCJkZWxldGUiOjE4MDAwMDAwMDAwMDB9fQ==",
          "dependencies": [
            "module.project.google_project.project",
            "module.project.google_project_service.cloudresourcemanager",
            "module.project.google_project_service.compute_api",
            "module.project.google_project_service.dns_api",
            "module.project.google_project_service.domains_api",
            "module.project.google_project_service.networks_api",
            "module.project.random_id.project_suffix"
          ]
        }
      ]
    },
    {
      "module": "module.loadbalancer",
      "mode": "managed",
      "type": "google_compute_target_http_proxy",
      "name": "proxy",
      "provider": "provider[\"registry.terraform.io/hashicorp/google\"]",
      "instances": [
        {
          "schema_version": 0,
          "attributes": {
            "creation_timestamp": "2025-12-11T07:30:28.854-08:00",
            "description": "",
            "fingerprint": "lrHHD0JoUZM=",
            "http_keep_alive_timeout_sec": 0,
            "id": "projects/ft-iac-trois-39878/global/targetHttpProxies/ft-iac-trois-proxy-global",
            "name": "ft-iac-trois-proxy-global",
            "project": "ft-iac-trois-39878",
            "proxy_bind": false,
            "proxy_id": 8740682492561284475,
            "self_link": "https://www.googleapis.com/compute/v1/projects/ft-iac-trois-39878/global/targetHttpProxies/ft-iac-trois-proxy-global",
            "timeouts": null,
            "url_map": "https://www.googleapis.com/compute/v1/projects/ft-iac-trois-39878/global/urlMaps/ft-iac-trois-https-redirect"
          },
          "sensitive_attributes": [],
          "identity_schema_version": 0,
          "private": "eyJlMmJmYjczMC1lY2FhLTExZTYtOGY4OC0zNDM2M2JjN2M0YzAiOnsiY3JlYXRlIjoxMjAwMDAwMDAwMDAwLCJkZWxldGUiOjEyMDAwMDAwMDAwMDAsInVwZGF0ZSI6MTIwMDAwMDAwMDAwMH19",
          "dependencies": [
            "module.loadbalancer.google_compute_url_map.https_redirect",
            "module.project.google_project.project",
            "module.project.google_project_service.cloudresourcemanager",
            "module.project.google_project_service.compute_api",
            "module.project.google_project_service.dns_api",
            "module.project.google_project_service.domains_api",
            "module.project.google_project_service.networks_api",
            "module.project.random_id.project_suffix"
          ]
        }
      ]
    },
    {
      "module": "module.loadbalancer",
      "mode": "managed",
      "type": "google_compute_target_https_proxy",
      "name": "proxy",
      "provider": "provider[\"registry.terraform.io/hashicorp/google\"]",
      "instances": [
        {
          "schema_version": 0,
          "attributes": {
            "certificate_manager_certificates": [],
            "certificate_map": "",
            "creation_timestamp": "2025-12-11T07:49:43.914-08:00",
            "description": "",
            "fingerprint": "HembpwoOlUA=",
            "http_keep_alive_timeout_sec": 0,
            "id": "projects/ft-iac-trois-39878/global/targetHttpsProxies/ft-iac-trois-https-proxy",
            "name": "ft-iac-trois-https-proxy",
            "project": "ft-iac-trois-39878",
            "proxy_bind": false,
            "proxy_id": 3946663589021439736,
            "quic_override": "NONE",
            "self_link": "https://www.googleapis.com/compute/v1/projects/ft-iac-trois-39878/global/targetHttpsProxies/ft-iac-trois-https-proxy",
            "server_tls_policy": "",
            "ssl_certificates": [
              "https://www.googleapis.com/compute/v1/projects/ft-iac-trois-39878/global/sslCertificates/ft-iac-trois-cert"
            ],
            "ssl_policy": "",
            "timeouts": null,
            "tls_early_data": "DISABLED",
            "url_map": "https://www.googleapis.com/compute/v1/projects/ft-iac-trois-39878/global/urlMaps/ft-iac-trois-lb-global"
          },
          "sensitive_attributes": [],
          "identity_schema_version": 0,
          "private": "eyJlMmJmYjczMC1lY2FhLTExZTYtOGY4OC0zNDM2M2JjN2M0YzAiOnsiY3JlYXRlIjoxMjAwMDAwMDAwMDAwLCJkZWxldGUiOjEyMDAwMDAwMDAwMDAsInVwZGF0ZSI6MTIwMDAwMDAwMDAwMH19",
          "dependencies": [
            "module.autoscaling.google_compute_instance_template.app_template",
            "module.autoscaling.google_compute_region_instance_group_manager.app_mig",
            "module.database.google_sql_database.database",
            "module.database.google_sql_database_instance.instance",
            "module.database.google_sql_user.users",
            "module.database.random_password.password",
            "module.loadbalancer.google_compute_backend_service.backend",
            "module.loadbalancer.google_compute_health_check.hc",
            "module.loadbalancer.google_compute_managed_ssl_certificate.default",
            "module.loadbalancer.google_compute_url_map.lb",
            "module.network.google_compute_firewall.allow_web",
            "module.network.google_compute_global_address.private_ip_address",
            "module.network.google_compute_network.vpc",
            "module.network.google_compute_router.router",
            "module.network.google_compute_router_nat.nat",
            "module.network.google_compute_subnetwork.subnet",
            "module.network.google_service_networking_connection.private_vpc_connection",
            "module.project.google_project.project",
            "module.project.google_project_service.cloudresourcemanager",
            "module.project.google_project_service.compute_api",
            "module.project.google_project_service.dns_api",
            "module.project.google_project_service.domains_api",
            "module.project.google_project_service.networks_api",
            "module.project.random_id.project_suffix"
          ]
        }
      ]
    },
    {
      "module": "module.loadbalancer",
      "mode": "managed",
      "type": "google_compute_url_map",
      "name": "https_redirect",
      "provider": "provider[\"registry.terraform.io/hashicorp/google\"]",
      "instances": [
        {
          "schema_version": 0,
          "attributes": {
            "creation_timestamp": "2025-12-11T07:30:15.881-08:00",
            "default_custom_error_response_policy": [],
            "default_route_action": [],
            "default_service": "",
            "default_url_redirect": [
              {
                "host_redirect": "",
                "https_redirect": true,
                "path_redirect": "",
                "prefix_redirect": "",
                "redirect_response_code": "MOVED_PERMANENTLY_DEFAULT",
                "strip_query": false
              }
            ],
            "description": "",
            "fingerprint": "1H2wz-V-uD0=",
            "header_action": [],
            "host_rule": [],
            "id": "projects/ft-iac-trois-39878/global/urlMaps/ft-iac-trois-https-redirect",
            "map_id": 62698399523626344,
            "name": "ft-iac-trois-https-redirect",
            "path_matcher": [],
            "project": "ft-iac-trois-39878",
            "self_link": "https://www.googleapis.com/compute/v1/projects/ft-iac-trois-39878/global/urlMaps/ft-iac-trois-https-redirect",
            "test": [],
            "timeouts": null
          },
          "sensitive_attributes": [],
          "identity_schema_version": 0,
          "private": "eyJlMmJmYjczMC1lY2FhLTExZTYtOGY4OC0zNDM2M2JjN2M0YzAiOnsiY3JlYXRlIjoxMjAwMDAwMDAwMDAwLCJkZWxldGUiOjEyMDAwMDAwMDAwMDAsInVwZGF0ZSI6MTIwMDAwMDAwMDAwMH19",
          "dependencies": [
            "module.project.google_project.project",
            "module.project.google_project_service.cloudresourcemanager",
            "module.project.google_project_service.compute_api",
            "module.project.google_project_service.dns_api",
            "module.project.google_project_service.domains_api",
            "module.project.google_project_service.networks_api",
            "module.project.random_id.project_suffix"
          ]
        }
      ]
    },
    {
      "module": "module.loadbalancer",
      "mode": "managed",
      "type": "google_compute_url_map",
      "name": "lb",
      "provider": "provider[\"registry.terraform.io/hashicorp/google\"]",
      "instances": [
        {
          "schema_version": 0,
          "attributes": {
            "creation_timestamp": "2025-12-11T07:49:32.304-08:00",
            "default_custom_error_response_policy": [],
            "default_route_action": [],
            "default_service": "https://www.googleapis.com/compute/v1/projects/ft-iac-trois-39878/global/backendServices/ft-iac-trois-backend-global",
            "default_url_redirect": [],
            "description": "",
            "fingerprint": "Z4UfhJkajHI=",
            "header_action": [],
            "host_rule": [],
            "id": "projects/ft-iac-trois-39878/global/urlMaps/ft-iac-trois-lb-global",
            "map_id": 7572481276726695651,
            "name": "ft-iac-trois-lb-global",
            "path_matcher": [],
            "project": "ft-iac-trois-39878",
            "self_link": "https://www.googleapis.com/compute/v1/projects/ft-iac-trois-39878/global/urlMaps/ft-iac-trois-lb-global",
            "test": [],
            "timeouts": null
          },
          "sensitive_attributes": [],
          "identity_schema_version": 0,
          "private": "eyJlMmJmYjczMC1lY2FhLTExZTYtOGY4OC0zNDM2M2JjN2M0YzAiOnsiY3JlYXRlIjoxMjAwMDAwMDAwMDAwLCJkZWxldGUiOjEyMDAwMDAwMDAwMDAsInVwZGF0ZSI6MTIwMDAwMDAwMDAwMH19",
          "dependencies": [
            "module.autoscaling.google_compute_instance_template.app_template",
            "module.autoscaling.google_compute_region_instance_group_manager.app_mig",
            "module.database.google_sql_database.database",
            "module.database.google_sql_database_instance.instance",
            "module.database.google_sql_user.users",
            "module.database.random_password.password",
            "module.loadbalancer.google_compute_backend_service.backend",
            "module.loadbalancer.google_compute_health_check.hc",
            "module.network.google_compute_firewall.allow_web",
            "module.network.google_compute_global_address.private_ip_address",
            "module.network.google_compute_network.vpc",
            "module.network.google_compute_router.router",
            "module.network.google_compute_router_nat.nat",
            "module.network.google_compute_subnetwork.subnet",
            "module.network.google_service_networking_connection.private_vpc_connection",
            "module.project.google_project.project",
            "module.project.google_project_service.cloudresourcemanager",
            "module.project.google_project_service.compute_api",
            "module.project.google_project_service.dns_api",
            "module.project.google_project_service.domains_api",
            "module.project.google_project_service.networks_api",
            "module.project.random_id.project_suffix"
          ]
        }
      ]
    },
    {
      "module": "module.monitoring",
      "mode": "managed",
      "type": "google_monitoring_alert_policy",
      "name": "high_cpu",
      "provider": "provider[\"registry.terraform.io/hashicorp/google\"]",
      "instances": [
        {
          "schema_version": 0,
          "attributes": {
            "alert_strategy": [],
            "combiner": "OR",
            "conditions": [
              {
                "condition_absent": [],
                "condition_matched_log": [],
                "condition_monitoring_query_language": [],
                "condition_prometheus_query_language": [],
                "condition_sql": [],
                "condition_threshold": [
                  {
                    "aggregations": [
                      {
                        "alignment_period": "60s",
                        "cross_series_reducer": "",
                        "group_by_fields": [],
                        "per_series_aligner": "ALIGN_MEAN"
                      }
                    ],
                    "comparison": "COMPARISON_GT",
                    "denominator_aggregations": [],
                    "denominator_filter": "",
                    "duration": "60s",
                    "evaluation_missing_data": "",
                    "filter": "resource.type = \"gce_instance\" AND metric.type = \"compute.googleapis.com/instance/cpu/utilization\"",
                    "forecast_options": [],
                    "threshold_value": 0.8,
                    "trigger": []
                  }
                ],
                "display_name": "VM Instance - High CPU",
                "name": "projects/ft-iac-trois-39878/alertPolicies/16500991032075615511/conditions/16500991032075612538"
              }
            ],
            "creation_record": [
              {
                "mutate_time": "2025-12-11T15:30:21.026999524Z",
                "mutated_by": "kaismounislem@gmail.com"
              }
            ],
            "display_name": "High CPU Utilization",
            "documentation": [],
            "enabled": true,
            "id": "projects/ft-iac-trois-39878/alertPolicies/16500991032075615511",
            "name": "projects/ft-iac-trois-39878/alertPolicies/16500991032075615511",
            "notification_channels": [
              "projects/ft-iac-trois-39878/notificationChannels/13475275654325868426"
            ],
            "project": "ft-iac-trois-39878",
            "severity": "",
            "timeouts": null,
            "user_labels": {}
          },
          "sensitive_attributes": [],
          "identity_schema_version": 0,
          "private": "eyJlMmJmYjczMC1lY2FhLTExZTYtOGY4OC0zNDM2M2JjN2M0YzAiOnsiY3JlYXRlIjoxMjAwMDAwMDAwMDAwLCJkZWxldGUiOjEyMDAwMDAwMDAwMDAsInVwZGF0ZSI6MTIwMDAwMDAwMDAwMH19",
          "dependencies": [
            "module.monitoring.google_monitoring_notification_channel.email",
            "module.project.google_project.project",
            "module.project.google_project_service.cloudresourcemanager",
            "module.project.google_project_service.compute_api",
            "module.project.google_project_service.dns_api",
            "module.project.google_project_service.domains_api",
            "module.project.google_project_service.networks_api",
            "module.project.random_id.project_suffix"
          ]
        }
      ]
    },
    {
      "module": "module.monitoring",
      "mode": "managed",
      "type": "google_monitoring_alert_policy",
      "name": "lb_errors",
      "provider": "provider[\"registry.terraform.io/hashicorp/google\"]",
      "instances": [
        {
          "schema_version": 0,
          "attributes": {
            "alert_strategy": [],
            "combiner": "OR",
            "conditions": [
              {
                "condition_absent": [],
                "condition_matched_log": [],
                "condition_monitoring_query_language": [],
                "condition_prometheus_query_language": [],
                "condition_sql": [],
                "condition_threshold": [
                  {
                    "aggregations": [
                      {
                        "alignment_period": "60s",
                        "cross_series_reducer": "",
                        "group_by_fields": [],
                        "per_series_aligner": "ALIGN_RATE"
                      }
                    ],
                    "comparison": "COMPARISON_GT",
                    "denominator_aggregations": [],
                    "denominator_filter": "",
                    "duration": "60s",
                    "evaluation_missing_data": "",
                    "filter": "resource.type = \"https_lb_rule\" AND metric.type = \"loadbalancing.googleapis.com/https/request_count\" AND metric.label.response_code_class = \"500\"",
                    "forecast_options": [],
                    "threshold_value": 0.05,
                    "trigger": []
                  }
                ],
                "display_name": "LB - High 5XX Error Rate",
                "name": "projects/ft-iac-trois-39878/alertPolicies/17418478567518265483/conditions/17418478567518269036"
              }
            ],
            "creation_record": [
              {
                "mutate_time": "2025-12-11T15:30:19.405760209Z",
                "mutated_by": "kaismounislem@gmail.com"
              }
            ],
            "display_name": "Load Balancer 5XX Errors",
            "documentation": [],
            "enabled": true,
            "id": "projects/ft-iac-trois-39878/alertPolicies/17418478567518265483",
            "name": "projects/ft-iac-trois-39878/alertPolicies/17418478567518265483",
            "notification_channels": [
              "projects/ft-iac-trois-39878/notificationChannels/13475275654325868426"
            ],
            "project": "ft-iac-trois-39878",
            "severity": "",
            "timeouts": null,
            "user_labels": {}
          },
          "sensitive_attributes": [],
          "identity_schema_version": 0,
          "private": "eyJlMmJmYjczMC1lY2FhLTExZTYtOGY4OC0zNDM2M2JjN2M0YzAiOnsiY3JlYXRlIjoxMjAwMDAwMDAwMDAwLCJkZWxldGUiOjEyMDAwMDAwMDAwMDAsInVwZGF0ZSI6MTIwMDAwMDAwMDAwMH19",
          "dependencies": [
            "module.monitoring.google_monitoring_notification_channel.email",
            "module.project.google_project.project",
            "module.project.google_project_service.cloudresourcemanager",
            "module.project.google_project_service.compute_api",
            "module.project.google_project_service.dns_api",
            "module.project.google_project_service.domains_api",
            "module.project.google_project_service.networks_api",
            "module.project.random_id.project_suffix"
          ]
        }
      ]
    },
    {
      "module": "module.monitoring",
      "mode": "managed",
      "type": "google_monitoring_alert_policy",
      "name": "sql_cpu",
      "provider": "provider[\"registry.terraform.io/hashicorp/google\"]",
      "instances": [
        {
          "schema_version": 0,
          "attributes": {
            "alert_strategy": [],
            "combiner": "OR",
            "conditions": [
              {
                "condition_absent": [],
                "condition_matched_log": [],
                "condition_monitoring_query_language": [],
                "condition_prometheus_query_language": [],
                "condition_sql": [],
                "condition_threshold": [
                  {
                    "aggregations": [
                      {
                        "alignment_period": "60s",
                        "cross_series_reducer": "",
                        "group_by_fields": [],
                        "per_series_aligner": "ALIGN_MEAN"
                      }
                    ],
                    "comparison": "COMPARISON_GT",
                    "denominator_aggregations": [],
                    "denominator_filter": "",
                    "duration": "300s",
                    "evaluation_missing_data": "",
                    "filter": "resource.type = \"cloudsql_database\" AND metric.type = \"cloudsql.googleapis.com/database/cpu/utilization\"",
                    "forecast_options": [],
                    "threshold_value": 0.8,
                    "trigger": []
                  }
                ],
                "display_name": "Cloud SQL - High CPU",
                "name": "projects/ft-iac-trois-39878/alertPolicies/16771667774812103701/conditions/16771667774812106622"
              }
            ],
            "creation_record": [
              {
                "mutate_time": "2025-12-11T15:30:17.728080539Z",
                "mutated_by": "kaismounislem@gmail.com"
              }
            ],
            "display_name": "Cloud SQL High CPU",
            "documentation": [],
            "enabled": true,
            "id": "projects/ft-iac-trois-39878/alertPolicies/16771667774812103701",
            "name": "projects/ft-iac-trois-39878/alertPolicies/16771667774812103701",
            "notification_channels": [
              "projects/ft-iac-trois-39878/notificationChannels/13475275654325868426"
            ],
            "project": "ft-iac-trois-39878",
            "severity": "",
            "timeouts": null,
            "user_labels": {}
          },
          "sensitive_attributes": [],
          "identity_schema_version": 0,
          "private": "eyJlMmJmYjczMC1lY2FhLTExZTYtOGY4OC0zNDM2M2JjN2M0YzAiOnsiY3JlYXRlIjoxMjAwMDAwMDAwMDAwLCJkZWxldGUiOjEyMDAwMDAwMDAwMDAsInVwZGF0ZSI6MTIwMDAwMDAwMDAwMH19",
          "dependencies": [
            "module.monitoring.google_monitoring_notification_channel.email",
            "module.project.google_project.project",
            "module.project.google_project_service.cloudresourcemanager",
            "module.project.google_project_service.compute_api",
            "module.project.google_project_service.dns_api",
            "module.project.google_project_service.domains_api",
            "module.project.google_project_service.networks_api",
            "module.project.random_id.project_suffix"
          ]
        }
      ]
    },
    {
      "module": "module.monitoring",
      "mode": "managed",
      "type": "google_monitoring_dashboard",
      "name": "dashboard",
      "provider": "provider[\"registry.terraform.io/hashicorp/google\"]",
      "instances": [
        {
          "schema_version": 0,
          "attributes": {
            "dashboard_json": "{\"displayName\":\"Cloud Infrastructure Dashboard\",\"etag\":\"f59aca06baf3bb6ad0bf527f15a140f4\",\"gridLayout\":{\"columns\":\"2\",\"widgets\":[{\"title\":\"GCE VM CPU Utilization\",\"xyChart\":{\"dataSets\":[{\"minAlignmentPeriod\":\"60s\",\"plotType\":\"LINE\",\"targetAxis\":\"Y1\",\"timeSeriesQuery\":{\"timeSeriesFilter\":{\"aggregation\":{\"crossSeriesReducer\":\"REDUCE_MEAN\",\"groupByFields\":[\"resource.label.zone\"],\"perSeriesAligner\":\"ALIGN_MEAN\"},\"filter\":\"metric.type=\\\"compute.googleapis.com/instance/cpu/utilization\\\" resource.type=\\\"gce_instance\\\"\"},\"unitOverride\":\"1\"}}],\"timeshiftDuration\":\"0s\",\"yAxis\":{\"label\":\"y1Axis\",\"scale\":\"LINEAR\"}}},{\"title\":\"Load Balancer Request Count\",\"xyChart\":{\"dataSets\":[{\"minAlignmentPeriod\":\"60s\",\"plotType\":\"LINE\",\"targetAxis\":\"Y1\",\"timeSeriesQuery\":{\"timeSeriesFilter\":{\"aggregation\":{\"crossSeriesReducer\":\"REDUCE_SUM\",\"perSeriesAligner\":\"ALIGN_RATE\"},\"filter\":\"metric.type=\\\"loadbalancing.googleapis.com/https/request_count\\\" resource.type=\\\"https_lb_rule\\\"\"}}}],\"timeshiftDuration\":\"0s\",\"yAxis\":{\"label\":\"y1Axis\",\"scale\":\"LINEAR\"}}},{\"title\":\"Load Balancer Latency\",\"xyChart\":{\"dataSets\":[{\"minAlignmentPeriod\":\"60s\",\"plotType\":\"LINE\",\"targetAxis\":\"Y1\",\"timeSeriesQuery\":{\"timeSeriesFilter\":{\"aggregation\":{\"crossSeriesReducer\":\"REDUCE_MAX\",\"perSeriesAligner\":\"ALIGN_PERCENTILE_99\"},\"filter\":\"metric.type=\\\"loadbalancing.googleapis.com/https/total_latencies\\\" resource.type=\\\"https_lb_rule\\\"\"}}}],\"timeshiftDuration\":\"0s\",\"yAxis\":{\"label\":\"y1Axis\",\"scale\":\"LINEAR\"}}},{\"title\":\"Cloud SQL CPU Utilization\",\"xyChart\":{\"dataSets\":[{\"minAlignmentPeriod\":\"60s\",\"plotType\":\"LINE\",\"targetAxis\":\"Y1\",\"timeSeriesQuery\":{\"timeSeriesFilter\":{\"aggregation\":{\"crossSeriesReducer\":\"REDUCE_MEAN\",\"perSeriesAligner\":\"ALIGN_MEAN\"},\"filter\":\"metric.type=\\\"cloudsql.googleapis.com/database/cpu/utilization\\\" resource.type=\\\"cloud_sql_database\\\"\"}}}],\"timeshiftDuration\":\"0s\",\"yAxis\":{\"label\":\"y1Axis\",\"scale\":\"LINEAR\"}}}]},\"name\":\"projects/871279731830/dashboards/613ca96f-fd65-48f7-b811-8f04305d841b\"}",
            "id": "projects/871279731830/dashboards/613ca96f-fd65-48f7-b811-8f04305d841b",
            "project": "ft-iac-trois-39878",
            "timeouts": null
          },
          "sensitive_attributes": [],
          "identity_schema_version": 0,
          "private": "eyJlMmJmYjczMC1lY2FhLTExZTYtOGY4OC0zNDM2M2JjN2M0YzAiOnsiY3JlYXRlIjoyNDAwMDAwMDAwMDAsImRlbGV0ZSI6MjQwMDAwMDAwMDAwLCJ1cGRhdGUiOjI0MDAwMDAwMDAwMH19",
          "dependencies": [
            "module.project.google_project.project",
            "module.project.google_project_service.cloudresourcemanager",
            "module.project.google_project_service.compute_api",
            "module.project.google_project_service.dns_api",
            "module.project.google_project_service.domains_api",
            "module.project.google_project_service.networks_api",
            "module.project.random_id.project_suffix"
          ]
        }
      ]
    },
    {
      "module": "module.monitoring",
      "mode": "managed",
      "type": "google_monitoring_notification_channel",
      "name": "email",
      "provider": "provider[\"registry.terraform.io/hashicorp/google\"]",
      "instances": [
        {
          "schema_version": 0,
          "attributes": {
            "description": "",
            "display_name": "Email Notification Channel",
            "enabled": true,
            "force_delete": false,
            "id": "projects/ft-iac-trois-39878/notificationChannels/13475275654325868426",
            "labels": {
              "email_address": "transsecnd.i7c02@slmail.me"
            },
            "name": "projects/ft-iac-trois-39878/notificationChannels/13475275654325868426",
            "project": "ft-iac-trois-39878",
            "sensitive_labels": [],
            "timeouts": null,
            "type": "email",
            "user_labels": {},
            "verification_status": ""
          },
          "sensitive_attributes": [],
          "identity_schema_version": 0,
          "private": "eyJlMmJmYjczMC1lY2FhLTExZTYtOGY4OC0zNDM2M2JjN2M0YzAiOnsiY3JlYXRlIjoxMjAwMDAwMDAwMDAwLCJkZWxldGUiOjEyMDAwMDAwMDAwMDAsInVwZGF0ZSI6MTIwMDAwMDAwMDAwMH19",
          "dependencies": [
            "module.project.google_project.project",
            "module.project.google_project_service.cloudresourcemanager",
            "module.project.google_project_service.compute_api",
            "module.project.google_project_service.dns_api",
            "module.project.google_project_service.domains_api",
            "module.project.google_project_service.networks_api",
            "module.project.random_id.project_suffix"
          ]
        }
      ]
    },
    {
      "module": "module.network",
      "mode": "managed",
      "type": "google_compute_firewall",
      "name": "allow_web",
      "provider": "provider[\"registry.terraform.io/hashicorp/google\"]",
      "instances": [
        {
          "schema_version": 1,
          "attributes": {
            "allow": [
              {
                "ports": [
                  "80",
                  "22"
                ],
                "protocol": "tcp"
              }
            ],
            "creation_timestamp": "2025-12-11T07:30:28.800-08:00",
            "deny": [],
            "description": "",
            "destination_ranges": [],
            "direction": "INGRESS",
            "disabled": false,
            "enable_logging": null,
            "id": "projects/ft-iac-trois-39878/global/firewalls/ft-iac-trois-allow-web-ssh",
            "log_config": [],
            "name": "ft-iac-trois-allow-web-ssh",
            "network": "https://www.googleapis.com/compute/v1/projects/ft-iac-trois-39878/global/networks/ft-iac-trois-vpc",
            "params": [],
            "priority": 1000,
            "project": "ft-iac-trois-39878",
            "self_link": "https://www.googleapis.com/compute/v1/projects/ft-iac-trois-39878/global/firewalls/ft-iac-trois-allow-web-ssh",
            "source_ranges": [
              "0.0.0.0/0",
              "130.211.0.0/22",
              "35.191.0.0/16"
            ],
            "source_service_accounts": [],
            "source_tags": [],
            "target_service_accounts": [],
            "target_tags": [
              "web-server"
            ],
            "timeouts": null
          },
          "sensitive_attributes": [],
          "identity_schema_version": 0,
          "private": "eyJlMmJmYjczMC1lY2FhLTExZTYtOGY4OC0zNDM2M2JjN2M0YzAiOnsiY3JlYXRlIjoxMjAwMDAwMDAwMDAwLCJkZWxldGUiOjEyMDAwMDAwMDAwMDAsInVwZGF0ZSI6MTIwMDAwMDAwMDAwMH0sInNjaGVtYV92ZXJzaW9uIjoiMSJ9",
          "dependencies": [
            "module.network.google_compute_network.vpc",
            "module.project.google_project.project",
            "module.project.google_project_service.cloudresourcemanager",
            "module.project.google_project_service.compute_api",
            "module.project.google_project_service.dns_api",
            "module.project.google_project_service.domains_api",
            "module.project.google_project_service.networks_api",
            "module.project.random_id.project_suffix"
          ],
          "create_before_destroy": true
        }
      ]
    },
    {
      "module": "module.network",
      "mode": "managed",
      "type": "google_compute_global_address",
      "name": "private_ip_address",
      "provider": "provider[\"registry.terraform.io/hashicorp/google\"]",
      "instances": [
        {
          "schema_version": 0,
          "attributes": {
            "address": "10.210.0.0",
            "address_type": "INTERNAL",
            "creation_timestamp": "2025-12-11T07:30:28.392-08:00",
            "description": "",
            "effective_labels": {
              "goog-terraform-provisioned": "true"
            },
            "id": "projects/ft-iac-trois-39878/global/addresses/ft-iac-trois-private-ip",
            "ip_version": "",
            "label_fingerprint": "vezUS-42LLM=",
            "labels": {},
            "name": "ft-iac-trois-private-ip",
            "network": "https://www.googleapis.com/compute/v1/projects/ft-iac-trois-39878/global/networks/ft-iac-trois-vpc",
            "prefix_length": 16,
            "project": "ft-iac-trois-39878",
            "purpose": "VPC_PEERING",
            "self_link": "https://www.googleapis.com/compute/v1/projects/ft-iac-trois-39878/global/addresses/ft-iac-trois-private-ip",
            "terraform_labels": {
              "goog-terraform-provisioned": "true"
            },
            "timeouts": null
          },
          "sensitive_attributes": [],
          "identity_schema_version": 0,
          "private": "eyJlMmJmYjczMC1lY2FhLTExZTYtOGY4OC0zNDM2M2JjN2M0YzAiOnsiY3JlYXRlIjoxMjAwMDAwMDAwMDAwLCJkZWxldGUiOjEyMDAwMDAwMDAwMDAsInVwZGF0ZSI6MTIwMDAwMDAwMDAwMH19",
          "dependencies": [
            "module.network.google_compute_network.vpc",
            "module.project.google_project.project",
            "module.project.google_project_service.cloudresourcemanager",
            "module.project.google_project_service.compute_api",
            "module.project.google_project_service.dns_api",
            "module.project.google_project_service.domains_api",
            "module.project.google_project_service.networks_api",
            "module.project.random_id.project_suffix"
          ],
          "create_before_destroy": true
        }
      ]
    },
    {
      "module": "module.network",
      "mode": "managed",
      "type": "google_compute_network",
      "name": "vpc",
      "provider": "provider[\"registry.terraform.io/hashicorp/google\"]",
      "instances": [
        {
          "schema_version": 0,
          "attributes": {
            "auto_create_subnetworks": false,
            "bgp_always_compare_med": false,
            "bgp_best_path_selection_mode": "LEGACY",
            "bgp_inter_region_cost": "",
            "delete_default_routes_on_create": false,
            "description": "",
            "enable_ula_internal_ipv6": false,
            "gateway_ipv4": "",
            "id": "projects/ft-iac-trois-39878/global/networks/ft-iac-trois-vpc",
            "internal_ipv6_range": "",
            "mtu": 0,
            "name": "ft-iac-trois-vpc",
            "network_firewall_policy_enforcement_order": "AFTER_CLASSIC_FIREWALL",
            "network_id": "373840145571863912",
            "network_profile": "",
            "numeric_id": "373840145571863912",
            "params": [],
            "project": "ft-iac-trois-39878",
            "routing_mode": "REGIONAL",
            "self_link": "https://www.googleapis.com/compute/v1/projects/ft-iac-trois-39878/global/networks/ft-iac-trois-vpc",
            "timeouts": null
          },
          "sensitive_attributes": [],
          "identity_schema_version": 0,
          "private": "eyJlMmJmYjczMC1lY2FhLTExZTYtOGY4OC0zNDM2M2JjN2M0YzAiOnsiY3JlYXRlIjoxMjAwMDAwMDAwMDAwLCJkZWxldGUiOjEyMDAwMDAwMDAwMDAsInVwZGF0ZSI6MTIwMDAwMDAwMDAwMH19",
          "dependencies": [
            "module.project.google_project.project",
            "module.project.google_project_service.cloudresourcemanager",
            "module.project.google_project_service.compute_api",
            "module.project.google_project_service.dns_api",
            "module.project.google_project_service.domains_api",
            "module.project.google_project_service.networks_api",
            "module.project.random_id.project_suffix"
          ],
          "create_before_destroy": true
        }
      ]
    },
    {
      "module": "module.network",
      "mode": "managed",
      "type": "google_compute_router",
      "name": "router",
      "provider": "provider[\"registry.terraform.io/hashicorp/google\"]",
      "instances": [
        {
          "schema_version": 0,
          "attributes": {
            "bgp": [],
            "creation_timestamp": "2025-12-11T07:30:29.144-08:00",
            "description": "",
            "encrypted_interconnect_router": false,
            "id": "projects/ft-iac-trois-39878/regions/us-central1/routers/ft-iac-trois-router",
            "md5_authentication_keys": [],
            "name": "ft-iac-trois-router",
            "network": "https://www.googleapis.com/compute/v1/projects/ft-iac-trois-39878/global/networks/ft-iac-trois-vpc",
            "params": [],
            "project": "ft-iac-trois-39878",
            "region": "us-central1",
            "self_link": "https://www.googleapis.com/compute/v1/projects/ft-iac-trois-39878/regions/us-central1/routers/ft-iac-trois-router",
            "timeouts": null
          },
          "sensitive_attributes": [],
          "identity_schema_version": 0,
          "private": "eyJlMmJmYjczMC1lY2FhLTExZTYtOGY4OC0zNDM2M2JjN2M0YzAiOnsiY3JlYXRlIjoxMjAwMDAwMDAwMDAwLCJkZWxldGUiOjEyMDAwMDAwMDAwMDAsInVwZGF0ZSI6MTIwMDAwMDAwMDAwMH19",
          "dependencies": [
            "module.network.google_compute_network.vpc",
            "module.project.google_project.project",
            "module.project.google_project_service.cloudresourcemanager",
            "module.project.google_project_service.compute_api",
            "module.project.google_project_service.dns_api",
            "module.project.google_project_service.domains_api",
            "module.project.google_project_service.networks_api",
            "module.project.random_id.project_suffix"
          ],
          "create_before_destroy": true
        }
      ]
    },
    {
      "module": "module.network",
      "mode": "managed",
      "type": "google_compute_router_nat",
      "name": "nat",
      "provider": "provider[\"registry.terraform.io/hashicorp/google\"]",
      "instances": [
        {
          "schema_version": 0,
          "attributes": {
            "auto_network_tier": null,
            "drain_nat_ips": [],
            "enable_dynamic_port_allocation": false,
            "enable_endpoint_independent_mapping": false,
            "endpoint_types": [
              "ENDPOINT_TYPE_VM"
            ],
            "icmp_idle_timeout_sec": 30,
            "id": "ft-iac-trois-39878/us-central1/ft-iac-trois-router/ft-iac-trois-nat",
            "initial_nat_ips": null,
            "log_config": [],
            "max_ports_per_vm": 0,
            "min_ports_per_vm": 0,
            "name": "ft-iac-trois-nat",
            "nat64_subnetwork": [],
            "nat_ip_allocate_option": "AUTO_ONLY",
            "nat_ips": [],
            "project": "ft-iac-trois-39878",
            "region": "us-central1",
            "router": "ft-iac-trois-router",
            "rules": [],
            "source_subnetwork_ip_ranges_to_nat": "ALL_SUBNETWORKS_ALL_IP_RANGES",
            "source_subnetwork_ip_ranges_to_nat64": "",
            "subnetwork": [],
            "tcp_established_idle_timeout_sec": 1200,
            "tcp_time_wait_timeout_sec": 120,
            "tcp_transitory_idle_timeout_sec": 30,
            "timeouts": null,
            "type": "PUBLIC",
            "udp_idle_timeout_sec": 30
          },
          "sensitive_attributes": [],
          "identity_schema_version": 0,
          "private": "eyJlMmJmYjczMC1lY2FhLTExZTYtOGY4OC0zNDM2M2JjN2M0YzAiOnsiY3JlYXRlIjoxMjAwMDAwMDAwMDAwLCJkZWxldGUiOjEyMDAwMDAwMDAwMDAsInVwZGF0ZSI6MTIwMDAwMDAwMDAwMH19",
          "dependencies": [
            "module.network.google_compute_network.vpc",
            "module.network.google_compute_router.router",
            "module.project.google_project.project",
            "module.project.google_project_service.cloudresourcemanager",
            "module.project.google_project_service.compute_api",
            "module.project.google_project_service.dns_api",
            "module.project.google_project_service.domains_api",
            "module.project.google_project_service.networks_api",
            "module.project.random_id.project_suffix"
          ],
          "create_before_destroy": true
        }
      ]
    },
    {
      "module": "module.network",
      "mode": "managed",
      "type": "google_compute_subnetwork",
      "name": "subnet",
      "provider": "provider[\"registry.terraform.io/hashicorp/google\"]",
      "instances": [
        {
          "schema_version": 0,
          "attributes": {
            "creation_timestamp": "2025-12-11T07:30:28.663-08:00",
            "description": "",
            "external_ipv6_prefix": "",
            "fingerprint": null,
            "gateway_address": "10.0.1.1",
            "id": "projects/ft-iac-trois-39878/regions/us-central1/subnetworks/ft-iac-trois-subnet",
            "internal_ipv6_prefix": "",
            "ip_cidr_range": "10.0.1.0/24",
            "ip_collection": null,
            "ipv6_access_type": "",
            "ipv6_cidr_range": "",
            "ipv6_gce_endpoint": "",
            "log_config": [],
            "name": "ft-iac-trois-subnet",
            "network": "https://www.googleapis.com/compute/v1/projects/ft-iac-trois-39878/global/networks/ft-iac-trois-vpc",
            "params": [],
            "private_ip_google_access": false,
            "private_ipv6_google_access": "DISABLE_GOOGLE_ACCESS",
            "project": "ft-iac-trois-39878",
            "purpose": "PRIVATE",
            "region": "us-central1",
            "reserved_internal_range": "",
            "role": "",
            "secondary_ip_range": [],
            "self_link": "https://www.googleapis.com/compute/v1/projects/ft-iac-trois-39878/regions/us-central1/subnetworks/ft-iac-trois-subnet",
            "send_secondary_ip_range_if_empty": null,
            "stack_type": "IPV4_ONLY",
            "state": "",
            "subnetwork_id": 3976911153901559163,
            "timeouts": null
          },
          "sensitive_attributes": [],
          "identity_schema_version": 0,
          "private": "eyJlMmJmYjczMC1lY2FhLTExZTYtOGY4OC0zNDM2M2JjN2M0YzAiOnsiY3JlYXRlIjoxMjAwMDAwMDAwMDAwLCJkZWxldGUiOjEyMDAwMDAwMDAwMDAsInVwZGF0ZSI6MTIwMDAwMDAwMDAwMH19",
          "dependencies": [
            "module.network.google_compute_network.vpc",
            "module.project.google_project.project",
            "module.project.google_project_service.cloudresourcemanager",
            "module.project.google_project_service.compute_api",
            "module.project.google_project_service.dns_api",
            "module.project.google_project_service.domains_api",
            "module.project.google_project_service.networks_api",
            "module.project.random_id.project_suffix"
          ],
          "create_before_destroy": true
        }
      ]
    },
    {
      "module": "module.network",
      "mode": "managed",
      "type": "google_service_networking_connection",
      "name": "private_vpc_connection",
      "provider": "provider[\"registry.terraform.io/hashicorp/google\"]",
      "instances": [
        {
          "schema_version": 0,
          "attributes": {
            "deletion_policy": "ABANDON",
            "id": "projects%2Fft-iac-trois-39878%2Fglobal%2Fnetworks%2Fft-iac-trois-vpc:servicenetworking.googleapis.com",
            "network": "projects/ft-iac-trois-39878/global/networks/ft-iac-trois-vpc",
            "peering": "servicenetworking-googleapis-com",
            "reserved_peering_ranges": [
              "ft-iac-trois-private-ip"
            ],
            "service": "servicenetworking.googleapis.com",
            "timeouts": null,
            "update_on_creation_fail": null
          },
          "sensitive_attributes": [],
          "identity_schema_version": 0,
          "private": "eyJlMmJmYjczMC1lY2FhLTExZTYtOGY4OC0zNDM2M2JjN2M0YzAiOnsiY3JlYXRlIjo2MDAwMDAwMDAwMDAsImRlbGV0ZSI6NjAwMDAwMDAwMDAwLCJ1cGRhdGUiOjYwMDAwMDAwMDAwMH19",
          "dependencies": [
            "module.network.google_compute_global_address.private_ip_address",
            "module.network.google_compute_network.vpc",
            "module.project.google_project.project",
            "module.project.google_project_service.cloudresourcemanager",
            "module.project.google_project_service.compute_api",
            "module.project.google_project_service.dns_api",
            "module.project.google_project_service.domains_api",
            "module.project.google_project_service.networks_api",
            "module.project.random_id.project_suffix"
          ],
          "create_before_destroy": true
        }
      ]
    },
    {
      "module": "module.project",
      "mode": "managed",
      "type": "google_project",
      "name": "project",
      "provider": "provider[\"registry.terraform.io/hashicorp/google\"]",
      "instances": [
        {
          "schema_version": 1,
          "attributes": {
            "auto_create_network": false,
            "billing_account": "011B8F-1B0107-397831",
            "deletion_policy": "DELETE",
            "effective_labels": {
              "goog-terraform-provisioned": "true"
            },
            "folder_id": null,
            "id": "projects/ft-iac-trois-39878",
            "labels": {},
            "name": "ft-iac-trois",
            "number": "871279731830",
            "org_id": null,
            "project_id": "ft-iac-trois-39878",
            "tags": null,
            "terraform_labels": {
              "goog-terraform-provisioned": "true"
            },
            "timeouts": null
          },
          "sensitive_attributes": [],
          "identity_schema_version": 0,
          "private": "eyJlMmJmYjczMC1lY2FhLTExZTYtOGY4OC0zNDM2M2JjN2M0YzAiOnsiY3JlYXRlIjo2MDAwMDAwMDAwMDAsImRlbGV0ZSI6NjAwMDAwMDAwMDAwLCJyZWFkIjo2MDAwMDAwMDAwMDAsInVwZGF0ZSI6NjAwMDAwMDAwMDAwfSwic2NoZW1hX3ZlcnNpb24iOiIxIn0=",
          "dependencies": [
            "module.project.random_id.project_suffix"
          ],
          "create_before_destroy": true
        }
      ]
    },
    {
      "module": "module.project",
      "mode": "managed",
      "type": "google_project_service",
      "name": "cloudresourcemanager",
      "provider": "provider[\"registry.terraform.io/hashicorp/google\"]",
      "instances": [
        {
          "schema_version": 0,
          "attributes": {
            "disable_dependent_services": null,
            "disable_on_destroy": true,
            "id": "ft-iac-trois-39878/cloudresourcemanager.googleapis.com",
            "project": "ft-iac-trois-39878",
            "service": "cloudresourcemanager.googleapis.com",
            "timeouts": null
          },
          "sensitive_attributes": [],
          "identity_schema_version": 0,
          "private": "eyJlMmJmYjczMC1lY2FhLTExZTYtOGY4OC0zNDM2M2JjN2M0YzAiOnsiY3JlYXRlIjoxMjAwMDAwMDAwMDAwLCJkZWxldGUiOjEyMDAwMDAwMDAwMDAsInJlYWQiOjYwMDAwMDAwMDAwMCwidXBkYXRlIjoxMjAwMDAwMDAwMDAwfX0=",
          "dependencies": [
            "module.project.google_project.project",
            "module.project.random_id.project_suffix"
          ],
          "create_before_destroy": true
        }
      ]
    },
    {
      "module": "module.project",
      "mode": "managed",
      "type": "google_project_service",
      "name": "compute_api",
      "provider": "provider[\"registry.terraform.io/hashicorp/google\"]",
      "instances": [
        {
          "schema_version": 0,
          "attributes": {
            "disable_dependent_services": null,
            "disable_on_destroy": true,
            "id": "ft-iac-trois-39878/compute.googleapis.com",
            "project": "ft-iac-trois-39878",
            "service": "compute.googleapis.com",
            "timeouts": null
          },
          "sensitive_attributes": [],
          "identity_schema_version": 0,
          "private": "eyJlMmJmYjczMC1lY2FhLTExZTYtOGY4OC0zNDM2M2JjN2M0YzAiOnsiY3JlYXRlIjoxMjAwMDAwMDAwMDAwLCJkZWxldGUiOjEyMDAwMDAwMDAwMDAsInJlYWQiOjYwMDAwMDAwMDAwMCwidXBkYXRlIjoxMjAwMDAwMDAwMDAwfX0=",
          "dependencies": [
            "module.project.google_project.project",
            "module.project.random_id.project_suffix"
          ],
          "create_before_destroy": true
        }
      ]
    },
    {
      "module": "module.project",
      "mode": "managed",
      "type": "google_project_service",
      "name": "dns_api",
      "provider": "provider[\"registry.terraform.io/hashicorp/google\"]",
      "instances": [
        {
          "schema_version": 0,
          "attributes": {
            "disable_dependent_services": null,
            "disable_on_destroy": true,
            "id": "ft-iac-trois-39878/dns.googleapis.com",
            "project": "ft-iac-trois-39878",
            "service": "dns.googleapis.com",
            "timeouts": null
          },
          "sensitive_attributes": [],
          "identity_schema_version": 0,
          "private": "eyJlMmJmYjczMC1lY2FhLTExZTYtOGY4OC0zNDM2M2JjN2M0YzAiOnsiY3JlYXRlIjoxMjAwMDAwMDAwMDAwLCJkZWxldGUiOjEyMDAwMDAwMDAwMDAsInJlYWQiOjYwMDAwMDAwMDAwMCwidXBkYXRlIjoxMjAwMDAwMDAwMDAwfX0=",
          "dependencies": [
            "module.project.google_project.project",
            "module.project.random_id.project_suffix"
          ],
          "create_before_destroy": true
        }
      ]
    },
    {
      "module": "module.project",
      "mode": "managed",
      "type": "google_project_service",
      "name": "domains_api",
      "provider": "provider[\"registry.terraform.io/hashicorp/google\"]",
      "instances": [
        {
          "schema_version": 0,
          "attributes": {
            "disable_dependent_services": null,
            "disable_on_destroy": true,
            "id": "ft-iac-trois-39878/domains.googleapis.com",
            "project": "ft-iac-trois-39878",
            "service": "domains.googleapis.com",
            "timeouts": null
          },
          "sensitive_attributes": [],
          "identity_schema_version": 0,
          "private": "eyJlMmJmYjczMC1lY2FhLTExZTYtOGY4OC0zNDM2M2JjN2M0YzAiOnsiY3JlYXRlIjoxMjAwMDAwMDAwMDAwLCJkZWxldGUiOjEyMDAwMDAwMDAwMDAsInJlYWQiOjYwMDAwMDAwMDAwMCwidXBkYXRlIjoxMjAwMDAwMDAwMDAwfX0=",
          "dependencies": [
            "module.project.google_project.project",
            "module.project.random_id.project_suffix"
          ],
          "create_before_destroy": true
        }
      ]
    },
    {
      "module": "module.project",
      "mode": "managed",
      "type": "google_project_service",
      "name": "networks_api",
      "provider": "provider[\"registry.terraform.io/hashicorp/google\"]",
      "instances": [
        {
          "schema_version": 0,
          "attributes": {
            "disable_dependent_services": null,
            "disable_on_destroy": true,
            "id": "ft-iac-trois-39878/servicenetworking.googleapis.com",
            "project": "ft-iac-trois-39878",
            "service": "servicenetworking.googleapis.com",
            "timeouts": null
          },
          "sensitive_attributes": [],
          "identity_schema_version": 0,
          "private": "eyJlMmJmYjczMC1lY2FhLTExZTYtOGY4OC0zNDM2M2JjN2M0YzAiOnsiY3JlYXRlIjoxMjAwMDAwMDAwMDAwLCJkZWxldGUiOjEyMDAwMDAwMDAwMDAsInJlYWQiOjYwMDAwMDAwMDAwMCwidXBkYXRlIjoxMjAwMDAwMDAwMDAwfX0=",
          "dependencies": [
            "module.project.google_project.project",
            "module.project.random_id.project_suffix"
          ],
          "create_before_destroy": true
        }
      ]
    },
    {
      "module": "module.project",
      "mode": "managed",
      "type": "random_id",
      "name": "project_suffix",
      "provider": "provider[\"registry.terraform.io/hashicorp/random\"]",
      "instances": [
        {
          "schema_version": 0,
          "attributes": {
            "b64_std": "m8Y=",
            "b64_url": "m8Y",
            "byte_length": 2,
            "dec": "39878",
            "hex": "9bc6",
            "id": "m8Y",
            "keepers": null,
            "prefix": null
          },
          "sensitive_attributes": [],
          "identity_schema_version": 0,
          "create_before_destroy": true
        }
      ]
    }
  ],
  "check_results": null
}
