{
  "version": 4,
  "terraform_version": "1.14.0",
  "serial": 129,
  "lineage": "2e255932-cfaa-e872-f5f0-fa20008bd123",
  "outputs": {
    "load_balancer_ip": {
      "value": "35.186.250.85",
      "type": "string"
    }
  },
  "resources": [
    {
      "mode": "managed",
      "type": "google_compute_backend_service",
      "name": "backend",
      "provider": "provider[\"registry.terraform.io/hashicorp/google\"]",
      "instances": [
        {
          "schema_version": 1,
          "attributes": {
            "affinity_cookie_ttl_sec": 0,
            "backend": [
              {
                "balancing_mode": "UTILIZATION",
                "capacity_scaler": 1,
                "custom_metrics": [],
                "description": "",
                "group": "https://www.googleapis.com/compute/v1/projects/ft-iac-project-480013/regions/us-central1/instanceGroups/ft-iac-mig",
                "max_connections": 0,
                "max_connections_per_endpoint": 0,
                "max_connections_per_instance": 0,
                "max_rate": 0,
                "max_rate_per_endpoint": 0,
                "max_rate_per_instance": 0,
                "max_utilization": 0.8,
                "preference": ""
              }
            ],
            "cdn_policy": [],
            "circuit_breakers": [],
            "compression_mode": "",
            "connection_draining_timeout_sec": 300,
            "consistent_hash": [],
            "creation_timestamp": "2025-12-03T01:50:49.769-08:00",
            "custom_metrics": [],
            "custom_request_headers": [],
            "custom_response_headers": [],
            "description": "",
            "edge_security_policy": "",
            "enable_cdn": false,
            "external_managed_migration_state": "",
            "external_managed_migration_testing_percentage": 0,
            "fingerprint": "kA_I5GAXHxU=",
            "generated_id": 1015549298007193878,
            "health_checks": [
              "https://www.googleapis.com/compute/v1/projects/ft-iac-project-480013/global/healthChecks/ft-iac-hc-global"
            ],
            "iap": [],
            "id": "projects/ft-iac-project-480013/global/backendServices/ft-iac-backend-global",
            "ip_address_selection_policy": "",
            "load_balancing_scheme": "EXTERNAL",
            "locality_lb_policies": [],
            "locality_lb_policy": "",
            "log_config": [],
            "max_stream_duration": [],
            "name": "ft-iac-backend-global",
            "outlier_detection": [],
            "params": [],
            "port_name": "http",
            "project": "ft-iac-project-480013",
            "protocol": "HTTP",
            "security_policy": "",
            "security_settings": [],
            "self_link": "https://www.googleapis.com/compute/v1/projects/ft-iac-project-480013/global/backendServices/ft-iac-backend-global",
            "service_lb_policy": "",
            "session_affinity": "NONE",
            "strong_session_affinity_cookie": [],
            "timeout_sec": 10,
            "timeouts": null,
            "tls_settings": []
          },
          "sensitive_attributes": [],
          "identity_schema_version": 0,
          "private": "eyJlMmJmYjczMC1lY2FhLTExZTYtOGY4OC0zNDM2M2JjN2M0YzAiOnsiY3JlYXRlIjoxMjAwMDAwMDAwMDAwLCJkZWxldGUiOjEyMDAwMDAwMDAwMDAsInVwZGF0ZSI6MTIwMDAwMDAwMDAwMH0sInNjaGVtYV92ZXJzaW9uIjoiMSJ9",
          "dependencies": [
            "google_compute_global_address.private_ip_address",
            "google_compute_health_check.hc",
            "google_compute_instance_template.app_template",
            "google_compute_network.vpc",
            "google_compute_region_instance_group_manager.app_mig",
            "google_compute_subnetwork.subnet",
            "google_service_networking_connection.private_vpc_connection",
            "google_sql_database.database",
            "google_sql_database_instance.instance",
            "google_sql_user.users",
            "random_id.db_name_suffix"
          ]
        }
      ]
    },
    {
      "mode": "managed",
      "type": "google_compute_firewall",
      "name": "allow_web",
      "provider": "provider[\"registry.terraform.io/hashicorp/google\"]",
      "instances": [
        {
          "schema_version": 1,
          "attributes": {
            "allow": [
              {
                "ports": [
                  "22",
                  "80"
                ],
                "protocol": "tcp"
              }
            ],
            "creation_timestamp": "2025-12-03T01:49:52.829-08:00",
            "deny": [],
            "description": "",
            "destination_ranges": [],
            "direction": "INGRESS",
            "disabled": false,
            "enable_logging": null,
            "id": "projects/ft-iac-project-480013/global/firewalls/allow-web-ssh",
            "log_config": [],
            "name": "allow-web-ssh",
            "network": "https://www.googleapis.com/compute/v1/projects/ft-iac-project-480013/global/networks/ft-iac-vpc",
            "params": [],
            "priority": 1000,
            "project": "ft-iac-project-480013",
            "self_link": "https://www.googleapis.com/compute/v1/projects/ft-iac-project-480013/global/firewalls/allow-web-ssh",
            "source_ranges": [
              "0.0.0.0/0",
              "130.211.0.0/22",
              "35.191.0.0/16"
            ],
            "source_service_accounts": [],
            "source_tags": [],
            "target_service_accounts": [],
            "target_tags": [
              "web-server"
            ],
            "timeouts": null
          },
          "sensitive_attributes": [],
          "identity_schema_version": 0,
          "private": "eyJlMmJmYjczMC1lY2FhLTExZTYtOGY4OC0zNDM2M2JjN2M0YzAiOnsiY3JlYXRlIjoxMjAwMDAwMDAwMDAwLCJkZWxldGUiOjEyMDAwMDAwMDAwMDAsInVwZGF0ZSI6MTIwMDAwMDAwMDAwMH0sInNjaGVtYV92ZXJzaW9uIjoiMSJ9",
          "dependencies": [
            "google_compute_network.vpc"
          ]
        }
      ]
    },
    {
      "mode": "managed",
      "type": "google_compute_global_address",
      "name": "private_ip_address",
      "provider": "provider[\"registry.terraform.io/hashicorp/google\"]",
      "instances": [
        {
          "schema_version": 0,
          "attributes": {
            "address": "10.175.0.0",
            "address_type": "INTERNAL",
            "creation_timestamp": "2025-12-03T02:57:45.271-08:00",
            "description": "",
            "effective_labels": {
              "goog-terraform-provisioned": "true"
            },
            "id": "projects/ft-iac-project-480013/global/addresses/ft-iac-private-ip",
            "ip_version": "",
            "label_fingerprint": "vezUS-42LLM=",
            "labels": null,
            "name": "ft-iac-private-ip",
            "network": "https://www.googleapis.com/compute/v1/projects/ft-iac-project-480013/global/networks/ft-iac-vpc",
            "prefix_length": 16,
            "project": "ft-iac-project-480013",
            "purpose": "VPC_PEERING",
            "self_link": "https://www.googleapis.com/compute/v1/projects/ft-iac-project-480013/global/addresses/ft-iac-private-ip",
            "terraform_labels": {
              "goog-terraform-provisioned": "true"
            },
            "timeouts": null
          },
          "sensitive_attributes": [],
          "identity_schema_version": 0,
          "private": "eyJlMmJmYjczMC1lY2FhLTExZTYtOGY4OC0zNDM2M2JjN2M0YzAiOnsiY3JlYXRlIjoxMjAwMDAwMDAwMDAwLCJkZWxldGUiOjEyMDAwMDAwMDAwMDAsInVwZGF0ZSI6MTIwMDAwMDAwMDAwMH19",
          "dependencies": [
            "google_compute_network.vpc"
          ],
          "create_before_destroy": true
        }
      ]
    },
    {
      "mode": "managed",
      "type": "google_compute_global_forwarding_rule",
      "name": "frontend",
      "provider": "provider[\"registry.terraform.io/hashicorp/google\"]",
      "instances": [
        {
          "schema_version": 0,
          "attributes": {
            "base_forwarding_rule": "",
            "description": "",
            "effective_labels": {},
            "external_managed_backend_bucket_migration_state": "",
            "external_managed_backend_bucket_migration_testing_percentage": 0,
            "forwarding_rule_id": 6234509706012767904,
            "id": "projects/ft-iac-project-480013/global/forwardingRules/ft-iac-frontend-global",
            "ip_address": "35.186.250.85",
            "ip_protocol": "TCP",
            "ip_version": "",
            "label_fingerprint": "42WmSpB8rSM=",
            "labels": {},
            "load_balancing_scheme": "EXTERNAL",
            "metadata_filters": [],
            "name": "ft-iac-frontend-global",
            "network": "",
            "network_tier": "PREMIUM",
            "no_automate_dns_zone": null,
            "port_range": "80-80",
            "project": "ft-iac-project-480013",
            "psc_connection_id": "",
            "psc_connection_status": "",
            "self_link": "https://www.googleapis.com/compute/v1/projects/ft-iac-project-480013/global/forwardingRules/ft-iac-frontend-global",
            "service_directory_registrations": [],
            "source_ip_ranges": [],
            "subnetwork": "",
            "target": "https://www.googleapis.com/compute/v1/projects/ft-iac-project-480013/global/targetHttpProxies/ft-iac-proxy-global",
            "terraform_labels": {},
            "timeouts": null
          },
          "sensitive_attributes": [],
          "identity_schema_version": 0,
          "private": "eyJlMmJmYjczMC1lY2FhLTExZTYtOGY4OC0zNDM2M2JjN2M0YzAiOnsiY3JlYXRlIjoxMjAwMDAwMDAwMDAwLCJkZWxldGUiOjEyMDAwMDAwMDAwMDAsInVwZGF0ZSI6MTIwMDAwMDAwMDAwMH19",
          "dependencies": [
            "google_compute_backend_service.backend",
            "google_compute_global_address.private_ip_address",
            "google_compute_health_check.hc",
            "google_compute_instance_template.app_template",
            "google_compute_network.vpc",
            "google_compute_region_instance_group_manager.app_mig",
            "google_compute_subnetwork.subnet",
            "google_compute_target_http_proxy.proxy",
            "google_compute_url_map.lb",
            "google_service_networking_connection.private_vpc_connection",
            "google_sql_database.database",
            "google_sql_database_instance.instance",
            "google_sql_user.users",
            "random_id.db_name_suffix"
          ]
        }
      ]
    },
    {
      "mode": "managed",
      "type": "google_compute_health_check",
      "name": "hc",
      "provider": "provider[\"registry.terraform.io/hashicorp/google\"]",
      "instances": [
        {
          "schema_version": 0,
          "attributes": {
            "check_interval_sec": 5,
            "creation_timestamp": "2025-12-03T01:49:41.115-08:00",
            "description": "",
            "grpc_health_check": [],
            "grpc_tls_health_check": [],
            "healthy_threshold": 2,
            "http2_health_check": [],
            "http_health_check": [
              {
                "host": "",
                "port": 80,
                "port_name": "",
                "port_specification": "",
                "proxy_header": "NONE",
                "request_path": "/",
                "response": ""
              }
            ],
            "https_health_check": [],
            "id": "projects/ft-iac-project-480013/global/healthChecks/ft-iac-hc-global",
            "log_config": [
              {
                "enable": false
              }
            ],
            "name": "ft-iac-hc-global",
            "project": "ft-iac-project-480013",
            "self_link": "https://www.googleapis.com/compute/v1/projects/ft-iac-project-480013/global/healthChecks/ft-iac-hc-global",
            "source_regions": [],
            "ssl_health_check": [],
            "tcp_health_check": [],
            "timeout_sec": 5,
            "timeouts": null,
            "type": "HTTP",
            "unhealthy_threshold": 2
          },
          "sensitive_attributes": [],
          "identity_schema_version": 0,
          "private": "eyJlMmJmYjczMC1lY2FhLTExZTYtOGY4OC0zNDM2M2JjN2M0YzAiOnsiY3JlYXRlIjoxMjAwMDAwMDAwMDAwLCJkZWxldGUiOjEyMDAwMDAwMDAwMDAsInVwZGF0ZSI6MTIwMDAwMDAwMDAwMH19"
        }
      ]
    },
    {
      "mode": "managed",
      "type": "google_compute_instance_template",
      "name": "app_template",
      "provider": "provider[\"registry.terraform.io/hashicorp/google\"]",
      "instances": [
        {
          "schema_version": 1,
          "attributes": {
            "advanced_machine_features": [],
            "can_ip_forward": false,
            "confidential_instance_config": null,
            "creation_timestamp": "2025-12-03T03:16:03.422-08:00",
            "description": "",
            "disk": [
              {
                "architecture": "",
                "auto_delete": true,
                "boot": true,
                "device_name": "persistent-disk-0",
                "disk_encryption_key": [],
                "disk_name": "",
                "disk_size_gb": 0,
                "disk_type": "pd-standard",
                "guest_os_features": null,
                "interface": "",
                "labels": null,
                "mode": "READ_WRITE",
                "provisioned_iops": 0,
                "provisioned_throughput": 0,
                "resource_manager_tags": null,
                "resource_policies": null,
                "source": "",
                "source_image": "projects/ubuntu-os-cloud/global/images/family/ubuntu-2204-lts",
                "source_image_encryption_key": [],
                "source_snapshot": "",
                "source_snapshot_encryption_key": [],
                "type": "PERSISTENT"
              }
            ],
            "effective_labels": {
              "goog-terraform-provisioned": "true"
            },
            "guest_accelerator": [],
            "id": "projects/ft-iac-project-480013/global/instanceTemplates/ft-iac-template-20251203111602527000000001",
            "instance_description": "",
            "key_revocation_action_type": "",
            "labels": null,
            "machine_type": "e2-small",
            "metadata": null,
            "metadata_fingerprint": "Lu_npdJYzXg=",
            "metadata_startup_script": "#!/bin/bash\n\nwait_for_apt() {\n  TIMEOUT=120\n  START_TIME=$(date +%s)\n  while ! apt-get update \u003e/dev/null 2\u003e\u00261 \u0026\u0026 [ $(( $(date +%s) - $START_TIME )) -lt $TIMEOUT ]; do\n    echo \"Waiting for apt lock to clear...\"\n    sleep 5\n  done\n}\n\necho \"Starting user-data script execution...\" \u003e\u003e /var/log/cloud-init-output.log\n\nwait_for_apt\napt-get update -y\necho \"APT update finished.\" \u003e\u003e /var/log/cloud-init-output.log\n\napt-get install -y docker.io docker-compose -qqy \necho \"Docker installed.\" \u003e\u003e /var/log/cloud-init-output.log\nr\nsystemctl start docker\nsystemctl enable docker\necho \"Docker service started and enabled.\" \u003e\u003e /var/log/cloud-init-output.log\n\nsleep 10 \necho \"Checking docker status...\" \u003e\u003e /var/log/cloud-init-output.log\n\necho \"Creating .env file...\" \u003e\u003e /var/log/cloud-init-output.log\n\ncat \u003c\u003cEOF \u003e /env.txt\nDATABASE_HOST=10.175.0.3\nDATABASE_USER=ft_iac_user\nDATABASE_PASSWORD=password42!\nDATABASE_NAME=ft_iac_db\nEOF\n\ndocker run -d -p 80:80 --name test-app nginxdemos/hello\necho \"Test application launched.\" \u003e\u003e /var/log/cloud-init-output.log\n\necho \"User-data script finished successfully.\" \u003e\u003e /var/log/cloud-init-output.log",
            "min_cpu_platform": "",
            "name": "ft-iac-template-20251203111602527000000001",
            "name_prefix": "ft-iac-template-",
            "network_interface": [
              {
                "access_config": [],
                "alias_ip_range": [],
                "internal_ipv6_prefix_length": 0,
                "ipv6_access_config": [],
                "ipv6_access_type": "",
                "ipv6_address": "",
                "name": "nic0",
                "network": "https://www.googleapis.com/compute/v1/projects/ft-iac-project-480013/global/networks/ft-iac-vpc",
                "network_ip": "",
                "nic_type": "",
                "queue_count": 0,
                "stack_type": "",
                "subnetwork": "https://www.googleapis.com/compute/v1/projects/ft-iac-project-480013/regions/us-central1/subnetworks/ft-iac-subnet",
                "subnetwork_project": "ft-iac-project-480013"
              }
            ],
            "network_performance_config": [],
            "numeric_id": "6045308120221984029",
            "project": "ft-iac-project-480013",
            "region": "us-central1",
            "reservation_affinity": [],
            "resource_manager_tags": null,
            "resource_policies": null,
            "scheduling": [
              {
                "automatic_restart": true,
                "availability_domain": 0,
                "instance_termination_action": "",
                "local_ssd_recovery_timeout": [],
                "max_run_duration": [],
                "min_node_cpus": 0,
                "node_affinities": [],
                "on_host_maintenance": "MIGRATE",
                "on_instance_stop_action": [],
                "preemptible": false,
                "provisioning_model": "STANDARD",
                "termination_time": ""
              }
            ],
            "self_link": "https://www.googleapis.com/compute/v1/projects/ft-iac-project-480013/global/instanceTemplates/ft-iac-template-20251203111602527000000001",
            "self_link_unique": "https://www.googleapis.com/compute/v1/projects/ft-iac-project-480013/global/instanceTemplates/ft-iac-template-20251203111602527000000001?uniqueId=6045308120221984029",
            "service_account": [],
            "shielded_instance_config": [],
            "tags": [
              "web-server"
            ],
            "tags_fingerprint": "",
            "terraform_labels": {
              "goog-terraform-provisioned": "true"
            },
            "timeouts": null
          },
          "sensitive_attributes": [
            [
              {
                "type": "get_attr",
                "value": "metadata_startup_script"
              }
            ]
          ],
          "identity_schema_version": 0,
          "private": "eyJlMmJmYjczMC1lY2FhLTExZTYtOGY4OC0zNDM2M2JjN2M0YzAiOnsiY3JlYXRlIjoyNDAwMDAwMDAwMDAsImRlbGV0ZSI6MjQwMDAwMDAwMDAwfSwic2NoZW1hX3ZlcnNpb24iOiIxIn0=",
          "dependencies": [
            "google_compute_global_address.private_ip_address",
            "google_compute_network.vpc",
            "google_compute_subnetwork.subnet",
            "google_service_networking_connection.private_vpc_connection",
            "google_sql_database.database",
            "google_sql_database_instance.instance",
            "google_sql_user.users",
            "random_id.db_name_suffix"
          ],
          "create_before_destroy": true
        }
      ]
    },
    {
      "mode": "managed",
      "type": "google_compute_network",
      "name": "vpc",
      "provider": "provider[\"registry.terraform.io/hashicorp/google\"]",
      "instances": [
        {
          "schema_version": 0,
          "attributes": {
            "auto_create_subnetworks": false,
            "bgp_always_compare_med": false,
            "bgp_best_path_selection_mode": "LEGACY",
            "bgp_inter_region_cost": "",
            "delete_default_routes_on_create": false,
            "description": "",
            "enable_ula_internal_ipv6": false,
            "gateway_ipv4": "",
            "id": "projects/ft-iac-project-480013/global/networks/ft-iac-vpc",
            "internal_ipv6_range": "",
            "mtu": 0,
            "name": "ft-iac-vpc",
            "network_firewall_policy_enforcement_order": "AFTER_CLASSIC_FIREWALL",
            "network_id": "7659206660822251866",
            "network_profile": "",
            "numeric_id": "7659206660822251866",
            "params": [],
            "project": "ft-iac-project-480013",
            "routing_mode": "REGIONAL",
            "self_link": "https://www.googleapis.com/compute/v1/projects/ft-iac-project-480013/global/networks/ft-iac-vpc",
            "timeouts": null
          },
          "sensitive_attributes": [],
          "identity_schema_version": 0,
          "private": "eyJlMmJmYjczMC1lY2FhLTExZTYtOGY4OC0zNDM2M2JjN2M0YzAiOnsiY3JlYXRlIjoxMjAwMDAwMDAwMDAwLCJkZWxldGUiOjEyMDAwMDAwMDAwMDAsInVwZGF0ZSI6MTIwMDAwMDAwMDAwMH19",
          "create_before_destroy": true
        }
      ]
    },
    {
      "mode": "managed",
      "type": "google_compute_region_autoscaler",
      "name": "app_autoscaler",
      "provider": "provider[\"registry.terraform.io/hashicorp/google\"]",
      "instances": [
        {
          "schema_version": 0,
          "attributes": {
            "autoscaling_policy": [
              {
                "cooldown_period": 60,
                "cpu_utilization": [
                  {
                    "predictive_method": "NONE",
                    "target": 0.6
                  }
                ],
                "load_balancing_utilization": [],
                "max_replicas": 4,
                "metric": [],
                "min_replicas": 2,
                "mode": "ON",
                "scale_in_control": [],
                "scaling_schedules": []
              }
            ],
            "creation_timestamp": "2025-12-03T02:27:53.184-08:00",
            "description": "",
            "id": "projects/ft-iac-project-480013/regions/us-central1/autoscalers/ft-iac-autoscaler",
            "name": "ft-iac-autoscaler",
            "project": "ft-iac-project-480013",
            "region": "us-central1",
            "self_link": "https://www.googleapis.com/compute/v1/projects/ft-iac-project-480013/regions/us-central1/autoscalers/ft-iac-autoscaler",
            "target": "https://www.googleapis.com/compute/v1/projects/ft-iac-project-480013/regions/us-central1/instanceGroupManagers/ft-iac-mig",
            "timeouts": null
          },
          "sensitive_attributes": [],
          "identity_schema_version": 0,
          "private": "eyJlMmJmYjczMC1lY2FhLTExZTYtOGY4OC0zNDM2M2JjN2M0YzAiOnsiY3JlYXRlIjoxMjAwMDAwMDAwMDAwLCJkZWxldGUiOjEyMDAwMDAwMDAwMDAsInVwZGF0ZSI6MTIwMDAwMDAwMDAwMH19",
          "dependencies": [
            "google_compute_global_address.private_ip_address",
            "google_compute_instance_template.app_template",
            "google_compute_network.vpc",
            "google_compute_region_instance_group_manager.app_mig",
            "google_compute_subnetwork.subnet",
            "google_service_networking_connection.private_vpc_connection",
            "google_sql_database.database",
            "google_sql_database_instance.instance",
            "google_sql_user.users",
            "random_id.db_name_suffix"
          ]
        }
      ]
    },
    {
      "mode": "managed",
      "type": "google_compute_region_instance_group_manager",
      "name": "app_mig",
      "provider": "provider[\"registry.terraform.io/hashicorp/google\"]",
      "instances": [
        {
          "schema_version": 0,
          "attributes": {
            "all_instances_config": [],
            "auto_healing_policies": [],
            "base_instance_name": "ft-iac-app",
            "creation_timestamp": "2025-12-03T01:50:17.787-08:00",
            "description": "",
            "distribution_policy_target_shape": "EVEN",
            "distribution_policy_zones": [
              "us-central1-b",
              "us-central1-c",
              "us-central1-f"
            ],
            "fingerprint": "fd5WvDsxcf4=",
            "id": "projects/ft-iac-project-480013/regions/us-central1/instanceGroupManagers/ft-iac-mig",
            "instance_flexibility_policy": [],
            "instance_group": "https://www.googleapis.com/compute/v1/projects/ft-iac-project-480013/regions/us-central1/instanceGroups/ft-iac-mig",
            "instance_group_manager_id": 5811052692568389942,
            "instance_lifecycle_policy": [
              {
                "default_action_on_failure": "REPAIR",
                "force_update_on_repair": "NO"
              }
            ],
            "list_managed_instances_results": "PAGELESS",
            "name": "ft-iac-mig",
            "named_port": [
              {
                "name": "http",
                "port": 80
              }
            ],
            "project": "ft-iac-project-480013",
            "region": "us-central1",
            "self_link": "https://www.googleapis.com/compute/v1/projects/ft-iac-project-480013/regions/us-central1/instanceGroupManagers/ft-iac-mig",
            "standby_policy": [
              {
                "initial_delay_sec": 0,
                "mode": "MANUAL"
              }
            ],
            "stateful_disk": [],
            "stateful_external_ip": [],
            "stateful_internal_ip": [],
            "status": [
              {
                "all_instances_config": [
                  {
                    "current_revision": "",
                    "effective": true
                  }
                ],
                "is_stable": true,
                "stateful": [
                  {
                    "has_stateful_config": false,
                    "per_instance_configs": [
                      {
                        "all_effective": true
                      }
                    ]
                  }
                ],
                "version_target": [
                  {
                    "is_reached": false
                  }
                ]
              }
            ],
            "target_pools": [],
            "target_size": 2,
            "target_stopped_size": 0,
            "target_suspended_size": 0,
            "timeouts": null,
            "update_policy": [
              {
                "instance_redistribution_type": "PROACTIVE",
                "max_surge_fixed": 3,
                "max_surge_percent": 0,
                "max_unavailable_fixed": 3,
                "max_unavailable_percent": 0,
                "minimal_action": "REPLACE",
                "most_disruptive_allowed_action": "",
                "replacement_method": "SUBSTITUTE",
                "type": "OPPORTUNISTIC"
              }
            ],
            "version": [
              {
                "instance_template": "https://www.googleapis.com/compute/v1/projects/ft-iac-project-480013/global/instanceTemplates/ft-iac-template-20251203111602527000000001",
                "name": "",
                "target_size": []
              }
            ],
            "wait_for_instances": false,
            "wait_for_instances_status": "STABLE"
          },
          "sensitive_attributes": [],
          "identity_schema_version": 0,
          "private": "eyJlMmJmYjczMC1lY2FhLTExZTYtOGY4OC0zNDM2M2JjN2M0YzAiOnsiY3JlYXRlIjo5MDAwMDAwMDAwMDAsImRlbGV0ZSI6OTAwMDAwMDAwMDAwLCJ1cGRhdGUiOjkwMDAwMDAwMDAwMH19",
          "dependencies": [
            "google_compute_global_address.private_ip_address",
            "google_compute_instance_template.app_template",
            "google_compute_network.vpc",
            "google_compute_subnetwork.subnet",
            "google_service_networking_connection.private_vpc_connection",
            "google_sql_database.database",
            "google_sql_database_instance.instance",
            "google_sql_user.users",
            "random_id.db_name_suffix"
          ]
        }
      ]
    },
    {
      "mode": "managed",
      "type": "google_compute_router",
      "name": "router",
      "provider": "provider[\"registry.terraform.io/hashicorp/google\"]",
      "instances": [
        {
          "schema_version": 0,
          "attributes": {
            "bgp": [],
            "creation_timestamp": "2025-12-03T01:50:05.212-08:00",
            "description": "",
            "encrypted_interconnect_router": false,
            "id": "projects/ft-iac-project-480013/regions/us-central1/routers/ft-iac-router",
            "md5_authentication_keys": [],
            "name": "ft-iac-router",
            "network": "https://www.googleapis.com/compute/v1/projects/ft-iac-project-480013/global/networks/ft-iac-vpc",
            "params": [],
            "project": "ft-iac-project-480013",
            "region": "us-central1",
            "self_link": "https://www.googleapis.com/compute/v1/projects/ft-iac-project-480013/regions/us-central1/routers/ft-iac-router",
            "timeouts": null
          },
          "sensitive_attributes": [],
          "identity_schema_version": 0,
          "private": "eyJlMmJmYjczMC1lY2FhLTExZTYtOGY4OC0zNDM2M2JjN2M0YzAiOnsiY3JlYXRlIjoxMjAwMDAwMDAwMDAwLCJkZWxldGUiOjEyMDAwMDAwMDAwMDAsInVwZGF0ZSI6MTIwMDAwMDAwMDAwMH19",
          "dependencies": [
            "google_compute_network.vpc",
            "google_compute_subnetwork.subnet"
          ]
        }
      ]
    },
    {
      "mode": "managed",
      "type": "google_compute_router_nat",
      "name": "nat",
      "provider": "provider[\"registry.terraform.io/hashicorp/google\"]",
      "instances": [
        {
          "schema_version": 0,
          "attributes": {
            "auto_network_tier": null,
            "drain_nat_ips": [],
            "enable_dynamic_port_allocation": false,
            "enable_endpoint_independent_mapping": false,
            "endpoint_types": [
              "ENDPOINT_TYPE_VM"
            ],
            "icmp_idle_timeout_sec": 30,
            "id": "ft-iac-project-480013/us-central1/ft-iac-router/ft-iac-nat",
            "initial_nat_ips": null,
            "log_config": [],
            "max_ports_per_vm": 0,
            "min_ports_per_vm": 0,
            "name": "ft-iac-nat",
            "nat64_subnetwork": [],
            "nat_ip_allocate_option": "AUTO_ONLY",
            "nat_ips": [],
            "project": "ft-iac-project-480013",
            "region": "us-central1",
            "router": "ft-iac-router",
            "rules": [],
            "source_subnetwork_ip_ranges_to_nat": "ALL_SUBNETWORKS_ALL_IP_RANGES",
            "source_subnetwork_ip_ranges_to_nat64": "",
            "subnetwork": [],
            "tcp_established_idle_timeout_sec": 1200,
            "tcp_time_wait_timeout_sec": 120,
            "tcp_transitory_idle_timeout_sec": 30,
            "timeouts": null,
            "type": "PUBLIC",
            "udp_idle_timeout_sec": 30
          },
          "sensitive_attributes": [],
          "identity_schema_version": 0,
          "private": "eyJlMmJmYjczMC1lY2FhLTExZTYtOGY4OC0zNDM2M2JjN2M0YzAiOnsiY3JlYXRlIjoxMjAwMDAwMDAwMDAwLCJkZWxldGUiOjEyMDAwMDAwMDAwMDAsInVwZGF0ZSI6MTIwMDAwMDAwMDAwMH19",
          "dependencies": [
            "google_compute_network.vpc",
            "google_compute_router.router",
            "google_compute_subnetwork.subnet"
          ]
        }
      ]
    },
    {
      "mode": "managed",
      "type": "google_compute_subnetwork",
      "name": "subnet",
      "provider": "provider[\"registry.terraform.io/hashicorp/google\"]",
      "instances": [
        {
          "schema_version": 0,
          "attributes": {
            "creation_timestamp": "2025-12-03T01:49:52.668-08:00",
            "description": "",
            "external_ipv6_prefix": "",
            "fingerprint": null,
            "gateway_address": "10.0.0.1",
            "id": "projects/ft-iac-project-480013/regions/us-central1/subnetworks/ft-iac-subnet",
            "internal_ipv6_prefix": "",
            "ip_cidr_range": "10.0.0.0/16",
            "ip_collection": null,
            "ipv6_access_type": "",
            "ipv6_cidr_range": "",
            "ipv6_gce_endpoint": "",
            "log_config": [],
            "name": "ft-iac-subnet",
            "network": "https://www.googleapis.com/compute/v1/projects/ft-iac-project-480013/global/networks/ft-iac-vpc",
            "params": [],
            "private_ip_google_access": false,
            "private_ipv6_google_access": "DISABLE_GOOGLE_ACCESS",
            "project": "ft-iac-project-480013",
            "purpose": "PRIVATE",
            "region": "us-central1",
            "reserved_internal_range": "",
            "role": "",
            "secondary_ip_range": [],
            "self_link": "https://www.googleapis.com/compute/v1/projects/ft-iac-project-480013/regions/us-central1/subnetworks/ft-iac-subnet",
            "send_secondary_ip_range_if_empty": null,
            "stack_type": "IPV4_ONLY",
            "state": "",
            "subnetwork_id": 4274660775309457711,
            "timeouts": null
          },
          "sensitive_attributes": [],
          "identity_schema_version": 0,
          "private": "eyJlMmJmYjczMC1lY2FhLTExZTYtOGY4OC0zNDM2M2JjN2M0YzAiOnsiY3JlYXRlIjoxMjAwMDAwMDAwMDAwLCJkZWxldGUiOjEyMDAwMDAwMDAwMDAsInVwZGF0ZSI6MTIwMDAwMDAwMDAwMH19",
          "dependencies": [
            "google_compute_network.vpc"
          ],
          "create_before_destroy": true
        }
      ]
    },
    {
      "mode": "managed",
      "type": "google_compute_target_http_proxy",
      "name": "proxy",
      "provider": "provider[\"registry.terraform.io/hashicorp/google\"]",
      "instances": [
        {
          "schema_version": 0,
          "attributes": {
            "creation_timestamp": "2025-12-03T01:52:04.500-08:00",
            "description": "",
            "fingerprint": "IxYD76_lQX8=",
            "http_keep_alive_timeout_sec": 0,
            "id": "projects/ft-iac-project-480013/global/targetHttpProxies/ft-iac-proxy-global",
            "name": "ft-iac-proxy-global",
            "project": "ft-iac-project-480013",
            "proxy_bind": false,
            "proxy_id": 5786645973973186219,
            "self_link": "https://www.googleapis.com/compute/v1/projects/ft-iac-project-480013/global/targetHttpProxies/ft-iac-proxy-global",
            "timeouts": null,
            "url_map": "https://www.googleapis.com/compute/v1/projects/ft-iac-project-480013/global/urlMaps/ft-iac-lb-global"
          },
          "sensitive_attributes": [],
          "identity_schema_version": 0,
          "private": "eyJlMmJmYjczMC1lY2FhLTExZTYtOGY4OC0zNDM2M2JjN2M0YzAiOnsiY3JlYXRlIjoxMjAwMDAwMDAwMDAwLCJkZWxldGUiOjEyMDAwMDAwMDAwMDAsInVwZGF0ZSI6MTIwMDAwMDAwMDAwMH19",
          "dependencies": [
            "google_compute_backend_service.backend",
            "google_compute_global_address.private_ip_address",
            "google_compute_health_check.hc",
            "google_compute_instance_template.app_template",
            "google_compute_network.vpc",
            "google_compute_region_instance_group_manager.app_mig",
            "google_compute_subnetwork.subnet",
            "google_compute_url_map.lb",
            "google_service_networking_connection.private_vpc_connection",
            "google_sql_database.database",
            "google_sql_database_instance.instance",
            "google_sql_user.users",
            "random_id.db_name_suffix"
          ]
        }
      ]
    },
    {
      "mode": "managed",
      "type": "google_compute_url_map",
      "name": "lb",
      "provider": "provider[\"registry.terraform.io/hashicorp/google\"]",
      "instances": [
        {
          "schema_version": 0,
          "attributes": {
            "creation_timestamp": "2025-12-03T01:51:52.918-08:00",
            "default_custom_error_response_policy": [],
            "default_route_action": [],
            "default_service": "https://www.googleapis.com/compute/v1/projects/ft-iac-project-480013/global/backendServices/ft-iac-backend-global",
            "default_url_redirect": [],
            "description": "",
            "fingerprint": "i-mbds4a6NU=",
            "header_action": [],
            "host_rule": [],
            "id": "projects/ft-iac-project-480013/global/urlMaps/ft-iac-lb-global",
            "map_id": 3739746122128537303,
            "name": "ft-iac-lb-global",
            "path_matcher": [],
            "project": "ft-iac-project-480013",
            "self_link": "https://www.googleapis.com/compute/v1/projects/ft-iac-project-480013/global/urlMaps/ft-iac-lb-global",
            "test": [],
            "timeouts": null
          },
          "sensitive_attributes": [],
          "identity_schema_version": 0,
          "private": "eyJlMmJmYjczMC1lY2FhLTExZTYtOGY4OC0zNDM2M2JjN2M0YzAiOnsiY3JlYXRlIjoxMjAwMDAwMDAwMDAwLCJkZWxldGUiOjEyMDAwMDAwMDAwMDAsInVwZGF0ZSI6MTIwMDAwMDAwMDAwMH19",
          "dependencies": [
            "google_compute_backend_service.backend",
            "google_compute_global_address.private_ip_address",
            "google_compute_health_check.hc",
            "google_compute_instance_template.app_template",
            "google_compute_network.vpc",
            "google_compute_region_instance_group_manager.app_mig",
            "google_compute_subnetwork.subnet",
            "google_service_networking_connection.private_vpc_connection",
            "google_sql_database.database",
            "google_sql_database_instance.instance",
            "google_sql_user.users",
            "random_id.db_name_suffix"
          ]
        }
      ]
    },
    {
      "mode": "managed",
      "type": "google_service_networking_connection",
      "name": "private_vpc_connection",
      "provider": "provider[\"registry.terraform.io/hashicorp/google\"]",
      "instances": [
        {
          "schema_version": 0,
          "attributes": {
            "deletion_policy": null,
            "id": "projects%2Fft-iac-project-480013%2Fglobal%2Fnetworks%2Fft-iac-vpc:servicenetworking.googleapis.com",
            "network": "projects/ft-iac-project-480013/global/networks/ft-iac-vpc",
            "peering": "servicenetworking-googleapis-com",
            "reserved_peering_ranges": [
              "ft-iac-private-ip"
            ],
            "service": "servicenetworking.googleapis.com",
            "timeouts": null,
            "update_on_creation_fail": null
          },
          "sensitive_attributes": [],
          "identity_schema_version": 0,
          "private": "eyJlMmJmYjczMC1lY2FhLTExZTYtOGY4OC0zNDM2M2JjN2M0YzAiOnsiY3JlYXRlIjo2MDAwMDAwMDAwMDAsImRlbGV0ZSI6NjAwMDAwMDAwMDAwLCJ1cGRhdGUiOjYwMDAwMDAwMDAwMH19",
          "dependencies": [
            "google_compute_global_address.private_ip_address",
            "google_compute_network.vpc"
          ],
          "create_before_destroy": true
        }
      ]
    },
    {
      "mode": "managed",
      "type": "google_sql_database",
      "name": "database",
      "provider": "provider[\"registry.terraform.io/hashicorp/google\"]",
      "instances": [
        {
          "schema_version": 0,
          "attributes": {
            "charset": "utf8mb4",
            "collation": "utf8mb4_0900_ai_ci",
            "deletion_policy": "DELETE",
            "id": "projects/ft-iac-project-480013/instances/ft-iac-db-625be2e2/databases/ft_iac_db",
            "instance": "ft-iac-db-625be2e2",
            "name": "ft_iac_db",
            "project": "ft-iac-project-480013",
            "self_link": "https://sqladmin.googleapis.com/sql/v1beta4/projects/ft-iac-project-480013/instances/ft-iac-db-625be2e2/databases/ft_iac_db",
            "timeouts": null
          },
          "sensitive_attributes": [],
          "identity_schema_version": 0,
          "private": "eyJlMmJmYjczMC1lY2FhLTExZTYtOGY4OC0zNDM2M2JjN2M0YzAiOnsiY3JlYXRlIjoxMjAwMDAwMDAwMDAwLCJkZWxldGUiOjEyMDAwMDAwMDAwMDAsInVwZGF0ZSI6MTIwMDAwMDAwMDAwMH19",
          "dependencies": [
            "google_compute_global_address.private_ip_address",
            "google_compute_network.vpc",
            "google_service_networking_connection.private_vpc_connection",
            "google_sql_database_instance.instance",
            "random_id.db_name_suffix"
          ],
          "create_before_destroy": true
        }
      ]
    },
    {
      "mode": "managed",
      "type": "google_sql_database_instance",
      "name": "instance",
      "provider": "provider[\"registry.terraform.io/hashicorp/google\"]",
      "instances": [
        {
          "schema_version": 0,
          "attributes": {
            "available_maintenance_versions": [],
            "backupdr_backup": null,
            "clone": [],
            "connection_name": "ft-iac-project-480013:us-central1:ft-iac-db-625be2e2",
            "database_version": "MYSQL_8_0",
            "deletion_protection": false,
            "dns_name": "",
            "dns_names": [],
            "encryption_key_name": null,
            "final_backup_description": null,
            "first_ip_address": "10.175.0.3",
            "id": "ft-iac-db-625be2e2",
            "instance_type": "CLOUD_SQL_INSTANCE",
            "ip_address": [
              {
                "ip_address": "10.175.0.3",
                "time_to_retire": "",
                "type": "PRIVATE"
              }
            ],
            "maintenance_version": "MYSQL_8_0_41.R20251004.01_14",
            "master_instance_name": "",
            "name": "ft-iac-db-625be2e2",
            "node_count": 0,
            "point_in_time_restore_context": [],
            "private_ip_address": "10.175.0.3",
            "project": "ft-iac-project-480013",
            "psc_service_attachment_link": "",
            "public_ip_address": "",
            "region": "us-central1",
            "replica_configuration": [],
            "replica_names": [],
            "replication_cluster": [
              {
                "dr_replica": false,
                "failover_dr_replica_name": "",
                "psa_write_endpoint": ""
              }
            ],
            "restore_backup_context": [],
            "root_password": null,
            "self_link": "https://sqladmin.googleapis.com/sql/v1beta4/projects/ft-iac-project-480013/instances/ft-iac-db-625be2e2",
            "server_ca_cert": [
              {
                "cert": "-----BEGIN CERTIFICATE-----\nMIIDfzCCAmegAwIBAgIBADANBgkqhkiG9w0BAQsFADB3MS0wKwYDVQQuEyQyYmFh\nNDdkYy03NjUxLTQyN2UtYWIzMC1jMzAxODhhMDRmNDkxIzAhBgNVBAMTGkdvb2ds\nZSBDbG91ZCBTUUwgU2VydmVyIENBMRQwEgYDVQQKEwtHb29nbGUsIEluYzELMAkG\nA1UEBhMCVVMwHhcNMjUxMjAzMTEwMjA0WhcNMzUxMjAxMTEwMzA0WjB3MS0wKwYD\nVQQuEyQyYmFhNDdkYy03NjUxLTQyN2UtYWIzMC1jMzAxODhhMDRmNDkxIzAhBgNV\nBAMTGkdvb2dsZSBDbG91ZCBTUUwgU2VydmVyIENBMRQwEgYDVQQKEwtHb29nbGUs\nIEluYzELMAkGA1UEBhMCVVMwggEiMA0GCSqGSIb3DQEBAQUAA4IBDwAwggEKAoIB\nAQCgO6P+Bb7AbDx/m6G22XbCKAG5ULDYBR9r3AidOaFRKCKYDG+tXc3WxnKpkggO\nh4OWyH8pogj83QEM+YHF6MzrpRWgpAqm024c2B3OzXAC13QM7uWFMcriFaHsUdLh\ny4KUvCju+roRb/OggRYhx2C7BE472cBkwN7qDC3bhl6RK/fnyTfI5yujRSkA5qBV\nyx1P5FyCPkCkXKlPaDULabBNkn4JMgB1zeGD8AiI0JthUyLXs8O3cM0KNVyYQ/t1\ne/rvKqts1MvajbUz6OivYoAJx6i7Vk6hO3SwXm27rgH5Qi81LBH+MQZa8QZSJsjG\nawPF0ZkTSLjFXBb3MQJY+LUvAgMBAAGjFjAUMBIGA1UdEwEB/wQIMAYBAf8CAQAw\nDQYJKoZIhvcNAQELBQADggEBAGjMtanxgzVOcHlBl/rstoKBHOnfOJYr9ChWk7wQ\nvPAvRuuvq0vusq9QKgh+5gj1cmOs7REWQmt/u9HvdwZue56Cj/KkFaCmAANVLS9W\n75nwWlYulEuJHA3+LD9w0lypiNLRG2xsM8Y9g/4LIGSgnzQbvZ2dU6zonNDtagAt\nOj+z6B/lMnZ6/XZ4c9+1wEOCqMRWTRJI1hNFmGnwTPCuSqLjaWwYtwt7HXBhvWMG\nZYVU0fX0Q59Rud51GUX0X2sjyAXlg0Daqg4bpcWAb2t4VoYfTo5PlA1dsWrH9fNf\nTn+gKa0soUgKCehfZF59DBPJ2p5X82icZnrfvUkZtdRUkLM=\n-----END CERTIFICATE-----",
                "common_name": "C=US,O=Google\\, Inc,CN=Google Cloud SQL Server CA,dnQualifier=2baa47dc-7651-427e-ab30-c30188a04f49",
                "create_time": "2025-12-03T11:02:04.933Z",
                "expiration_time": "2035-12-01T11:03:04.933Z",
                "sha1_fingerprint": "910c515a626f798b3e1b562eecd8fb6ef7a9a998"
              }
            ],
            "service_account_email_address": "p1018305992614-e15bdh@gcp-sa-cloud-sql.iam.gserviceaccount.com",
            "settings": [
              {
                "activation_policy": "ALWAYS",
                "active_directory_config": [],
                "advanced_machine_features": [],
                "availability_type": "ZONAL",
                "backup_configuration": [
                  {
                    "backup_retention_settings": [
                      {
                        "retained_backups": 7,
                        "retention_unit": "COUNT"
                      }
                    ],
                    "binary_log_enabled": false,
                    "enabled": false,
                    "location": "",
                    "point_in_time_recovery_enabled": false,
                    "start_time": "18:00",
                    "transaction_log_retention_days": 7
                  }
                ],
                "collation": "",
                "connection_pool_config": [],
                "connector_enforcement": "NOT_REQUIRED",
                "data_cache_config": [
                  {
                    "data_cache_enabled": false
                  }
                ],
                "database_flags": [],
                "deletion_protection_enabled": false,
                "deny_maintenance_period": [],
                "disk_autoresize": true,
                "disk_autoresize_limit": 0,
                "disk_size": 10,
                "disk_type": "PD_SSD",
                "edition": "ENTERPRISE",
                "effective_availability_type": "ZONAL",
                "enable_dataplex_integration": false,
                "enable_google_ml_integration": false,
                "final_backup_config": [],
                "insights_config": [],
                "ip_configuration": [
                  {
                    "allocated_ip_range": "",
                    "authorized_networks": [],
                    "custom_subject_alternative_names": null,
                    "enable_private_path_for_google_cloud_services": false,
                    "ipv4_enabled": false,
                    "private_network": "projects/ft-iac-project-480013/global/networks/ft-iac-vpc",
                    "psc_config": [],
                    "server_ca_mode": "GOOGLE_MANAGED_INTERNAL_CA",
                    "server_ca_pool": "",
                    "ssl_mode": "ALLOW_UNENCRYPTED_AND_ENCRYPTED"
                  }
                ],
                "location_preference": [
                  {
                    "follow_gae_application": "",
                    "secondary_zone": "",
                    "zone": "us-central1-c"
                  }
                ],
                "maintenance_window": [],
                "password_validation_policy": [],
                "pricing_plan": "PER_USE",
                "read_pool_auto_scale_config": [
                  {
                    "disable_scale_in": false,
                    "enabled": false,
                    "max_node_count": 0,
                    "min_node_count": 0,
                    "scale_in_cooldown_seconds": 0,
                    "scale_out_cooldown_seconds": 0,
                    "target_metrics": []
                  }
                ],
                "retain_backups_on_delete": false,
                "sql_server_audit_config": [],
                "tier": "db-f1-micro",
                "time_zone": "",
                "user_labels": {},
                "version": 1
              }
            ],
            "timeouts": null
          },
          "sensitive_attributes": [
            [
              {
                "type": "get_attr",
                "value": "root_password"
              }
            ],
            [
              {
                "type": "get_attr",
                "value": "server_ca_cert"
              }
            ]
          ],
          "identity_schema_version": 0,
          "private": "eyJlMmJmYjczMC1lY2FhLTExZTYtOGY4OC0zNDM2M2JjN2M0YzAiOnsiY3JlYXRlIjo1NDAwMDAwMDAwMDAwLCJkZWxldGUiOjU0MDAwMDAwMDAwMDAsInVwZGF0ZSI6NTQwMDAwMDAwMDAwMH19",
          "dependencies": [
            "google_compute_global_address.private_ip_address",
            "google_compute_network.vpc",
            "google_service_networking_connection.private_vpc_connection",
            "random_id.db_name_suffix"
          ],
          "create_before_destroy": true
        }
      ]
    },
    {
      "mode": "managed",
      "type": "google_sql_user",
      "name": "users",
      "provider": "provider[\"registry.terraform.io/hashicorp/google\"]",
      "instances": [
        {
          "schema_version": 1,
          "attributes": {
            "deletion_policy": null,
            "host": "",
            "id": "ft_iac_user//ft-iac-db-625be2e2",
            "instance": "ft-iac-db-625be2e2",
            "name": "ft_iac_user",
            "password": "password42!",
            "password_policy": [],
            "password_wo": null,
            "password_wo_version": null,
            "project": "ft-iac-project-480013",
            "sql_server_user_details": [],
            "timeouts": null,
            "type": ""
          },
          "sensitive_attributes": [
            [
              {
                "type": "get_attr",
                "value": "password"
              }
            ]
          ],
          "identity_schema_version": 0,
          "private": "eyJlMmJmYjczMC1lY2FhLTExZTYtOGY4OC0zNDM2M2JjN2M0YzAiOnsiY3JlYXRlIjo2MDAwMDAwMDAwMDAsImRlbGV0ZSI6NjAwMDAwMDAwMDAwLCJ1cGRhdGUiOjYwMDAwMDAwMDAwMH0sInNjaGVtYV92ZXJzaW9uIjoiMSJ9",
          "dependencies": [
            "google_compute_global_address.private_ip_address",
            "google_compute_network.vpc",
            "google_service_networking_connection.private_vpc_connection",
            "google_sql_database_instance.instance",
            "random_id.db_name_suffix"
          ],
          "create_before_destroy": true
        }
      ]
    },
    {
      "mode": "managed",
      "type": "random_id",
      "name": "db_name_suffix",
      "provider": "provider[\"registry.terraform.io/hashicorp/random\"]",
      "instances": [
        {
          "schema_version": 0,
          "attributes": {
            "b64_std": "Ylvi4g==",
            "b64_url": "Ylvi4g",
            "byte_length": 4,
            "dec": "1650189026",
            "hex": "625be2e2",
            "id": "Ylvi4g",
            "keepers": null,
            "prefix": null
          },
          "sensitive_attributes": [],
          "identity_schema_version": 0,
          "create_before_destroy": true
        }
      ]
    }
  ],
  "check_results": null
}
